// !$*UTF8*$!
{
	archiveVersion = 1;
	classes = {
	};
	objectVersion = 50;
	objects = {

/* Begin PBXBuildFile section */
		13A82FEA24513DECC775579E /* ContentView.swift in Sources */ = {isa = PBXBuildFile; fileRef = 86C4BE92E7AFDF440A1A1FE9 /* ContentView.swift */; };
		A7533AD94EC8236F924AEC88 /* LaunchScreen.storyboard in Resources */ = {isa = PBXBuildFile; fileRef = 52EA7657579C8A80EE3D9D89 /* LaunchScreen.storyboard */; };
		D372ADD7BD81A64D5861BC8E /* HeardItBeforeApp.swift in Sources */ = {isa = PBXBuildFile; fileRef = 9056A95D7C1B7CCA74BBBD4F /* HeardItBeforeApp.swift */; };
		F15B1A59B87146D1B97CCF0E /* HelloFeature.framework in Frameworks */ = {isa = PBXBuildFile; fileRef = FE9C5AEC9D39706C576D2B5F /* HelloFeature.framework */; platformFilter = ios; };
		F5178F5DC9815429D0EC46AB /* TuistBundle+HeardItBefore.swift in Sources */ = {isa = PBXBuildFile; fileRef = 1EA74A74B9389E3657487175 /* TuistBundle+HeardItBefore.swift */; };
/* End PBXBuildFile section */

/* Begin PBXCopyFilesBuildPhase section */
		BEB057E50F512957D048B12A /* Embed Frameworks */ = {
			isa = PBXCopyFilesBuildPhase;
			buildActionMask = 2147483647;
			dstPath = "";
			dstSubfolderSpec = 10;
			files = (
			);
			name = "Embed Frameworks";
			runOnlyForDeploymentPostprocessing = 0;
		};
/* End PBXCopyFilesBuildPhase section */

/* Begin PBXFileReference section */
		1EA74A74B9389E3657487175 /* TuistBundle+HeardItBefore.swift */ = {isa = PBXFileReference; lastKnownFileType = sourcecode.swift; path = "TuistBundle+HeardItBefore.swift"; sourceTree = "<group>"; };
		52EA7657579C8A80EE3D9D89 /* LaunchScreen.storyboard */ = {isa = PBXFileReference; lastKnownFileType = file.storyboard; path = LaunchScreen.storyboard; sourceTree = "<group>"; };
		62E3FFCB9E3DB1F32F3DEDC9 /* HeardItBefore.app */ = {isa = PBXFileReference; explicitFileType = wrapper.application; includeInIndex = 0; path = HeardItBefore.app; sourceTree = BUILT_PRODUCTS_DIR; };
		86C4BE92E7AFDF440A1A1FE9 /* ContentView.swift */ = {isa = PBXFileReference; lastKnownFileType = sourcecode.swift; path = ContentView.swift; sourceTree = "<group>"; };
		9056A95D7C1B7CCA74BBBD4F /* HeardItBeforeApp.swift */ = {isa = PBXFileReference; lastKnownFileType = sourcecode.swift; path = HeardItBeforeApp.swift; sourceTree = "<group>"; };
		E875D1AED93C0810807BBB3D /* Info.plist */ = {isa = PBXFileReference; lastKnownFileType = text.plist; path = Info.plist; sourceTree = "<group>"; };
		FE9C5AEC9D39706C576D2B5F /* HelloFeature.framework */ = {isa = PBXFileReference; explicitFileType = wrapper.framework; includeInIndex = 0; path = HelloFeature.framework; sourceTree = BUILT_PRODUCTS_DIR; };
/* End PBXFileReference section */

/* Begin PBXFrameworksBuildPhase section */
		1BBB0D2278831BF266879572 /* Frameworks */ = {
			isa = PBXFrameworksBuildPhase;
			buildActionMask = 2147483647;
			files = (
				F15B1A59B87146D1B97CCF0E /* HelloFeature.framework in Frameworks */,
			);
			runOnlyForDeploymentPostprocessing = 0;
		};
/* End PBXFrameworksBuildPhase section */

/* Begin PBXGroup section */
		03184E7E1FDA8B781FCDF557 /* Derived */ = {
			isa = PBXGroup;
			children = (
				1256084B9DD5C37492A691B9 /* Sources */,
			);
			path = Derived;
			sourceTree = "<group>";
		};
		1256084B9DD5C37492A691B9 /* Sources */ = {
			isa = PBXGroup;
			children = (
				1EA74A74B9389E3657487175 /* TuistBundle+HeardItBefore.swift */,
			);
			path = Sources;
			sourceTree = "<group>";
		};
		31781B4FFB7DFABFA849D0D1 /* Frameworks */ = {
			isa = PBXGroup;
			children = (
			);
			name = Frameworks;
			sourceTree = "<group>";
		};
		379A896903AA39450EAA7EA3 /* Support */ = {
			isa = PBXGroup;
			children = (
				E875D1AED93C0810807BBB3D /* Info.plist */,
			);
			name = Support;
			path = ../../Support;
			sourceTree = "<group>";
		};
		57DC6F4AA9327A4A321D57F2 /* Resources */ = {
			isa = PBXGroup;
			children = (
				52EA7657579C8A80EE3D9D89 /* LaunchScreen.storyboard */,
			);
			path = Resources;
			sourceTree = "<group>";
		};
		74E0A09E405B45582BBAAFD4 /* Project */ = {
			isa = PBXGroup;
			children = (
				03184E7E1FDA8B781FCDF557 /* Derived */,
				57DC6F4AA9327A4A321D57F2 /* Resources */,
				D130302174D07FC0604F24E0 /* Sources */,
				379A896903AA39450EAA7EA3 /* Support */,
			);
			name = Project;
			sourceTree = "<group>";
		};
		A0B51638254B09820A58AD6C /* Products */ = {
			isa = PBXGroup;
			children = (
				62E3FFCB9E3DB1F32F3DEDC9 /* HeardItBefore.app */,
				FE9C5AEC9D39706C576D2B5F /* HelloFeature.framework */,
			);
			name = Products;
			sourceTree = "<group>";
		};
		BCB5AD527A61F369DCF7BE29 = {
			isa = PBXGroup;
			children = (
				74E0A09E405B45582BBAAFD4 /* Project */,
				31781B4FFB7DFABFA849D0D1 /* Frameworks */,
				A0B51638254B09820A58AD6C /* Products */,
			);
			sourceTree = "<group>";
		};
		D130302174D07FC0604F24E0 /* Sources */ = {
			isa = PBXGroup;
			children = (
				86C4BE92E7AFDF440A1A1FE9 /* ContentView.swift */,
				9056A95D7C1B7CCA74BBBD4F /* HeardItBeforeApp.swift */,
			);
			path = Sources;
			sourceTree = "<group>";
		};
/* End PBXGroup section */

/* Begin PBXNativeTarget section */
		518FED96A4D6911CC8B670B0 /* HeardItBefore */ = {
			isa = PBXNativeTarget;
			buildConfigurationList = F78A722EAB51B661D21EE8A1 /* Build configuration list for PBXNativeTarget "HeardItBefore" */;
			buildPhases = (
				AD98A7DE6494D9007AAB7B09 /* Sources */,
				6DF28BF7282F3E40D2A0D363 /* Resources */,
				BEB057E50F512957D048B12A /* Embed Frameworks */,
				1BBB0D2278831BF266879572 /* Frameworks */,
			);
			buildRules = (
			);
			dependencies = (
			);
			name = HeardItBefore;
			productName = HeardItBefore;
			productReference = 62E3FFCB9E3DB1F32F3DEDC9 /* HeardItBefore.app */;
			productType = "com.apple.product-type.application";
		};
/* End PBXNativeTarget section */

/* Begin PBXProject section */
		7C238ED0D537E3D2F32643F6 /* Project object */ = {
			isa = PBXProject;
			attributes = {
				ORGANIZATIONNAME = "Gordon Choi";
				TargetAttributes = {
				};
			};
			buildConfigurationList = 01C937F7DDBB4F21818DDC28 /* Build configuration list for PBXProject "HeardItBefore" */;
			compatibilityVersion = "Xcode 13.0";
			developmentRegion = en;
			hasScannedForEncodings = 0;
			knownRegions = (
				Base,
				en,
			);
			mainGroup = BCB5AD527A61F369DCF7BE29;
			productRefGroup = A0B51638254B09820A58AD6C /* Products */;
			projectDirPath = "";
			projectRoot = "";
			targets = (
				518FED96A4D6911CC8B670B0 /* HeardItBefore */,
			);
		};
/* End PBXProject section */

/* Begin PBXResourcesBuildPhase section */
		6DF28BF7282F3E40D2A0D363 /* Resources */ = {
			isa = PBXResourcesBuildPhase;
			buildActionMask = 2147483647;
			files = (
				A7533AD94EC8236F924AEC88 /* LaunchScreen.storyboard in Resources */,
			);
			runOnlyForDeploymentPostprocessing = 0;
		};
/* End PBXResourcesBuildPhase section */

/* Begin PBXSourcesBuildPhase section */
		AD98A7DE6494D9007AAB7B09 /* Sources */ = {
			isa = PBXSourcesBuildPhase;
			buildActionMask = 2147483647;
			files = (
				F5178F5DC9815429D0EC46AB /* TuistBundle+HeardItBefore.swift in Sources */,
				13A82FEA24513DECC775579E /* ContentView.swift in Sources */,
				D372ADD7BD81A64D5861BC8E /* HeardItBeforeApp.swift in Sources */,
			);
			runOnlyForDeploymentPostprocessing = 0;
		};
/* End PBXSourcesBuildPhase section */

/* Begin XCBuildConfiguration section */
		17549B7D3B7CDF53B45F32D3 /* Debug */ = {
			isa = XCBuildConfiguration;
			buildSettings = {
				ALWAYS_SEARCH_USER_PATHS = NO;
				CLANG_ANALYZER_LOCALIZABILITY_NONLOCALIZED = YES;
				CLANG_ANALYZER_NONNULL = YES;
				CLANG_ANALYZER_NUMBER_OBJECT_CONVERSION = YES_AGGRESSIVE;
				CLANG_CXX_LANGUAGE_STANDARD = "gnu++14";
				CLANG_CXX_LIBRARY = "libc++";
				CLANG_ENABLE_MODULES = YES;
				CLANG_ENABLE_OBJC_ARC = YES;
				CLANG_ENABLE_OBJC_WEAK = YES;
				CLANG_WARN_BLOCK_CAPTURE_AUTORELEASING = YES;
				CLANG_WARN_BOOL_CONVERSION = YES;
				CLANG_WARN_COMMA = YES;
				CLANG_WARN_CONSTANT_CONVERSION = YES;
				CLANG_WARN_DEPRECATED_OBJC_IMPLEMENTATIONS = YES;
				CLANG_WARN_DIRECT_OBJC_ISA_USAGE = YES_ERROR;
				CLANG_WARN_DOCUMENTATION_COMMENTS = YES;
				CLANG_WARN_EMPTY_BODY = YES;
				CLANG_WARN_ENUM_CONVERSION = YES;
				CLANG_WARN_INFINITE_RECURSION = YES;
				CLANG_WARN_INT_CONVERSION = YES;
				CLANG_WARN_NON_LITERAL_NULL_CONVERSION = YES;
				CLANG_WARN_OBJC_IMPLICIT_RETAIN_SELF = YES;
				CLANG_WARN_OBJC_LITERAL_CONVERSION = YES;
				CLANG_WARN_OBJC_ROOT_CLASS = YES_ERROR;
				CLANG_WARN_QUOTED_INCLUDE_IN_FRAMEWORK_HEADER = YES;
				CLANG_WARN_RANGE_LOOP_ANALYSIS = YES;
				CLANG_WARN_STRICT_PROTOTYPES = YES;
				CLANG_WARN_SUSPICIOUS_MOVE = YES;
				CLANG_WARN_UNGUARDED_AVAILABILITY = YES_AGGRESSIVE;
				CLANG_WARN_UNREACHABLE_CODE = YES;
				CLANG_WARN__DUPLICATE_METHOD_MATCH = YES;
				COPY_PHASE_STRIP = NO;
				DEAD_CODE_STRIPPING = YES;
				DEBUG_INFORMATION_FORMAT = dwarf;
				ENABLE_STRICT_OBJC_MSGSEND = YES;
				ENABLE_TESTABILITY = YES;
				GCC_C_LANGUAGE_STANDARD = gnu11;
				GCC_DYNAMIC_NO_PIC = NO;
				GCC_NO_COMMON_BLOCKS = YES;
				GCC_OPTIMIZATION_LEVEL = 0;
				GCC_PREPROCESSOR_DEFINITIONS = (
					"DEBUG=1",
					"$(inherited)",
				);
				GCC_WARN_64_TO_32_BIT_CONVERSION = YES;
				GCC_WARN_ABOUT_RETURN_TYPE = YES_ERROR;
				GCC_WARN_UNDECLARED_SELECTOR = YES;
				GCC_WARN_UNINITIALIZED_AUTOS = YES_AGGRESSIVE;
				GCC_WARN_UNUSED_FUNCTION = YES;
				GCC_WARN_UNUSED_VARIABLE = YES;
				MTL_ENABLE_DEBUG_INFO = YES;
				ONLY_ACTIVE_ARCH = YES;
				PRODUCT_NAME = "$(TARGET_NAME)";
			};
			name = Debug;
		};
		1F96A2764457821038D037F0 /* Debug */ = {
			isa = XCBuildConfiguration;
			buildSettings = {
				ASSETCATALOG_COMPILER_APPICON_NAME = AppIcon;
				CODE_SIGN_IDENTITY = "iPhone Developer";
				ENABLE_PREVIEWS = YES;
				INFOPLIST_FILE = ../../Support/Info.plist;
				IPHONEOS_DEPLOYMENT_TARGET = 16.0;
				LD_RUNPATH_SEARCH_PATHS = (
					"$(inherited)",
					"@executable_path/Frameworks",
				);
				PRODUCT_BUNDLE_IDENTIFIER = com.gordonchoi.WhereIsMyMusic..HeardItBefore;
				PRODUCT_NAME = HeardItBefore;
				SDKROOT = iphoneos;
				SUPPORTS_MACCATALYST = NO;
				SWIFT_ACTIVE_COMPILATION_CONDITIONS = DEBUG;
				SWIFT_COMPILATION_MODE = singlefile;
				SWIFT_OPTIMIZATION_LEVEL = "-Onone";
				SWIFT_VERSION = 5.0;
				TARGETED_DEVICE_FAMILY = 1;
			};
			name = Debug;
		};
		BAE35D8A6CD6FCEAE3F6347F /* Release */ = {
			isa = XCBuildConfiguration;
			buildSettings = {
				ALWAYS_SEARCH_USER_PATHS = NO;
				CLANG_ANALYZER_LOCALIZABILITY_NONLOCALIZED = YES;
				CLANG_ANALYZER_NONNULL = YES;
				CLANG_ANALYZER_NUMBER_OBJECT_CONVERSION = YES_AGGRESSIVE;
				CLANG_CXX_LANGUAGE_STANDARD = "gnu++14";
				CLANG_CXX_LIBRARY = "libc++";
				CLANG_ENABLE_MODULES = YES;
				CLANG_ENABLE_OBJC_ARC = YES;
				CLANG_ENABLE_OBJC_WEAK = YES;
				CLANG_WARN_BLOCK_CAPTURE_AUTORELEASING = YES;
				CLANG_WARN_BOOL_CONVERSION = YES;
				CLANG_WARN_COMMA = YES;
				CLANG_WARN_CONSTANT_CONVERSION = YES;
				CLANG_WARN_DEPRECATED_OBJC_IMPLEMENTATIONS = YES;
				CLANG_WARN_DIRECT_OBJC_ISA_USAGE = YES_ERROR;
				CLANG_WARN_DOCUMENTATION_COMMENTS = YES;
				CLANG_WARN_EMPTY_BODY = YES;
				CLANG_WARN_ENUM_CONVERSION = YES;
				CLANG_WARN_INFINITE_RECURSION = YES;
				CLANG_WARN_INT_CONVERSION = YES;
				CLANG_WARN_NON_LITERAL_NULL_CONVERSION = YES;
				CLANG_WARN_OBJC_IMPLICIT_RETAIN_SELF = YES;
				CLANG_WARN_OBJC_LITERAL_CONVERSION = YES;
				CLANG_WARN_OBJC_ROOT_CLASS = YES_ERROR;
				CLANG_WARN_QUOTED_INCLUDE_IN_FRAMEWORK_HEADER = YES;
				CLANG_WARN_RANGE_LOOP_ANALYSIS = YES;
				CLANG_WARN_STRICT_PROTOTYPES = YES;
				CLANG_WARN_SUSPICIOUS_MOVE = YES;
				CLANG_WARN_UNGUARDED_AVAILABILITY = YES_AGGRESSIVE;
				CLANG_WARN_UNREACHABLE_CODE = YES;
				CLANG_WARN__DUPLICATE_METHOD_MATCH = YES;
				COPY_PHASE_STRIP = NO;
				DEAD_CODE_STRIPPING = YES;
				DEBUG_INFORMATION_FORMAT = "dwarf-with-dsym";
				ENABLE_NS_ASSERTIONS = NO;
				ENABLE_STRICT_OBJC_MSGSEND = YES;
				GCC_C_LANGUAGE_STANDARD = gnu11;
				GCC_NO_COMMON_BLOCKS = YES;
				GCC_WARN_64_TO_32_BIT_CONVERSION = YES;
				GCC_WARN_ABOUT_RETURN_TYPE = YES_ERROR;
				GCC_WARN_UNDECLARED_SELECTOR = YES;
				GCC_WARN_UNINITIALIZED_AUTOS = YES_AGGRESSIVE;
				GCC_WARN_UNUSED_FUNCTION = YES;
				GCC_WARN_UNUSED_VARIABLE = YES;
				MTL_ENABLE_DEBUG_INFO = NO;
				PRODUCT_NAME = "$(TARGET_NAME)";
				VALIDATE_PRODUCT = YES;
			};
			name = Release;
		};
		E26F682F7FBD9BAE8ADCDE80 /* Release */ = {
			isa = XCBuildConfiguration;
			buildSettings = {
				ASSETCATALOG_COMPILER_APPICON_NAME = AppIcon;
				CODE_SIGN_IDENTITY = "iPhone Developer";
				ENABLE_PREVIEWS = YES;
				INFOPLIST_FILE = ../../Support/Info.plist;
				IPHONEOS_DEPLOYMENT_TARGET = 16.0;
				LD_RUNPATH_SEARCH_PATHS = (
					"$(inherited)",
					"@executable_path/Frameworks",
				);
				PRODUCT_BUNDLE_IDENTIFIER = com.gordonchoi.WhereIsMyMusic..HeardItBefore;
				PRODUCT_NAME = HeardItBefore;
				SDKROOT = iphoneos;
				SUPPORTS_MACCATALYST = NO;
				SWIFT_COMPILATION_MODE = wholemodule;
				SWIFT_OPTIMIZATION_LEVEL = "-Owholemodule";
				SWIFT_VERSION = 5.0;
				TARGETED_DEVICE_FAMILY = 1;
			};
			name = Release;
		};
/* End XCBuildConfiguration section */

/* Begin XCConfigurationList section */
		01C937F7DDBB4F21818DDC28 /* Build configuration list for PBXProject "HeardItBefore" */ = {
			isa = XCConfigurationList;
			buildConfigurations = (
				17549B7D3B7CDF53B45F32D3 /* Debug */,
				BAE35D8A6CD6FCEAE3F6347F /* Release */,
			);
			defaultConfigurationIsVisible = 0;
			defaultConfigurationName = Release;
		};
		F78A722EAB51B661D21EE8A1 /* Build configuration list for PBXNativeTarget "HeardItBefore" */ = {
			isa = XCConfigurationList;
			buildConfigurations = (
				1F96A2764457821038D037F0 /* Debug */,
				E26F682F7FBD9BAE8ADCDE80 /* Release */,
			);
			defaultConfigurationIsVisible = 0;
			defaultConfigurationName = Release;
		};
/* End XCConfigurationList section */
	};
	rootObject = 7C238ED0D537E3D2F32643F6 /* Project object */;
}
