// !$*UTF8*$!
{
	archiveVersion = 1;
	classes = {
	};
	objectVersion = 56;
	objects = {

/* Begin PBXBuildFile section */
		D6AFB0862AE4DDE300F4946A /* YourFirstFeatureApp.swift in Sources */ = {isa = PBXBuildFile; fileRef = D6AFB0852AE4DDE300F4946A /* YourFirstFeatureApp.swift */; };
		D6AFB0882AE4DDE300F4946A /* NumberFactClient.swift in Sources */ = {isa = PBXBuildFile; fileRef = D6AFB0872AE4DDE300F4946A /* NumberFactClient.swift */; };
		D6AFB08A2AE4DDE300F4946A /* Assets.xcassets in Resources */ = {isa = PBXBuildFile; fileRef = D6AFB0892AE4DDE300F4946A /* Assets.xcassets */; };
		D6AFB08D2AE4DDE300F4946A /* Preview Assets.xcassets in Resources */ = {isa = PBXBuildFile; fileRef = D6AFB08C2AE4DDE300F4946A /* Preview Assets.xcassets */; };
		D6AFB0972AE4DDE400F4946A /* YourFirstFeatureTests.swift in Sources */ = {isa = PBXBuildFile; fileRef = D6AFB0962AE4DDE400F4946A /* YourFirstFeatureTests.swift */; };
		D6AFB0A12AE4DDE400F4946A /* YourFirstFeatureUITests.swift in Sources */ = {isa = PBXBuildFile; fileRef = D6AFB0A02AE4DDE400F4946A /* YourFirstFeatureUITests.swift */; };
		D6AFB0A32AE4DDE400F4946A /* YourFirstFeatureUITestsLaunchTests.swift in Sources */ = {isa = PBXBuildFile; fileRef = D6AFB0A22AE4DDE400F4946A /* YourFirstFeatureUITestsLaunchTests.swift */; };
		D6AFB0B02AE4DDF400F4946A /* CounterFeature.swift in Sources */ = {isa = PBXBuildFile; fileRef = D6AFB0AF2AE4DDF400F4946A /* CounterFeature.swift */; };
		D6AFB0B32AE4DE2500F4946A /* ComposableArchitecture in Frameworks */ = {isa = PBXBuildFile; productRef = D6AFB0B22AE4DE2500F4946A /* ComposableArchitecture */; };
/* End PBXBuildFile section */

/* Begin PBXContainerItemProxy section */
		D6AFB0932AE4DDE400F4946A /* PBXContainerItemProxy */ = {
			isa = PBXContainerItemProxy;
			containerPortal = D6AFB07A2AE4DDE300F4946A /* Project object */;
			proxyType = 1;
			remoteGlobalIDString = D6AFB0812AE4DDE300F4946A;
			remoteInfo = YourFirstFeature;
		};
		D6AFB09D2AE4DDE400F4946A /* PBXContainerItemProxy */ = {
			isa = PBXContainerItemProxy;
			containerPortal = D6AFB07A2AE4DDE300F4946A /* Project object */;
			proxyType = 1;
			remoteGlobalIDString = D6AFB0812AE4DDE300F4946A;
			remoteInfo = YourFirstFeature;
		};
/* End PBXContainerItemProxy section */

/* Begin PBXFileReference section */
		D6AFB0822AE4DDE300F4946A /* YourFirstFeature.app */ = {isa = PBXFileReference; explicitFileType = wrapper.application; includeInIndex = 0; path = YourFirstFeature.app; sourceTree = BUILT_PRODUCTS_DIR; };
		D6AFB0852AE4DDE300F4946A /* YourFirstFeatureApp.swift */ = {isa = PBXFileReference; lastKnownFileType = sourcecode.swift; path = YourFirstFeatureApp.swift; sourceTree = "<group>"; };
		D6AFB0872AE4DDE300F4946A /* NumberFactClient.swift */ = {isa = PBXFileReference; lastKnownFileType = sourcecode.swift; path = NumberFactClient.swift; sourceTree = "<group>"; };
		D6AFB0892AE4DDE300F4946A /* Assets.xcassets */ = {isa = PBXFileReference; lastKnownFileType = folder.assetcatalog; path = Assets.xcassets; sourceTree = "<group>"; };
		D6AFB08C2AE4DDE300F4946A /* Preview Assets.xcassets */ = {isa = PBXFileReference; lastKnownFileType = folder.assetcatalog; path = "Preview Assets.xcassets"; sourceTree = "<group>"; };
		D6AFB0922AE4DDE400F4946A /* YourFirstFeatureTests.xctest */ = {isa = PBXFileReference; explicitFileType = wrapper.cfbundle; includeInIndex = 0; path = YourFirstFeatureTests.xctest; sourceTree = BUILT_PRODUCTS_DIR; };
		D6AFB0962AE4DDE400F4946A /* YourFirstFeatureTests.swift */ = {isa = PBXFileReference; lastKnownFileType = sourcecode.swift; path = YourFirstFeatureTests.swift; sourceTree = "<group>"; };
		D6AFB09C2AE4DDE400F4946A /* YourFirstFeatureUITests.xctest */ = {isa = PBXFileReference; explicitFileType = wrapper.cfbundle; includeInIndex = 0; path = YourFirstFeatureUITests.xctest; sourceTree = BUILT_PRODUCTS_DIR; };
		D6AFB0A02AE4DDE400F4946A /* YourFirstFeatureUITests.swift */ = {isa = PBXFileReference; lastKnownFileType = sourcecode.swift; path = YourFirstFeatureUITests.swift; sourceTree = "<group>"; };
		D6AFB0A22AE4DDE400F4946A /* YourFirstFeatureUITestsLaunchTests.swift */ = {isa = PBXFileReference; lastKnownFileType = sourcecode.swift; path = YourFirstFeatureUITestsLaunchTests.swift; sourceTree = "<group>"; };
		D6AFB0AF2AE4DDF400F4946A /* CounterFeature.swift */ = {isa = PBXFileReference; lastKnownFileType = sourcecode.swift; path = CounterFeature.swift; sourceTree = "<group>"; };
		D6C792452AE4EF08009F6E2F /* Info.plist */ = {isa = PBXFileReference; lastKnownFileType = text.plist; path = Info.plist; sourceTree = "<group>"; };
/* End PBXFileReference section */

/* Begin PBXFrameworksBuildPhase section */
		D6AFB07F2AE4DDE300F4946A /* Frameworks */ = {
			isa = PBXFrameworksBuildPhase;
			buildActionMask = 2147483647;
			files = (
				D6AFB0B32AE4DE2500F4946A /* ComposableArchitecture in Frameworks */,
			);
			runOnlyForDeploymentPostprocessing = 0;
		};
		D6AFB08F2AE4DDE400F4946A /* Frameworks */ = {
			isa = PBXFrameworksBuildPhase;
			buildActionMask = 2147483647;
			files = (
			);
			runOnlyForDeploymentPostprocessing = 0;
		};
		D6AFB0992AE4DDE400F4946A /* Frameworks */ = {
			isa = PBXFrameworksBuildPhase;
			buildActionMask = 2147483647;
			files = (
			);
			runOnlyForDeploymentPostprocessing = 0;
		};
/* End PBXFrameworksBuildPhase section */

/* Begin PBXGroup section */
		D6AFB0792AE4DDE300F4946A = {
			isa = PBXGroup;
			children = (
				D6AFB0842AE4DDE300F4946A /* YourFirstFeature */,
				D6AFB0952AE4DDE400F4946A /* YourFirstFeatureTests */,
				D6AFB09F2AE4DDE400F4946A /* YourFirstFeatureUITests */,
				D6AFB0832AE4DDE300F4946A /* Products */,
			);
			sourceTree = "<group>";
		};
		D6AFB0832AE4DDE300F4946A /* Products */ = {
			isa = PBXGroup;
			children = (
				D6AFB0822AE4DDE300F4946A /* YourFirstFeature.app */,
				D6AFB0922AE4DDE400F4946A /* YourFirstFeatureTests.xctest */,
				D6AFB09C2AE4DDE400F4946A /* YourFirstFeatureUITests.xctest */,
			);
			name = Products;
			sourceTree = "<group>";
		};
		D6AFB0842AE4DDE300F4946A /* YourFirstFeature */ = {
			isa = PBXGroup;
			children = (
				D6C792452AE4EF08009F6E2F /* Info.plist */,
				D6AFB0852AE4DDE300F4946A /* YourFirstFeatureApp.swift */,
				D6AFB0872AE4DDE300F4946A /* NumberFactClient.swift */,
				D6AFB0892AE4DDE300F4946A /* Assets.xcassets */,
				D6AFB08B2AE4DDE300F4946A /* Preview Content */,
				D6AFB0AF2AE4DDF400F4946A /* CounterFeature.swift */,
			);
			path = YourFirstFeature;
			sourceTree = "<group>";
		};
		D6AFB08B2AE4DDE300F4946A /* Preview Content */ = {
			isa = PBXGroup;
			children = (
				D6AFB08C2AE4DDE300F4946A /* Preview Assets.xcassets */,
			);
			path = "Preview Content";
			sourceTree = "<group>";
		};
		D6AFB0952AE4DDE400F4946A /* YourFirstFeatureTests */ = {
			isa = PBXGroup;
			children = (
				D6AFB0962AE4DDE400F4946A /* YourFirstFeatureTests.swift */,
			);
			path = YourFirstFeatureTests;
			sourceTree = "<group>";
		};
		D6AFB09F2AE4DDE400F4946A /* YourFirstFeatureUITests */ = {
			isa = PBXGroup;
			children = (
				D6AFB0A02AE4DDE400F4946A /* YourFirstFeatureUITests.swift */,
				D6AFB0A22AE4DDE400F4946A /* YourFirstFeatureUITestsLaunchTests.swift */,
			);
			path = YourFirstFeatureUITests;
			sourceTree = "<group>";
		};
/* End PBXGroup section */

/* Begin PBXNativeTarget section */
		D6AFB0812AE4DDE300F4946A /* YourFirstFeature */ = {
			isa = PBXNativeTarget;
			buildConfigurationList = D6AFB0A62AE4DDE400F4946A /* Build configuration list for PBXNativeTarget "YourFirstFeature" */;
			buildPhases = (
				D6AFB07E2AE4DDE300F4946A /* Sources */,
				D6AFB07F2AE4DDE300F4946A /* Frameworks */,
				D6AFB0802AE4DDE300F4946A /* Resources */,
			);
			buildRules = (
			);
			dependencies = (
			);
			name = YourFirstFeature;
			packageProductDependencies = (
				D6AFB0B22AE4DE2500F4946A /* ComposableArchitecture */,
			);
			productName = YourFirstFeature;
			productReference = D6AFB0822AE4DDE300F4946A /* YourFirstFeature.app */;
			productType = "com.apple.product-type.application";
		};
		D6AFB0912AE4DDE400F4946A /* YourFirstFeatureTests */ = {
			isa = PBXNativeTarget;
			buildConfigurationList = D6AFB0A92AE4DDE400F4946A /* Build configuration list for PBXNativeTarget "YourFirstFeatureTests" */;
			buildPhases = (
				D6AFB08E2AE4DDE400F4946A /* Sources */,
				D6AFB08F2AE4DDE400F4946A /* Frameworks */,
				D6AFB0902AE4DDE400F4946A /* Resources */,
			);
			buildRules = (
			);
			dependencies = (
				D6AFB0942AE4DDE400F4946A /* PBXTargetDependency */,
			);
			name = YourFirstFeatureTests;
			productName = YourFirstFeatureTests;
			productReference = D6AFB0922AE4DDE400F4946A /* YourFirstFeatureTests.xctest */;
			productType = "com.apple.product-type.bundle.unit-test";
		};
		D6AFB09B2AE4DDE400F4946A /* YourFirstFeatureUITests */ = {
			isa = PBXNativeTarget;
			buildConfigurationList = D6AFB0AC2AE4DDE400F4946A /* Build configuration list for PBXNativeTarget "YourFirstFeatureUITests" */;
			buildPhases = (
				D6AFB0982AE4DDE400F4946A /* Sources */,
				D6AFB0992AE4DDE400F4946A /* Frameworks */,
				D6AFB09A2AE4DDE400F4946A /* Resources */,
			);
			buildRules = (
			);
			dependencies = (
				D6AFB09E2AE4DDE400F4946A /* PBXTargetDependency */,
			);
			name = YourFirstFeatureUITests;
			productName = YourFirstFeatureUITests;
			productReference = D6AFB09C2AE4DDE400F4946A /* YourFirstFeatureUITests.xctest */;
			productType = "com.apple.product-type.bundle.ui-testing";
		};
/* End PBXNativeTarget section */

/* Begin PBXProject section */
		D6AFB07A2AE4DDE300F4946A /* Project object */ = {
			isa = PBXProject;
			attributes = {
				BuildIndependentTargetsInParallel = 1;
				LastSwiftUpdateCheck = 1500;
				LastUpgradeCheck = 1500;
				TargetAttributes = {
					D6AFB0812AE4DDE300F4946A = {
						CreatedOnToolsVersion = 15.0;
					};
					D6AFB0912AE4DDE400F4946A = {
						CreatedOnToolsVersion = 15.0;
						TestTargetID = D6AFB0812AE4DDE300F4946A;
					};
					D6AFB09B2AE4DDE400F4946A = {
						CreatedOnToolsVersion = 15.0;
						TestTargetID = D6AFB0812AE4DDE300F4946A;
					};
				};
			};
			buildConfigurationList = D6AFB07D2AE4DDE300F4946A /* Build configuration list for PBXProject "YourFirstFeature" */;
			compatibilityVersion = "Xcode 14.0";
			developmentRegion = en;
			hasScannedForEncodings = 0;
			knownRegions = (
				en,
				Base,
			);
			mainGroup = D6AFB0792AE4DDE300F4946A;
			packageReferences = (
				D6AFB0B12AE4DE2500F4946A /* XCRemoteSwiftPackageReference "swift-composable-architecture" */,
			);
			productRefGroup = D6AFB0832AE4DDE300F4946A /* Products */;
			projectDirPath = "";
			projectRoot = "";
			targets = (
				D6AFB0812AE4DDE300F4946A /* YourFirstFeature */,
				D6AFB0912AE4DDE400F4946A /* YourFirstFeatureTests */,
				D6AFB09B2AE4DDE400F4946A /* YourFirstFeatureUITests */,
			);
		};
/* End PBXProject section */

/* Begin PBXResourcesBuildPhase section */
		D6AFB0802AE4DDE300F4946A /* Resources */ = {
			isa = PBXResourcesBuildPhase;
			buildActionMask = 2147483647;
			files = (
				D6AFB08D2AE4DDE300F4946A /* Preview Assets.xcassets in Resources */,
				D6AFB08A2AE4DDE300F4946A /* Assets.xcassets in Resources */,
			);
			runOnlyForDeploymentPostprocessing = 0;
		};
		D6AFB0902AE4DDE400F4946A /* Resources */ = {
			isa = PBXResourcesBuildPhase;
			buildActionMask = 2147483647;
			files = (
			);
			runOnlyForDeploymentPostprocessing = 0;
		};
		D6AFB09A2AE4DDE400F4946A /* Resources */ = {
			isa = PBXResourcesBuildPhase;
			buildActionMask = 2147483647;
			files = (
			);
			runOnlyForDeploymentPostprocessing = 0;
		};
/* End PBXResourcesBuildPhase section */

/* Begin PBXSourcesBuildPhase section */
		D6AFB07E2AE4DDE300F4946A /* Sources */ = {
			isa = PBXSourcesBuildPhase;
			buildActionMask = 2147483647;
			files = (
				D6AFB0B02AE4DDF400F4946A /* CounterFeature.swift in Sources */,
				D6AFB0882AE4DDE300F4946A /* NumberFactClient.swift in Sources */,
				D6AFB0862AE4DDE300F4946A /* YourFirstFeatureApp.swift in Sources */,
			);
			runOnlyForDeploymentPostprocessing = 0;
		};
		D6AFB08E2AE4DDE400F4946A /* Sources */ = {
			isa = PBXSourcesBuildPhase;
			buildActionMask = 2147483647;
			files = (
				D6AFB0972AE4DDE400F4946A /* YourFirstFeatureTests.swift in Sources */,
			);
			runOnlyForDeploymentPostprocessing = 0;
		};
		D6AFB0982AE4DDE400F4946A /* Sources */ = {
			isa = PBXSourcesBuildPhase;
			buildActionMask = 2147483647;
			files = (
				D6AFB0A12AE4DDE400F4946A /* YourFirstFeatureUITests.swift in Sources */,
				D6AFB0A32AE4DDE400F4946A /* YourFirstFeatureUITestsLaunchTests.swift in Sources */,
			);
			runOnlyForDeploymentPostprocessing = 0;
		};
/* End PBXSourcesBuildPhase section */

/* Begin PBXTargetDependency section */
		D6AFB0942AE4DDE400F4946A /* PBXTargetDependency */ = {
			isa = PBXTargetDependency;
			target = D6AFB0812AE4DDE300F4946A /* YourFirstFeature */;
			targetProxy = D6AFB0932AE4DDE400F4946A /* PBXContainerItemProxy */;
		};
		D6AFB09E2AE4DDE400F4946A /* PBXTargetDependency */ = {
			isa = PBXTargetDependency;
			target = D6AFB0812AE4DDE300F4946A /* YourFirstFeature */;
			targetProxy = D6AFB09D2AE4DDE400F4946A /* PBXContainerItemProxy */;
		};
/* End PBXTargetDependency section */

/* Begin XCBuildConfiguration section */
		D6AFB0A42AE4DDE400F4946A /* Debug */ = {
			isa = XCBuildConfiguration;
			buildSettings = {
				ALWAYS_SEARCH_USER_PATHS = NO;
				ASSETCATALOG_COMPILER_GENERATE_SWIFT_ASSET_SYMBOL_EXTENSIONS = YES;
				CLANG_ANALYZER_NONNULL = YES;
				CLANG_ANALYZER_NUMBER_OBJECT_CONVERSION = YES_AGGRESSIVE;
				CLANG_CXX_LANGUAGE_STANDARD = "gnu++20";
				CLANG_ENABLE_MODULES = YES;
				CLANG_ENABLE_OBJC_ARC = YES;
				CLANG_ENABLE_OBJC_WEAK = YES;
				CLANG_WARN_BLOCK_CAPTURE_AUTORELEASING = YES;
				CLANG_WARN_BOOL_CONVERSION = YES;
				CLANG_WARN_COMMA = YES;
				CLANG_WARN_CONSTANT_CONVERSION = YES;
				CLANG_WARN_DEPRECATED_OBJC_IMPLEMENTATIONS = YES;
				CLANG_WARN_DIRECT_OBJC_ISA_USAGE = YES_ERROR;
				CLANG_WARN_DOCUMENTATION_COMMENTS = YES;
				CLANG_WARN_EMPTY_BODY = YES;
				CLANG_WARN_ENUM_CONVERSION = YES;
				CLANG_WARN_INFINITE_RECURSION = YES;
				CLANG_WARN_INT_CONVERSION = YES;
				CLANG_WARN_NON_LITERAL_NULL_CONVERSION = YES;
				CLANG_WARN_OBJC_IMPLICIT_RETAIN_SELF = YES;
				CLANG_WARN_OBJC_LITERAL_CONVERSION = YES;
				CLANG_WARN_OBJC_ROOT_CLASS = YES_ERROR;
				CLANG_WARN_QUOTED_INCLUDE_IN_FRAMEWORK_HEADER = YES;
				CLANG_WARN_RANGE_LOOP_ANALYSIS = YES;
				CLANG_WARN_STRICT_PROTOTYPES = YES;
				CLANG_WARN_SUSPICIOUS_MOVE = YES;
				CLANG_WARN_UNGUARDED_AVAILABILITY = YES_AGGRESSIVE;
				CLANG_WARN_UNREACHABLE_CODE = YES;
				CLANG_WARN__DUPLICATE_METHOD_MATCH = YES;
				COPY_PHASE_STRIP = NO;
				DEBUG_INFORMATION_FORMAT = dwarf;
				ENABLE_STRICT_OBJC_MSGSEND = YES;
				ENABLE_TESTABILITY = YES;
				ENABLE_USER_SCRIPT_SANDBOXING = YES;
				GCC_C_LANGUAGE_STANDARD = gnu17;
				GCC_DYNAMIC_NO_PIC = NO;
				GCC_NO_COMMON_BLOCKS = YES;
				GCC_OPTIMIZATION_LEVEL = 0;
				GCC_PREPROCESSOR_DEFINITIONS = (
					"DEBUG=1",
					"$(inherited)",
				);
				GCC_WARN_64_TO_32_BIT_CONVERSION = YES;
				GCC_WARN_ABOUT_RETURN_TYPE = YES_ERROR;
				GCC_WARN_UNDECLARED_SELECTOR = YES;
				GCC_WARN_UNINITIALIZED_AUTOS = YES_AGGRESSIVE;
				GCC_WARN_UNUSED_FUNCTION = YES;
				GCC_WARN_UNUSED_VARIABLE = YES;
				IPHONEOS_DEPLOYMENT_TARGET = 17.0;
				LOCALIZATION_PREFERS_STRING_CATALOGS = YES;
				MTL_ENABLE_DEBUG_INFO = INCLUDE_SOURCE;
				MTL_FAST_MATH = YES;
				ONLY_ACTIVE_ARCH = YES;
				SDKROOT = iphoneos;
				SWIFT_ACTIVE_COMPILATION_CONDITIONS = "DEBUG $(inherited)";
				SWIFT_OPTIMIZATION_LEVEL = "-Onone";
			};
			name = Debug;
		};
		D6AFB0A52AE4DDE400F4946A /* Release */ = {
			isa = XCBuildConfiguration;
			buildSettings = {
				ALWAYS_SEARCH_USER_PATHS = NO;
				ASSETCATALOG_COMPILER_GENERATE_SWIFT_ASSET_SYMBOL_EXTENSIONS = YES;
				CLANG_ANALYZER_NONNULL = YES;
				CLANG_ANALYZER_NUMBER_OBJECT_CONVERSION = YES_AGGRESSIVE;
				CLANG_CXX_LANGUAGE_STANDARD = "gnu++20";
				CLANG_ENABLE_MODULES = YES;
				CLANG_ENABLE_OBJC_ARC = YES;
				CLANG_ENABLE_OBJC_WEAK = YES;
				CLANG_WARN_BLOCK_CAPTURE_AUTORELEASING = YES;
				CLANG_WARN_BOOL_CONVERSION = YES;
				CLANG_WARN_COMMA = YES;
				CLANG_WARN_CONSTANT_CONVERSION = YES;
				CLANG_WARN_DEPRECATED_OBJC_IMPLEMENTATIONS = YES;
				CLANG_WARN_DIRECT_OBJC_ISA_USAGE = YES_ERROR;
				CLANG_WARN_DOCUMENTATION_COMMENTS = YES;
				CLANG_WARN_EMPTY_BODY = YES;
				CLANG_WARN_ENUM_CONVERSION = YES;
				CLANG_WARN_INFINITE_RECURSION = YES;
				CLANG_WARN_INT_CONVERSION = YES;
				CLANG_WARN_NON_LITERAL_NULL_CONVERSION = YES;
				CLANG_WARN_OBJC_IMPLICIT_RETAIN_SELF = YES;
				CLANG_WARN_OBJC_LITERAL_CONVERSION = YES;
				CLANG_WARN_OBJC_ROOT_CLASS = YES_ERROR;
				CLANG_WARN_QUOTED_INCLUDE_IN_FRAMEWORK_HEADER = YES;
				CLANG_WARN_RANGE_LOOP_ANALYSIS = YES;
				CLANG_WARN_STRICT_PROTOTYPES = YES;
				CLANG_WARN_SUSPICIOUS_MOVE = YES;
				CLANG_WARN_UNGUARDED_AVAILABILITY = YES_AGGRESSIVE;
				CLANG_WARN_UNREACHABLE_CODE = YES;
				CLANG_WARN__DUPLICATE_METHOD_MATCH = YES;
				COPY_PHASE_STRIP = NO;
				DEBUG_INFORMATION_FORMAT = "dwarf-with-dsym";
				ENABLE_NS_ASSERTIONS = NO;
				ENABLE_STRICT_OBJC_MSGSEND = YES;
				ENABLE_USER_SCRIPT_SANDBOXING = YES;
				GCC_C_LANGUAGE_STANDARD = gnu17;
				GCC_NO_COMMON_BLOCKS = YES;
				GCC_WARN_64_TO_32_BIT_CONVERSION = YES;
				GCC_WARN_ABOUT_RETURN_TYPE = YES_ERROR;
				GCC_WARN_UNDECLARED_SELECTOR = YES;
				GCC_WARN_UNINITIALIZED_AUTOS = YES_AGGRESSIVE;
				GCC_WARN_UNUSED_FUNCTION = YES;
				GCC_WARN_UNUSED_VARIABLE = YES;
				IPHONEOS_DEPLOYMENT_TARGET = 17.0;
				LOCALIZATION_PREFERS_STRING_CATALOGS = YES;
				MTL_ENABLE_DEBUG_INFO = NO;
				MTL_FAST_MATH = YES;
				SDKROOT = iphoneos;
				SWIFT_COMPILATION_MODE = wholemodule;
				VALIDATE_PRODUCT = YES;
			};
			name = Release;
		};
		D6AFB0A72AE4DDE400F4946A /* Debug */ = {
			isa = XCBuildConfiguration;
			buildSettings = {
				ASSETCATALOG_COMPILER_APPICON_NAME = AppIcon;
				ASSETCATALOG_COMPILER_GLOBAL_ACCENT_COLOR_NAME = AccentColor;
				CODE_SIGN_STYLE = Automatic;
				CURRENT_PROJECT_VERSION = 1;
				DEVELOPMENT_ASSET_PATHS = "\"YourFirstFeature/Preview Content\"";
				DEVELOPMENT_TEAM = 2YJXRFH75A;
				ENABLE_PREVIEWS = YES;
				GENERATE_INFOPLIST_FILE = YES;
				INFOPLIST_FILE = YourFirstFeature/Info.plist;
				INFOPLIST_KEY_UIApplicationSceneManifest_Generation = YES;
				INFOPLIST_KEY_UIApplicationSupportsIndirectInputEvents = YES;
				INFOPLIST_KEY_UILaunchScreen_Generation = YES;
				INFOPLIST_KEY_UISupportedInterfaceOrientations_iPad = "UIInterfaceOrientationPortrait UIInterfaceOrientationPortraitUpsideDown UIInterfaceOrientationLandscapeLeft UIInterfaceOrientationLandscapeRight";
				INFOPLIST_KEY_UISupportedInterfaceOrientations_iPhone = "UIInterfaceOrientationPortrait UIInterfaceOrientationLandscapeLeft UIInterfaceOrientationLandscapeRight";
				LD_RUNPATH_SEARCH_PATHS = (
					"$(inherited)",
					"@executable_path/Frameworks",
				);
				MARKETING_VERSION = 1.0;
				PRODUCT_BUNDLE_IDENTIFIER = com.sunny.YourFirstFeature;
				PRODUCT_NAME = "$(TARGET_NAME)";
				SWIFT_EMIT_LOC_STRINGS = YES;
				SWIFT_VERSION = 5.0;
				TARGETED_DEVICE_FAMILY = "1,2";
			};
			name = Debug;
		};
		D6AFB0A82AE4DDE400F4946A /* Release */ = {
			isa = XCBuildConfiguration;
			buildSettings = {
				ASSETCATALOG_COMPILER_APPICON_NAME = AppIcon;
				ASSETCATALOG_COMPILER_GLOBAL_ACCENT_COLOR_NAME = AccentColor;
				CODE_SIGN_STYLE = Automatic;
				CURRENT_PROJECT_VERSION = 1;
				DEVELOPMENT_ASSET_PATHS = "\"YourFirstFeature/Preview Content\"";
				DEVELOPMENT_TEAM = 2YJXRFH75A;
				ENABLE_PREVIEWS = YES;
				GENERATE_INFOPLIST_FILE = YES;
				INFOPLIST_FILE = YourFirstFeature/Info.plist;
				INFOPLIST_KEY_UIApplicationSceneManifest_Generation = YES;
				INFOPLIST_KEY_UIApplicationSupportsIndirectInputEvents = YES;
				INFOPLIST_KEY_UILaunchScreen_Generation = YES;
				INFOPLIST_KEY_UISupportedInterfaceOrientations_iPad = "UIInterfaceOrientationPortrait UIInterfaceOrientationPortraitUpsideDown UIInterfaceOrientationLandscapeLeft UIInterfaceOrientationLandscapeRight";
				INFOPLIST_KEY_UISupportedInterfaceOrientations_iPhone = "UIInterfaceOrientationPortrait UIInterfaceOrientationLandscapeLeft UIInterfaceOrientationLandscapeRight";
				LD_RUNPATH_SEARCH_PATHS = (
					"$(inherited)",
					"@executable_path/Frameworks",
				);
				MARKETING_VERSION = 1.0;
				PRODUCT_BUNDLE_IDENTIFIER = com.sunny.YourFirstFeature;
				PRODUCT_NAME = "$(TARGET_NAME)";
				SWIFT_EMIT_LOC_STRINGS = YES;
				SWIFT_VERSION = 5.0;
				TARGETED_DEVICE_FAMILY = "1,2";
			};
			name = Release;
		};
		D6AFB0AA2AE4DDE400F4946A /* Debug */ = {
			isa = XCBuildConfiguration;
			buildSettings = {
				ALWAYS_EMBED_SWIFT_STANDARD_LIBRARIES = YES;
				BUNDLE_LOADER = "$(TEST_HOST)";
				CODE_SIGN_STYLE = Automatic;
				CURRENT_PROJECT_VERSION = 1;
				DEVELOPMENT_TEAM = 2YJXRFH75A;
				GENERATE_INFOPLIST_FILE = YES;
				IPHONEOS_DEPLOYMENT_TARGET = 17.0;
				MARKETING_VERSION = 1.0;
				PRODUCT_BUNDLE_IDENTIFIER = com.sunny.YourFirstFeatureTests;
				PRODUCT_NAME = "$(TARGET_NAME)";
				SWIFT_EMIT_LOC_STRINGS = NO;
				SWIFT_VERSION = 5.0;
				TARGETED_DEVICE_FAMILY = "1,2";
				TEST_HOST = "$(BUILT_PRODUCTS_DIR)/YourFirstFeature.app/$(BUNDLE_EXECUTABLE_FOLDER_PATH)/YourFirstFeature";
			};
			name = Debug;
		};
		D6AFB0AB2AE4DDE400F4946A /* Release */ = {
			isa = XCBuildConfiguration;
			buildSettings = {
				ALWAYS_EMBED_SWIFT_STANDARD_LIBRARIES = YES;
				BUNDLE_LOADER = "$(TEST_HOST)";
				CODE_SIGN_STYLE = Automatic;
				CURRENT_PROJECT_VERSION = 1;
				DEVELOPMENT_TEAM = 2YJXRFH75A;
				GENERATE_INFOPLIST_FILE = YES;
				IPHONEOS_DEPLOYMENT_TARGET = 17.0;
				MARKETING_VERSION = 1.0;
				PRODUCT_BUNDLE_IDENTIFIER = com.sunny.YourFirstFeatureTests;
				PRODUCT_NAME = "$(TARGET_NAME)";
				SWIFT_EMIT_LOC_STRINGS = NO;
				SWIFT_VERSION = 5.0;
				TARGETED_DEVICE_FAMILY = "1,2";
				TEST_HOST = "$(BUILT_PRODUCTS_DIR)/YourFirstFeature.app/$(BUNDLE_EXECUTABLE_FOLDER_PATH)/YourFirstFeature";
			};
			name = Release;
		};
		D6AFB0AD2AE4DDE400F4946A /* Debug */ = {
			isa = XCBuildConfiguration;
			buildSettings = {
				ALWAYS_EMBED_SWIFT_STANDARD_LIBRARIES = YES;
				CODE_SIGN_STYLE = Automatic;
				CURRENT_PROJECT_VERSION = 1;
				DEVELOPMENT_TEAM = 2YJXRFH75A;
				GENERATE_INFOPLIST_FILE = YES;
				MARKETING_VERSION = 1.0;
				PRODUCT_BUNDLE_IDENTIFIER = com.sunny.YourFirstFeatureUITests;
				PRODUCT_NAME = "$(TARGET_NAME)";
				SWIFT_EMIT_LOC_STRINGS = NO;
				SWIFT_VERSION = 5.0;
				TARGETED_DEVICE_FAMILY = "1,2";
				TEST_TARGET_NAME = YourFirstFeature;
			};
			name = Debug;
		};
		D6AFB0AE2AE4DDE400F4946A /* Release */ = {
			isa = XCBuildConfiguration;
			buildSettings = {
				ALWAYS_EMBED_SWIFT_STANDARD_LIBRARIES = YES;
				CODE_SIGN_STYLE = Automatic;
				CURRENT_PROJECT_VERSION = 1;
				DEVELOPMENT_TEAM = 2YJXRFH75A;
				GENERATE_INFOPLIST_FILE = YES;
				MARKETING_VERSION = 1.0;
				PRODUCT_BUNDLE_IDENTIFIER = com.sunny.YourFirstFeatureUITests;
				PRODUCT_NAME = "$(TARGET_NAME)";
				SWIFT_EMIT_LOC_STRINGS = NO;
				SWIFT_VERSION = 5.0;
				TARGETED_DEVICE_FAMILY = "1,2";
				TEST_TARGET_NAME = YourFirstFeature;
			};
			name = Release;
		};
/* End XCBuildConfiguration section */

/* Begin XCConfigurationList section */
		D6AFB07D2AE4DDE300F4946A /* Build configuration list for PBXProject "YourFirstFeature" */ = {
			isa = XCConfigurationList;
			buildConfigurations = (
				D6AFB0A42AE4DDE400F4946A /* Debug */,
				D6AFB0A52AE4DDE400F4946A /* Release */,
			);
			defaultConfigurationIsVisible = 0;
			defaultConfigurationName = Release;
		};
		D6AFB0A62AE4DDE400F4946A /* Build configuration list for PBXNativeTarget "YourFirstFeature" */ = {
			isa = XCConfigurationList;
			buildConfigurations = (
				D6AFB0A72AE4DDE400F4946A /* Debug */,
				D6AFB0A82AE4DDE400F4946A /* Release */,
			);
			defaultConfigurationIsVisible = 0;
			defaultConfigurationName = Release;
		};
		D6AFB0A92AE4DDE400F4946A /* Build configuration list for PBXNativeTarget "YourFirstFeatureTests" */ = {
			isa = XCConfigurationList;
			buildConfigurations = (
				D6AFB0AA2AE4DDE400F4946A /* Debug */,
				D6AFB0AB2AE4DDE400F4946A /* Release */,
			);
			defaultConfigurationIsVisible = 0;
			defaultConfigurationName = Release;
		};
		D6AFB0AC2AE4DDE400F4946A /* Build configuration list for PBXNativeTarget "YourFirstFeatureUITests" */ = {
			isa = XCConfigurationList;
			buildConfigurations = (
				D6AFB0AD2AE4DDE400F4946A /* Debug */,
				D6AFB0AE2AE4DDE400F4946A /* Release */,
			);
			defaultConfigurationIsVisible = 0;
			defaultConfigurationName = Release;
		};
/* End XCConfigurationList section */

/* Begin XCRemoteSwiftPackageReference section */
		D6AFB0B12AE4DE2500F4946A /* XCRemoteSwiftPackageReference "swift-composable-architecture" */ = {
			isa = XCRemoteSwiftPackageReference;
			repositoryURL = "https://github.com/pointfreeco/swift-composable-architecture";
			requirement = {
				kind = upToNextMajorVersion;
				minimumVersion = 1.2.0;
			};
		};
/* End XCRemoteSwiftPackageReference section */

/* Begin XCSwiftPackageProductDependency section */
		D6AFB0B22AE4DE2500F4946A /* ComposableArchitecture */ = {
			isa = XCSwiftPackageProductDependency;
			package = D6AFB0B12AE4DE2500F4946A /* XCRemoteSwiftPackageReference "swift-composable-architecture" */;
			productName = ComposableArchitecture;
		};
/* End XCSwiftPackageProductDependency section */
	};
	rootObject = D6AFB07A2AE4DDE300F4946A /* Project object */;
}
