// !$*UTF8*$!
{
	archiveVersion = 1;
	classes = {
	};
	objectVersion = 56;
	objects = {

/* Begin PBXBuildFile section */
		84E625AE2AE4D933007738D1 /* TCAEssentialApp.swift in Sources */ = {isa = PBXBuildFile; fileRef = 84E625AD2AE4D933007738D1 /* TCAEssentialApp.swift */; };
		84E625B22AE4D934007738D1 /* Assets.xcassets in Resources */ = {isa = PBXBuildFile; fileRef = 84E625B12AE4D934007738D1 /* Assets.xcassets */; };
		84E625B52AE4D934007738D1 /* Preview Assets.xcassets in Resources */ = {isa = PBXBuildFile; fileRef = 84E625B42AE4D934007738D1 /* Preview Assets.xcassets */; };
		84E625BF2AE4D934007738D1 /* TCAEssentialTests.swift in Sources */ = {isa = PBXBuildFile; fileRef = 84E625BE2AE4D934007738D1 /* TCAEssentialTests.swift */; };
		84E625C92AE4D934007738D1 /* TCAEssentialUITests.swift in Sources */ = {isa = PBXBuildFile; fileRef = 84E625C82AE4D934007738D1 /* TCAEssentialUITests.swift */; };
		84E625CB2AE4D934007738D1 /* TCAEssentialUITestsLaunchTests.swift in Sources */ = {isa = PBXBuildFile; fileRef = 84E625CA2AE4D934007738D1 /* TCAEssentialUITestsLaunchTests.swift */; };
		84E625D92AE4D9C6007738D1 /* ComposableArchitecture in Frameworks */ = {isa = PBXBuildFile; productRef = 84E625D82AE4D9C6007738D1 /* ComposableArchitecture */; };
		84E625DB2AE4EA3A007738D1 /* CounterView.swift in Sources */ = {isa = PBXBuildFile; fileRef = 84E625DA2AE4EA3A007738D1 /* CounterView.swift */; };
		84E625DF2AE4EA60007738D1 /* CounterFeature.swift in Sources */ = {isa = PBXBuildFile; fileRef = 84E625DE2AE4EA60007738D1 /* CounterFeature.swift */; };
/* End PBXBuildFile section */

/* Begin PBXContainerItemProxy section */
		84E625BB2AE4D934007738D1 /* PBXContainerItemProxy */ = {
			isa = PBXContainerItemProxy;
			containerPortal = 84E625A22AE4D933007738D1 /* Project object */;
			proxyType = 1;
			remoteGlobalIDString = 84E625A92AE4D933007738D1;
			remoteInfo = TCAEssential;
		};
		84E625C52AE4D934007738D1 /* PBXContainerItemProxy */ = {
			isa = PBXContainerItemProxy;
			containerPortal = 84E625A22AE4D933007738D1 /* Project object */;
			proxyType = 1;
			remoteGlobalIDString = 84E625A92AE4D933007738D1;
			remoteInfo = TCAEssential;
		};
/* End PBXContainerItemProxy section */

/* Begin PBXFileReference section */
		84E625AA2AE4D933007738D1 /* TCAEssential.app */ = {isa = PBXFileReference; explicitFileType = wrapper.application; includeInIndex = 0; path = TCAEssential.app; sourceTree = BUILT_PRODUCTS_DIR; };
		84E625AD2AE4D933007738D1 /* TCAEssentialApp.swift */ = {isa = PBXFileReference; lastKnownFileType = sourcecode.swift; path = TCAEssentialApp.swift; sourceTree = "<group>"; };
		84E625B12AE4D934007738D1 /* Assets.xcassets */ = {isa = PBXFileReference; lastKnownFileType = folder.assetcatalog; path = Assets.xcassets; sourceTree = "<group>"; };
		84E625B42AE4D934007738D1 /* Preview Assets.xcassets */ = {isa = PBXFileReference; lastKnownFileType = folder.assetcatalog; path = "Preview Assets.xcassets"; sourceTree = "<group>"; };
		84E625BA2AE4D934007738D1 /* TCAEssentialTests.xctest */ = {isa = PBXFileReference; explicitFileType = wrapper.cfbundle; includeInIndex = 0; path = TCAEssentialTests.xctest; sourceTree = BUILT_PRODUCTS_DIR; };
		84E625BE2AE4D934007738D1 /* TCAEssentialTests.swift */ = {isa = PBXFileReference; lastKnownFileType = sourcecode.swift; path = TCAEssentialTests.swift; sourceTree = "<group>"; };
		84E625C42AE4D934007738D1 /* TCAEssentialUITests.xctest */ = {isa = PBXFileReference; explicitFileType = wrapper.cfbundle; includeInIndex = 0; path = TCAEssentialUITests.xctest; sourceTree = BUILT_PRODUCTS_DIR; };
		84E625C82AE4D934007738D1 /* TCAEssentialUITests.swift */ = {isa = PBXFileReference; lastKnownFileType = sourcecode.swift; path = TCAEssentialUITests.swift; sourceTree = "<group>"; };
		84E625CA2AE4D934007738D1 /* TCAEssentialUITestsLaunchTests.swift */ = {isa = PBXFileReference; lastKnownFileType = sourcecode.swift; path = TCAEssentialUITestsLaunchTests.swift; sourceTree = "<group>"; };
		84E625DA2AE4EA3A007738D1 /* CounterView.swift */ = {isa = PBXFileReference; lastKnownFileType = sourcecode.swift; path = CounterView.swift; sourceTree = "<group>"; };
		84E625DE2AE4EA60007738D1 /* CounterFeature.swift */ = {isa = PBXFileReference; lastKnownFileType = sourcecode.swift; path = CounterFeature.swift; sourceTree = "<group>"; };
		84E625E02AE4FE94007738D1 /* Info.plist */ = {isa = PBXFileReference; lastKnownFileType = text.plist; path = Info.plist; sourceTree = "<group>"; };
/* End PBXFileReference section */

/* Begin PBXFrameworksBuildPhase section */
		84E625A72AE4D933007738D1 /* Frameworks */ = {
			isa = PBXFrameworksBuildPhase;
			buildActionMask = 2147483647;
			files = (
				84E625D92AE4D9C6007738D1 /* ComposableArchitecture in Frameworks */,
			);
			runOnlyForDeploymentPostprocessing = 0;
		};
		84E625B72AE4D934007738D1 /* Frameworks */ = {
			isa = PBXFrameworksBuildPhase;
			buildActionMask = 2147483647;
			files = (
			);
			runOnlyForDeploymentPostprocessing = 0;
		};
		84E625C12AE4D934007738D1 /* Frameworks */ = {
			isa = PBXFrameworksBuildPhase;
			buildActionMask = 2147483647;
			files = (
			);
			runOnlyForDeploymentPostprocessing = 0;
		};
/* End PBXFrameworksBuildPhase section */

/* Begin PBXGroup section */
		84E625A12AE4D933007738D1 = {
			isa = PBXGroup;
			children = (
				84E625AC2AE4D933007738D1 /* TCAEssential */,
				84E625BD2AE4D934007738D1 /* TCAEssentialTests */,
				84E625C72AE4D934007738D1 /* TCAEssentialUITests */,
				84E625AB2AE4D933007738D1 /* Products */,
			);
			sourceTree = "<group>";
		};
		84E625AB2AE4D933007738D1 /* Products */ = {
			isa = PBXGroup;
			children = (
				84E625AA2AE4D933007738D1 /* TCAEssential.app */,
				84E625BA2AE4D934007738D1 /* TCAEssentialTests.xctest */,
				84E625C42AE4D934007738D1 /* TCAEssentialUITests.xctest */,
			);
			name = Products;
			sourceTree = "<group>";
		};
		84E625AC2AE4D933007738D1 /* TCAEssential */ = {
			isa = PBXGroup;
			children = (
				84E625E02AE4FE94007738D1 /* Info.plist */,
				84E625DD2AE4EA58007738D1 /* Reducer */,
				84E625DC2AE4EA46007738D1 /* View */,
				84E625AD2AE4D933007738D1 /* TCAEssentialApp.swift */,
				84E625B12AE4D934007738D1 /* Assets.xcassets */,
				84E625B32AE4D934007738D1 /* Preview Content */,
			);
			path = TCAEssential;
			sourceTree = "<group>";
		};
		84E625B32AE4D934007738D1 /* Preview Content */ = {
			isa = PBXGroup;
			children = (
				84E625B42AE4D934007738D1 /* Preview Assets.xcassets */,
			);
			path = "Preview Content";
			sourceTree = "<group>";
		};
		84E625BD2AE4D934007738D1 /* TCAEssentialTests */ = {
			isa = PBXGroup;
			children = (
				84E625BE2AE4D934007738D1 /* TCAEssentialTests.swift */,
			);
			path = TCAEssentialTests;
			sourceTree = "<group>";
		};
		84E625C72AE4D934007738D1 /* TCAEssentialUITests */ = {
			isa = PBXGroup;
			children = (
				84E625C82AE4D934007738D1 /* TCAEssentialUITests.swift */,
				84E625CA2AE4D934007738D1 /* TCAEssentialUITestsLaunchTests.swift */,
			);
			path = TCAEssentialUITests;
			sourceTree = "<group>";
		};
		84E625DC2AE4EA46007738D1 /* View */ = {
			isa = PBXGroup;
			children = (
				84E625DA2AE4EA3A007738D1 /* CounterView.swift */,
			);
			path = View;
			sourceTree = "<group>";
		};
		84E625DD2AE4EA58007738D1 /* Reducer */ = {
			isa = PBXGroup;
			children = (
				84E625DE2AE4EA60007738D1 /* CounterFeature.swift */,
			);
			path = Reducer;
			sourceTree = "<group>";
		};
/* End PBXGroup section */

/* Begin PBXNativeTarget section */
		84E625A92AE4D933007738D1 /* TCAEssential */ = {
			isa = PBXNativeTarget;
			buildConfigurationList = 84E625CE2AE4D934007738D1 /* Build configuration list for PBXNativeTarget "TCAEssential" */;
			buildPhases = (
				84E625A62AE4D933007738D1 /* Sources */,
				84E625A72AE4D933007738D1 /* Frameworks */,
				84E625A82AE4D933007738D1 /* Resources */,
			);
			buildRules = (
			);
			dependencies = (
			);
			name = TCAEssential;
			packageProductDependencies = (
				84E625D82AE4D9C6007738D1 /* ComposableArchitecture */,
			);
			productName = TCAEssential;
			productReference = 84E625AA2AE4D933007738D1 /* TCAEssential.app */;
			productType = "com.apple.product-type.application";
		};
		84E625B92AE4D934007738D1 /* TCAEssentialTests */ = {
			isa = PBXNativeTarget;
			buildConfigurationList = 84E625D12AE4D934007738D1 /* Build configuration list for PBXNativeTarget "TCAEssentialTests" */;
			buildPhases = (
				84E625B62AE4D934007738D1 /* Sources */,
				84E625B72AE4D934007738D1 /* Frameworks */,
				84E625B82AE4D934007738D1 /* Resources */,
			);
			buildRules = (
			);
			dependencies = (
				84E625BC2AE4D934007738D1 /* PBXTargetDependency */,
			);
			name = TCAEssentialTests;
			productName = TCAEssentialTests;
			productReference = 84E625BA2AE4D934007738D1 /* TCAEssentialTests.xctest */;
			productType = "com.apple.product-type.bundle.unit-test";
		};
		84E625C32AE4D934007738D1 /* TCAEssentialUITests */ = {
			isa = PBXNativeTarget;
			buildConfigurationList = 84E625D42AE4D934007738D1 /* Build configuration list for PBXNativeTarget "TCAEssentialUITests" */;
			buildPhases = (
				84E625C02AE4D934007738D1 /* Sources */,
				84E625C12AE4D934007738D1 /* Frameworks */,
				84E625C22AE4D934007738D1 /* Resources */,
			);
			buildRules = (
			);
			dependencies = (
				84E625C62AE4D934007738D1 /* PBXTargetDependency */,
			);
			name = TCAEssentialUITests;
			productName = TCAEssentialUITests;
			productReference = 84E625C42AE4D934007738D1 /* TCAEssentialUITests.xctest */;
			productType = "com.apple.product-type.bundle.ui-testing";
		};
/* End PBXNativeTarget section */

/* Begin PBXProject section */
		84E625A22AE4D933007738D1 /* Project object */ = {
			isa = PBXProject;
			attributes = {
				BuildIndependentTargetsInParallel = 1;
				LastSwiftUpdateCheck = 1500;
				LastUpgradeCheck = 1500;
				TargetAttributes = {
					84E625A92AE4D933007738D1 = {
						CreatedOnToolsVersion = 15.0;
					};
					84E625B92AE4D934007738D1 = {
						CreatedOnToolsVersion = 15.0;
						TestTargetID = 84E625A92AE4D933007738D1;
					};
					84E625C32AE4D934007738D1 = {
						CreatedOnToolsVersion = 15.0;
						TestTargetID = 84E625A92AE4D933007738D1;
					};
				};
			};
			buildConfigurationList = 84E625A52AE4D933007738D1 /* Build configuration list for PBXProject "TCAEssential" */;
			compatibilityVersion = "Xcode 14.0";
			developmentRegion = en;
			hasScannedForEncodings = 0;
			knownRegions = (
				en,
				Base,
			);
			mainGroup = 84E625A12AE4D933007738D1;
			packageReferences = (
				84E625D72AE4D9C6007738D1 /* XCRemoteSwiftPackageReference "swift-composable-architecture" */,
			);
			productRefGroup = 84E625AB2AE4D933007738D1 /* Products */;
			projectDirPath = "";
			projectRoot = "";
			targets = (
				84E625A92AE4D933007738D1 /* TCAEssential */,
				84E625B92AE4D934007738D1 /* TCAEssentialTests */,
				84E625C32AE4D934007738D1 /* TCAEssentialUITests */,
			);
		};
/* End PBXProject section */

/* Begin PBXResourcesBuildPhase section */
		84E625A82AE4D933007738D1 /* Resources */ = {
			isa = PBXResourcesBuildPhase;
			buildActionMask = 2147483647;
			files = (
				84E625B52AE4D934007738D1 /* Preview Assets.xcassets in Resources */,
				84E625B22AE4D934007738D1 /* Assets.xcassets in Resources */,
			);
			runOnlyForDeploymentPostprocessing = 0;
		};
		84E625B82AE4D934007738D1 /* Resources */ = {
			isa = PBXResourcesBuildPhase;
			buildActionMask = 2147483647;
			files = (
			);
			runOnlyForDeploymentPostprocessing = 0;
		};
		84E625C22AE4D934007738D1 /* Resources */ = {
			isa = PBXResourcesBuildPhase;
			buildActionMask = 2147483647;
			files = (
			);
			runOnlyForDeploymentPostprocessing = 0;
		};
/* End PBXResourcesBuildPhase section */

/* Begin PBXSourcesBuildPhase section */
		84E625A62AE4D933007738D1 /* Sources */ = {
			isa = PBXSourcesBuildPhase;
			buildActionMask = 2147483647;
			files = (
				84E625DF2AE4EA60007738D1 /* CounterFeature.swift in Sources */,
				84E625AE2AE4D933007738D1 /* TCAEssentialApp.swift in Sources */,
				84E625DB2AE4EA3A007738D1 /* CounterView.swift in Sources */,
			);
			runOnlyForDeploymentPostprocessing = 0;
		};
		84E625B62AE4D934007738D1 /* Sources */ = {
			isa = PBXSourcesBuildPhase;
			buildActionMask = 2147483647;
			files = (
				84E625BF2AE4D934007738D1 /* TCAEssentialTests.swift in Sources */,
			);
			runOnlyForDeploymentPostprocessing = 0;
		};
		84E625C02AE4D934007738D1 /* Sources */ = {
			isa = PBXSourcesBuildPhase;
			buildActionMask = 2147483647;
			files = (
				84E625CB2AE4D934007738D1 /* TCAEssentialUITestsLaunchTests.swift in Sources */,
				84E625C92AE4D934007738D1 /* TCAEssentialUITests.swift in Sources */,
			);
			runOnlyForDeploymentPostprocessing = 0;
		};
/* End PBXSourcesBuildPhase section */

/* Begin PBXTargetDependency section */
		84E625BC2AE4D934007738D1 /* PBXTargetDependency */ = {
			isa = PBXTargetDependency;
			target = 84E625A92AE4D933007738D1 /* TCAEssential */;
			targetProxy = 84E625BB2AE4D934007738D1 /* PBXContainerItemProxy */;
		};
		84E625C62AE4D934007738D1 /* PBXTargetDependency */ = {
			isa = PBXTargetDependency;
			target = 84E625A92AE4D933007738D1 /* TCAEssential */;
			targetProxy = 84E625C52AE4D934007738D1 /* PBXContainerItemProxy */;
		};
/* End PBXTargetDependency section */

/* Begin XCBuildConfiguration section */
		84E625CC2AE4D934007738D1 /* Debug */ = {
			isa = XCBuildConfiguration;
			buildSettings = {
				ALWAYS_SEARCH_USER_PATHS = NO;
				ASSETCATALOG_COMPILER_GENERATE_SWIFT_ASSET_SYMBOL_EXTENSIONS = YES;
				CLANG_ANALYZER_NONNULL = YES;
				CLANG_ANALYZER_NUMBER_OBJECT_CONVERSION = YES_AGGRESSIVE;
				CLANG_CXX_LANGUAGE_STANDARD = "gnu++20";
				CLANG_ENABLE_MODULES = YES;
				CLANG_ENABLE_OBJC_ARC = YES;
				CLANG_ENABLE_OBJC_WEAK = YES;
				CLANG_WARN_BLOCK_CAPTURE_AUTORELEASING = YES;
				CLANG_WARN_BOOL_CONVERSION = YES;
				CLANG_WARN_COMMA = YES;
				CLANG_WARN_CONSTANT_CONVERSION = YES;
				CLANG_WARN_DEPRECATED_OBJC_IMPLEMENTATIONS = YES;
				CLANG_WARN_DIRECT_OBJC_ISA_USAGE = YES_ERROR;
				CLANG_WARN_DOCUMENTATION_COMMENTS = YES;
				CLANG_WARN_EMPTY_BODY = YES;
				CLANG_WARN_ENUM_CONVERSION = YES;
				CLANG_WARN_INFINITE_RECURSION = YES;
				CLANG_WARN_INT_CONVERSION = YES;
				CLANG_WARN_NON_LITERAL_NULL_CONVERSION = YES;
				CLANG_WARN_OBJC_IMPLICIT_RETAIN_SELF = YES;
				CLANG_WARN_OBJC_LITERAL_CONVERSION = YES;
				CLANG_WARN_OBJC_ROOT_CLASS = YES_ERROR;
				CLANG_WARN_QUOTED_INCLUDE_IN_FRAMEWORK_HEADER = YES;
				CLANG_WARN_RANGE_LOOP_ANALYSIS = YES;
				CLANG_WARN_STRICT_PROTOTYPES = YES;
				CLANG_WARN_SUSPICIOUS_MOVE = YES;
				CLANG_WARN_UNGUARDED_AVAILABILITY = YES_AGGRESSIVE;
				CLANG_WARN_UNREACHABLE_CODE = YES;
				CLANG_WARN__DUPLICATE_METHOD_MATCH = YES;
				COPY_PHASE_STRIP = NO;
				DEBUG_INFORMATION_FORMAT = dwarf;
				ENABLE_STRICT_OBJC_MSGSEND = YES;
				ENABLE_TESTABILITY = YES;
				ENABLE_USER_SCRIPT_SANDBOXING = YES;
				GCC_C_LANGUAGE_STANDARD = gnu17;
				GCC_DYNAMIC_NO_PIC = NO;
				GCC_NO_COMMON_BLOCKS = YES;
				GCC_OPTIMIZATION_LEVEL = 0;
				GCC_PREPROCESSOR_DEFINITIONS = (
					"DEBUG=1",
					"$(inherited)",
				);
				GCC_WARN_64_TO_32_BIT_CONVERSION = YES;
				GCC_WARN_ABOUT_RETURN_TYPE = YES_ERROR;
				GCC_WARN_UNDECLARED_SELECTOR = YES;
				GCC_WARN_UNINITIALIZED_AUTOS = YES_AGGRESSIVE;
				GCC_WARN_UNUSED_FUNCTION = YES;
				GCC_WARN_UNUSED_VARIABLE = YES;
				IPHONEOS_DEPLOYMENT_TARGET = 17.0;
				LOCALIZATION_PREFERS_STRING_CATALOGS = YES;
				MTL_ENABLE_DEBUG_INFO = INCLUDE_SOURCE;
				MTL_FAST_MATH = YES;
				ONLY_ACTIVE_ARCH = YES;
				SDKROOT = iphoneos;
				SWIFT_ACTIVE_COMPILATION_CONDITIONS = "DEBUG $(inherited)";
				SWIFT_OPTIMIZATION_LEVEL = "-Onone";
			};
			name = Debug;
		};
		84E625CD2AE4D934007738D1 /* Release */ = {
			isa = XCBuildConfiguration;
			buildSettings = {
				ALWAYS_SEARCH_USER_PATHS = NO;
				ASSETCATALOG_COMPILER_GENERATE_SWIFT_ASSET_SYMBOL_EXTENSIONS = YES;
				CLANG_ANALYZER_NONNULL = YES;
				CLANG_ANALYZER_NUMBER_OBJECT_CONVERSION = YES_AGGRESSIVE;
				CLANG_CXX_LANGUAGE_STANDARD = "gnu++20";
				CLANG_ENABLE_MODULES = YES;
				CLANG_ENABLE_OBJC_ARC = YES;
				CLANG_ENABLE_OBJC_WEAK = YES;
				CLANG_WARN_BLOCK_CAPTURE_AUTORELEASING = YES;
				CLANG_WARN_BOOL_CONVERSION = YES;
				CLANG_WARN_COMMA = YES;
				CLANG_WARN_CONSTANT_CONVERSION = YES;
				CLANG_WARN_DEPRECATED_OBJC_IMPLEMENTATIONS = YES;
				CLANG_WARN_DIRECT_OBJC_ISA_USAGE = YES_ERROR;
				CLANG_WARN_DOCUMENTATION_COMMENTS = YES;
				CLANG_WARN_EMPTY_BODY = YES;
				CLANG_WARN_ENUM_CONVERSION = YES;
				CLANG_WARN_INFINITE_RECURSION = YES;
				CLANG_WARN_INT_CONVERSION = YES;
				CLANG_WARN_NON_LITERAL_NULL_CONVERSION = YES;
				CLANG_WARN_OBJC_IMPLICIT_RETAIN_SELF = YES;
				CLANG_WARN_OBJC_LITERAL_CONVERSION = YES;
				CLANG_WARN_OBJC_ROOT_CLASS = YES_ERROR;
				CLANG_WARN_QUOTED_INCLUDE_IN_FRAMEWORK_HEADER = YES;
				CLANG_WARN_RANGE_LOOP_ANALYSIS = YES;
				CLANG_WARN_STRICT_PROTOTYPES = YES;
				CLANG_WARN_SUSPICIOUS_MOVE = YES;
				CLANG_WARN_UNGUARDED_AVAILABILITY = YES_AGGRESSIVE;
				CLANG_WARN_UNREACHABLE_CODE = YES;
				CLANG_WARN__DUPLICATE_METHOD_MATCH = YES;
				COPY_PHASE_STRIP = NO;
				DEBUG_INFORMATION_FORMAT = "dwarf-with-dsym";
				ENABLE_NS_ASSERTIONS = NO;
				ENABLE_STRICT_OBJC_MSGSEND = YES;
				ENABLE_USER_SCRIPT_SANDBOXING = YES;
				GCC_C_LANGUAGE_STANDARD = gnu17;
				GCC_NO_COMMON_BLOCKS = YES;
				GCC_WARN_64_TO_32_BIT_CONVERSION = YES;
				GCC_WARN_ABOUT_RETURN_TYPE = YES_ERROR;
				GCC_WARN_UNDECLARED_SELECTOR = YES;
				GCC_WARN_UNINITIALIZED_AUTOS = YES_AGGRESSIVE;
				GCC_WARN_UNUSED_FUNCTION = YES;
				GCC_WARN_UNUSED_VARIABLE = YES;
				IPHONEOS_DEPLOYMENT_TARGET = 17.0;
				LOCALIZATION_PREFERS_STRING_CATALOGS = YES;
				MTL_ENABLE_DEBUG_INFO = NO;
				MTL_FAST_MATH = YES;
				SDKROOT = iphoneos;
				SWIFT_COMPILATION_MODE = wholemodule;
				VALIDATE_PRODUCT = YES;
			};
			name = Release;
		};
		84E625CF2AE4D934007738D1 /* Debug */ = {
			isa = XCBuildConfiguration;
			buildSettings = {
				ASSETCATALOG_COMPILER_APPICON_NAME = AppIcon;
				ASSETCATALOG_COMPILER_GLOBAL_ACCENT_COLOR_NAME = AccentColor;
				CODE_SIGN_STYLE = Automatic;
				CURRENT_PROJECT_VERSION = 1;
				DEVELOPMENT_ASSET_PATHS = "\"TCAEssential/Preview Content\"";
				DEVELOPMENT_TEAM = M527AM6YJ5;
				ENABLE_PREVIEWS = YES;
				GENERATE_INFOPLIST_FILE = YES;
				INFOPLIST_FILE = TCAEssential/Info.plist;
				INFOPLIST_KEY_UIApplicationSceneManifest_Generation = YES;
				INFOPLIST_KEY_UIApplicationSupportsIndirectInputEvents = YES;
				INFOPLIST_KEY_UILaunchScreen_Generation = YES;
				INFOPLIST_KEY_UISupportedInterfaceOrientations_iPad = "UIInterfaceOrientationPortrait UIInterfaceOrientationPortraitUpsideDown UIInterfaceOrientationLandscapeLeft UIInterfaceOrientationLandscapeRight";
				INFOPLIST_KEY_UISupportedInterfaceOrientations_iPhone = "UIInterfaceOrientationPortrait UIInterfaceOrientationLandscapeLeft UIInterfaceOrientationLandscapeRight";
				LD_RUNPATH_SEARCH_PATHS = (
					"$(inherited)",
					"@executable_path/Frameworks",
				);
				MARKETING_VERSION = 1.0;
				PRODUCT_BUNDLE_IDENTIFIER = yeom.TCAEssential;
				PRODUCT_NAME = "$(TARGET_NAME)";
				SWIFT_EMIT_LOC_STRINGS = YES;
				SWIFT_VERSION = 5.0;
				TARGETED_DEVICE_FAMILY = "1,2";
			};
			name = Debug;
		};
		84E625D02AE4D934007738D1 /* Release */ = {
			isa = XCBuildConfiguration;
			buildSettings = {
				ASSETCATALOG_COMPILER_APPICON_NAME = AppIcon;
				ASSETCATALOG_COMPILER_GLOBAL_ACCENT_COLOR_NAME = AccentColor;
				CODE_SIGN_STYLE = Automatic;
				CURRENT_PROJECT_VERSION = 1;
				DEVELOPMENT_ASSET_PATHS = "\"TCAEssential/Preview Content\"";
				DEVELOPMENT_TEAM = M527AM6YJ5;
				ENABLE_PREVIEWS = YES;
				GENERATE_INFOPLIST_FILE = YES;
				INFOPLIST_FILE = TCAEssential/Info.plist;
				INFOPLIST_KEY_UIApplicationSceneManifest_Generation = YES;
				INFOPLIST_KEY_UIApplicationSupportsIndirectInputEvents = YES;
				INFOPLIST_KEY_UILaunchScreen_Generation = YES;
				INFOPLIST_KEY_UISupportedInterfaceOrientations_iPad = "UIInterfaceOrientationPortrait UIInterfaceOrientationPortraitUpsideDown UIInterfaceOrientationLandscapeLeft UIInterfaceOrientationLandscapeRight";
				INFOPLIST_KEY_UISupportedInterfaceOrientations_iPhone = "UIInterfaceOrientationPortrait UIInterfaceOrientationLandscapeLeft UIInterfaceOrientationLandscapeRight";
				LD_RUNPATH_SEARCH_PATHS = (
					"$(inherited)",
					"@executable_path/Frameworks",
				);
				MARKETING_VERSION = 1.0;
				PRODUCT_BUNDLE_IDENTIFIER = yeom.TCAEssential;
				PRODUCT_NAME = "$(TARGET_NAME)";
				SWIFT_EMIT_LOC_STRINGS = YES;
				SWIFT_VERSION = 5.0;
				TARGETED_DEVICE_FAMILY = "1,2";
			};
			name = Release;
		};
		84E625D22AE4D934007738D1 /* Debug */ = {
			isa = XCBuildConfiguration;
			buildSettings = {
				ALWAYS_EMBED_SWIFT_STANDARD_LIBRARIES = YES;
				BUNDLE_LOADER = "$(TEST_HOST)";
				CODE_SIGN_STYLE = Automatic;
				CURRENT_PROJECT_VERSION = 1;
				DEVELOPMENT_TEAM = M527AM6YJ5;
				GENERATE_INFOPLIST_FILE = YES;
				IPHONEOS_DEPLOYMENT_TARGET = 17.0;
				MARKETING_VERSION = 1.0;
				PRODUCT_BUNDLE_IDENTIFIER = yeom.TCAEssentialTests;
				PRODUCT_NAME = "$(TARGET_NAME)";
				SWIFT_EMIT_LOC_STRINGS = NO;
				SWIFT_VERSION = 5.0;
				TARGETED_DEVICE_FAMILY = "1,2";
				TEST_HOST = "$(BUILT_PRODUCTS_DIR)/TCAEssential.app/$(BUNDLE_EXECUTABLE_FOLDER_PATH)/TCAEssential";
			};
			name = Debug;
		};
		84E625D32AE4D934007738D1 /* Release */ = {
			isa = XCBuildConfiguration;
			buildSettings = {
				ALWAYS_EMBED_SWIFT_STANDARD_LIBRARIES = YES;
				BUNDLE_LOADER = "$(TEST_HOST)";
				CODE_SIGN_STYLE = Automatic;
				CURRENT_PROJECT_VERSION = 1;
				DEVELOPMENT_TEAM = M527AM6YJ5;
				GENERATE_INFOPLIST_FILE = YES;
				IPHONEOS_DEPLOYMENT_TARGET = 17.0;
				MARKETING_VERSION = 1.0;
				PRODUCT_BUNDLE_IDENTIFIER = yeom.TCAEssentialTests;
				PRODUCT_NAME = "$(TARGET_NAME)";
				SWIFT_EMIT_LOC_STRINGS = NO;
				SWIFT_VERSION = 5.0;
				TARGETED_DEVICE_FAMILY = "1,2";
				TEST_HOST = "$(BUILT_PRODUCTS_DIR)/TCAEssential.app/$(BUNDLE_EXECUTABLE_FOLDER_PATH)/TCAEssential";
			};
			name = Release;
		};
		84E625D52AE4D934007738D1 /* Debug */ = {
			isa = XCBuildConfiguration;
			buildSettings = {
				ALWAYS_EMBED_SWIFT_STANDARD_LIBRARIES = YES;
				CODE_SIGN_STYLE = Automatic;
				CURRENT_PROJECT_VERSION = 1;
				DEVELOPMENT_TEAM = M527AM6YJ5;
				GENERATE_INFOPLIST_FILE = YES;
				MARKETING_VERSION = 1.0;
				PRODUCT_BUNDLE_IDENTIFIER = yeom.TCAEssentialUITests;
				PRODUCT_NAME = "$(TARGET_NAME)";
				SWIFT_EMIT_LOC_STRINGS = NO;
				SWIFT_VERSION = 5.0;
				TARGETED_DEVICE_FAMILY = "1,2";
				TEST_TARGET_NAME = TCAEssential;
			};
			name = Debug;
		};
		84E625D62AE4D934007738D1 /* Release */ = {
			isa = XCBuildConfiguration;
			buildSettings = {
				ALWAYS_EMBED_SWIFT_STANDARD_LIBRARIES = YES;
				CODE_SIGN_STYLE = Automatic;
				CURRENT_PROJECT_VERSION = 1;
				DEVELOPMENT_TEAM = M527AM6YJ5;
				GENERATE_INFOPLIST_FILE = YES;
				MARKETING_VERSION = 1.0;
				PRODUCT_BUNDLE_IDENTIFIER = yeom.TCAEssentialUITests;
				PRODUCT_NAME = "$(TARGET_NAME)";
				SWIFT_EMIT_LOC_STRINGS = NO;
				SWIFT_VERSION = 5.0;
				TARGETED_DEVICE_FAMILY = "1,2";
				TEST_TARGET_NAME = TCAEssential;
			};
			name = Release;
		};
/* End XCBuildConfiguration section */

/* Begin XCConfigurationList section */
		84E625A52AE4D933007738D1 /* Build configuration list for PBXProject "TCAEssential" */ = {
			isa = XCConfigurationList;
			buildConfigurations = (
				84E625CC2AE4D934007738D1 /* Debug */,
				84E625CD2AE4D934007738D1 /* Release */,
			);
			defaultConfigurationIsVisible = 0;
			defaultConfigurationName = Release;
		};
		84E625CE2AE4D934007738D1 /* Build configuration list for PBXNativeTarget "TCAEssential" */ = {
			isa = XCConfigurationList;
			buildConfigurations = (
				84E625CF2AE4D934007738D1 /* Debug */,
				84E625D02AE4D934007738D1 /* Release */,
			);
			defaultConfigurationIsVisible = 0;
			defaultConfigurationName = Release;
		};
		84E625D12AE4D934007738D1 /* Build configuration list for PBXNativeTarget "TCAEssentialTests" */ = {
			isa = XCConfigurationList;
			buildConfigurations = (
				84E625D22AE4D934007738D1 /* Debug */,
				84E625D32AE4D934007738D1 /* Release */,
			);
			defaultConfigurationIsVisible = 0;
			defaultConfigurationName = Release;
		};
		84E625D42AE4D934007738D1 /* Build configuration list for PBXNativeTarget "TCAEssentialUITests" */ = {
			isa = XCConfigurationList;
			buildConfigurations = (
				84E625D52AE4D934007738D1 /* Debug */,
				84E625D62AE4D934007738D1 /* Release */,
			);
			defaultConfigurationIsVisible = 0;
			defaultConfigurationName = Release;
		};
/* End XCConfigurationList section */

/* Begin XCRemoteSwiftPackageReference section */
		84E625D72AE4D9C6007738D1 /* XCRemoteSwiftPackageReference "swift-composable-architecture" */ = {
			isa = XCRemoteSwiftPackageReference;
			repositoryURL = "http://github.com/pointfreeco/swift-composable-architecture";
			requirement = {
				kind = upToNextMajorVersion;
				minimumVersion = 1.2.0;
			};
		};
/* End XCRemoteSwiftPackageReference section */

/* Begin XCSwiftPackageProductDependency section */
		84E625D82AE4D9C6007738D1 /* ComposableArchitecture */ = {
			isa = XCSwiftPackageProductDependency;
			package = 84E625D72AE4D9C6007738D1 /* XCRemoteSwiftPackageReference "swift-composable-architecture" */;
			productName = ComposableArchitecture;
		};
/* End XCSwiftPackageProductDependency section */
	};
	rootObject = 84E625A22AE4D933007738D1 /* Project object */;
}
