// !$*UTF8*$!
{
	archiveVersion = 1;
	classes = {
	};
	objectVersion = 56;
	objects = {

/* Begin PBXBuildFile section */
		D6BF64D82AECBF5A0042A3E9 /* TCANavigationPracticeApp.swift in Sources */ = {isa = PBXBuildFile; fileRef = D6BF64D72AECBF5A0042A3E9 /* TCANavigationPracticeApp.swift */; };
		D6BF64DA2AECBF5A0042A3E9 /* ContentView.swift in Sources */ = {isa = PBXBuildFile; fileRef = D6BF64D92AECBF5A0042A3E9 /* ContentView.swift */; };
		D6BF64DC2AECBF5D0042A3E9 /* Assets.xcassets in Resources */ = {isa = PBXBuildFile; fileRef = D6BF64DB2AECBF5D0042A3E9 /* Assets.xcassets */; };
		D6BF64DF2AECBF5D0042A3E9 /* Preview Assets.xcassets in Resources */ = {isa = PBXBuildFile; fileRef = D6BF64DE2AECBF5D0042A3E9 /* Preview Assets.xcassets */; };
		D6BF64E62AECBF750042A3E9 /* ContactsFeature.swift in Sources */ = {isa = PBXBuildFile; fileRef = D6BF64E52AECBF750042A3E9 /* ContactsFeature.swift */; };
		D6BF64E92AECBF9A0042A3E9 /* ComposableArchitecture in Frameworks */ = {isa = PBXBuildFile; productRef = D6BF64E82AECBF9A0042A3E9 /* ComposableArchitecture */; };
		D6BF64EB2AECC0310042A3E9 /* AddContactFeature.swift in Sources */ = {isa = PBXBuildFile; fileRef = D6BF64EA2AECC0310042A3E9 /* AddContactFeature.swift */; };
		D6BF64ED2AECC2F00042A3E9 /* ContactsView.swift in Sources */ = {isa = PBXBuildFile; fileRef = D6BF64EC2AECC2F00042A3E9 /* ContactsView.swift */; };
		D6BF64EF2AECC2FA0042A3E9 /* AddContactView.swift in Sources */ = {isa = PBXBuildFile; fileRef = D6BF64EE2AECC2FA0042A3E9 /* AddContactView.swift */; };
		D6BF64F12AECCAD70042A3E9 /* ContactsFeature+.swift in Sources */ = {isa = PBXBuildFile; fileRef = D6BF64F02AECCAD70042A3E9 /* ContactsFeature+.swift */; };
		D6BF64FC2AECD1710042A3E9 /* TCANavigationPracticeTests.swift in Sources */ = {isa = PBXBuildFile; fileRef = D6BF64FB2AECD1710042A3E9 /* TCANavigationPracticeTests.swift */; };
		D6BF65032AECD3870042A3E9 /* ContactsdFeatureTests.swift in Sources */ = {isa = PBXBuildFile; fileRef = D6BF65022AECD3870042A3E9 /* ContactsdFeatureTests.swift */; };
		D6BF65052AECD60A0042A3E9 /* ContactDetailFeature.swift in Sources */ = {isa = PBXBuildFile; fileRef = D6BF65042AECD60A0042A3E9 /* ContactDetailFeature.swift */; };
		D6BF65072AECD6320042A3E9 /* ContactDetailView.swift in Sources */ = {isa = PBXBuildFile; fileRef = D6BF65062AECD6320042A3E9 /* ContactDetailView.swift */; };
		D6BF650B2AECD7630042A3E9 /* Alert+.swift in Sources */ = {isa = PBXBuildFile; fileRef = D6BF650A2AECD7630042A3E9 /* Alert+.swift */; };
/* End PBXBuildFile section */

/* Begin PBXContainerItemProxy section */
		D6BF64FD2AECD1710042A3E9 /* PBXContainerItemProxy */ = {
			isa = PBXContainerItemProxy;
			containerPortal = D6BF64CC2AECBF5A0042A3E9 /* Project object */;
			proxyType = 1;
			remoteGlobalIDString = D6BF64D32AECBF5A0042A3E9;
			remoteInfo = TCANavigationPractice;
		};
/* End PBXContainerItemProxy section */

/* Begin PBXFileReference section */
		D6BF64D42AECBF5A0042A3E9 /* TCANavigationPractice.app */ = {isa = PBXFileReference; explicitFileType = wrapper.application; includeInIndex = 0; path = TCANavigationPractice.app; sourceTree = BUILT_PRODUCTS_DIR; };
		D6BF64D72AECBF5A0042A3E9 /* TCANavigationPracticeApp.swift */ = {isa = PBXFileReference; lastKnownFileType = sourcecode.swift; path = TCANavigationPracticeApp.swift; sourceTree = "<group>"; };
		D6BF64D92AECBF5A0042A3E9 /* ContentView.swift */ = {isa = PBXFileReference; lastKnownFileType = sourcecode.swift; path = ContentView.swift; sourceTree = "<group>"; };
		D6BF64DB2AECBF5D0042A3E9 /* Assets.xcassets */ = {isa = PBXFileReference; lastKnownFileType = folder.assetcatalog; path = Assets.xcassets; sourceTree = "<group>"; };
		D6BF64DE2AECBF5D0042A3E9 /* Preview Assets.xcassets */ = {isa = PBXFileReference; lastKnownFileType = folder.assetcatalog; path = "Preview Assets.xcassets"; sourceTree = "<group>"; };
		D6BF64E52AECBF750042A3E9 /* ContactsFeature.swift */ = {isa = PBXFileReference; lastKnownFileType = sourcecode.swift; path = ContactsFeature.swift; sourceTree = "<group>"; };
		D6BF64EA2AECC0310042A3E9 /* AddContactFeature.swift */ = {isa = PBXFileReference; lastKnownFileType = sourcecode.swift; path = AddContactFeature.swift; sourceTree = "<group>"; };
		D6BF64EC2AECC2F00042A3E9 /* ContactsView.swift */ = {isa = PBXFileReference; lastKnownFileType = sourcecode.swift; path = ContactsView.swift; sourceTree = "<group>"; };
		D6BF64EE2AECC2FA0042A3E9 /* AddContactView.swift */ = {isa = PBXFileReference; lastKnownFileType = sourcecode.swift; path = AddContactView.swift; sourceTree = "<group>"; };
		D6BF64F02AECCAD70042A3E9 /* ContactsFeature+.swift */ = {isa = PBXFileReference; lastKnownFileType = sourcecode.swift; path = "ContactsFeature+.swift"; sourceTree = "<group>"; };
		D6BF64F92AECD1710042A3E9 /* TCANavigationPracticeTests.xctest */ = {isa = PBXFileReference; explicitFileType = wrapper.cfbundle; includeInIndex = 0; path = TCANavigationPracticeTests.xctest; sourceTree = BUILT_PRODUCTS_DIR; };
		D6BF64FB2AECD1710042A3E9 /* TCANavigationPracticeTests.swift */ = {isa = PBXFileReference; lastKnownFileType = sourcecode.swift; path = TCANavigationPracticeTests.swift; sourceTree = "<group>"; };
		D6BF65022AECD3870042A3E9 /* ContactsdFeatureTests.swift */ = {isa = PBXFileReference; lastKnownFileType = sourcecode.swift; path = ContactsdFeatureTests.swift; sourceTree = "<group>"; };
		D6BF65042AECD60A0042A3E9 /* ContactDetailFeature.swift */ = {isa = PBXFileReference; lastKnownFileType = sourcecode.swift; path = ContactDetailFeature.swift; sourceTree = "<group>"; };
		D6BF65062AECD6320042A3E9 /* ContactDetailView.swift */ = {isa = PBXFileReference; lastKnownFileType = sourcecode.swift; path = ContactDetailView.swift; sourceTree = "<group>"; };
		D6BF650A2AECD7630042A3E9 /* Alert+.swift */ = {isa = PBXFileReference; lastKnownFileType = sourcecode.swift; path = "Alert+.swift"; sourceTree = "<group>"; };
/* End PBXFileReference section */

/* Begin PBXFrameworksBuildPhase section */
		D6BF64D12AECBF5A0042A3E9 /* Frameworks */ = {
			isa = PBXFrameworksBuildPhase;
			buildActionMask = 2147483647;
			files = (
				D6BF64E92AECBF9A0042A3E9 /* ComposableArchitecture in Frameworks */,
			);
			runOnlyForDeploymentPostprocessing = 0;
		};
		D6BF64F62AECD1710042A3E9 /* Frameworks */ = {
			isa = PBXFrameworksBuildPhase;
			buildActionMask = 2147483647;
			files = (
			);
			runOnlyForDeploymentPostprocessing = 0;
		};
/* End PBXFrameworksBuildPhase section */

/* Begin PBXGroup section */
		D6BF64CB2AECBF5A0042A3E9 = {
			isa = PBXGroup;
			children = (
				D6BF64D62AECBF5A0042A3E9 /* TCANavigationPractice */,
				D6BF64FA2AECD1710042A3E9 /* TCANavigationPracticeTests */,
				D6BF64D52AECBF5A0042A3E9 /* Products */,
			);
			sourceTree = "<group>";
		};
		D6BF64D52AECBF5A0042A3E9 /* Products */ = {
			isa = PBXGroup;
			children = (
				D6BF64D42AECBF5A0042A3E9 /* TCANavigationPractice.app */,
				D6BF64F92AECD1710042A3E9 /* TCANavigationPracticeTests.xctest */,
			);
			name = Products;
			sourceTree = "<group>";
		};
		D6BF64D62AECBF5A0042A3E9 /* TCANavigationPractice */ = {
			isa = PBXGroup;
			children = (
				D6BF64D72AECBF5A0042A3E9 /* TCANavigationPracticeApp.swift */,
				D6BF64D92AECBF5A0042A3E9 /* ContentView.swift */,
				D6BF64DB2AECBF5D0042A3E9 /* Assets.xcassets */,
				D6BF64DD2AECBF5D0042A3E9 /* Preview Content */,
				D6BF64EC2AECC2F00042A3E9 /* ContactsView.swift */,
				D6BF64E52AECBF750042A3E9 /* ContactsFeature.swift */,
				D6BF64EE2AECC2FA0042A3E9 /* AddContactView.swift */,
				D6BF64EA2AECC0310042A3E9 /* AddContactFeature.swift */,
				D6BF64F02AECCAD70042A3E9 /* ContactsFeature+.swift */,
				D6BF65042AECD60A0042A3E9 /* ContactDetailFeature.swift */,
				D6BF65062AECD6320042A3E9 /* ContactDetailView.swift */,
				D6BF650A2AECD7630042A3E9 /* Alert+.swift */,
			);
			path = TCANavigationPractice;
			sourceTree = "<group>";
		};
		D6BF64DD2AECBF5D0042A3E9 /* Preview Content */ = {
			isa = PBXGroup;
			children = (
				D6BF64DE2AECBF5D0042A3E9 /* Preview Assets.xcassets */,
			);
			path = "Preview Content";
			sourceTree = "<group>";
		};
		D6BF64FA2AECD1710042A3E9 /* TCANavigationPracticeTests */ = {
			isa = PBXGroup;
			children = (
				D6BF64FB2AECD1710042A3E9 /* TCANavigationPracticeTests.swift */,
				D6BF65022AECD3870042A3E9 /* ContactsdFeatureTests.swift */,
			);
			path = TCANavigationPracticeTests;
			sourceTree = "<group>";
		};
/* End PBXGroup section */

/* Begin PBXNativeTarget section */
		D6BF64D32AECBF5A0042A3E9 /* TCANavigationPractice */ = {
			isa = PBXNativeTarget;
			buildConfigurationList = D6BF64E22AECBF5D0042A3E9 /* Build configuration list for PBXNativeTarget "TCANavigationPractice" */;
			buildPhases = (
				D6BF64D02AECBF5A0042A3E9 /* Sources */,
				D6BF64D12AECBF5A0042A3E9 /* Frameworks */,
				D6BF64D22AECBF5A0042A3E9 /* Resources */,
			);
			buildRules = (
			);
			dependencies = (
			);
			name = TCANavigationPractice;
			packageProductDependencies = (
				D6BF64E82AECBF9A0042A3E9 /* ComposableArchitecture */,
			);
			productName = TCANavigationPractice;
			productReference = D6BF64D42AECBF5A0042A3E9 /* TCANavigationPractice.app */;
			productType = "com.apple.product-type.application";
		};
		D6BF64F82AECD1710042A3E9 /* TCANavigationPracticeTests */ = {
			isa = PBXNativeTarget;
			buildConfigurationList = D6BF64FF2AECD1710042A3E9 /* Build configuration list for PBXNativeTarget "TCANavigationPracticeTests" */;
			buildPhases = (
				D6BF64F52AECD1710042A3E9 /* Sources */,
				D6BF64F62AECD1710042A3E9 /* Frameworks */,
				D6BF64F72AECD1710042A3E9 /* Resources */,
			);
			buildRules = (
			);
			dependencies = (
				D6BF64FE2AECD1710042A3E9 /* PBXTargetDependency */,
			);
			name = TCANavigationPracticeTests;
			productName = TCANavigationPracticeTests;
			productReference = D6BF64F92AECD1710042A3E9 /* TCANavigationPracticeTests.xctest */;
			productType = "com.apple.product-type.bundle.unit-test";
		};
/* End PBXNativeTarget section */

/* Begin PBXProject section */
		D6BF64CC2AECBF5A0042A3E9 /* Project object */ = {
			isa = PBXProject;
			attributes = {
				BuildIndependentTargetsInParallel = 1;
				LastSwiftUpdateCheck = 1500;
				LastUpgradeCheck = 1500;
				TargetAttributes = {
					D6BF64D32AECBF5A0042A3E9 = {
						CreatedOnToolsVersion = 15.0;
					};
					D6BF64F82AECD1710042A3E9 = {
						CreatedOnToolsVersion = 15.0;
						TestTargetID = D6BF64D32AECBF5A0042A3E9;
					};
				};
			};
			buildConfigurationList = D6BF64CF2AECBF5A0042A3E9 /* Build configuration list for PBXProject "TCANavigationPractice" */;
			compatibilityVersion = "Xcode 14.0";
			developmentRegion = en;
			hasScannedForEncodings = 0;
			knownRegions = (
				en,
				Base,
			);
			mainGroup = D6BF64CB2AECBF5A0042A3E9;
			packageReferences = (
				D6BF64E72AECBF9A0042A3E9 /* XCRemoteSwiftPackageReference "swift-composable-architecture" */,
			);
			productRefGroup = D6BF64D52AECBF5A0042A3E9 /* Products */;
			projectDirPath = "";
			projectRoot = "";
			targets = (
				D6BF64D32AECBF5A0042A3E9 /* TCANavigationPractice */,
				D6BF64F82AECD1710042A3E9 /* TCANavigationPracticeTests */,
			);
		};
/* End PBXProject section */

/* Begin PBXResourcesBuildPhase section */
		D6BF64D22AECBF5A0042A3E9 /* Resources */ = {
			isa = PBXResourcesBuildPhase;
			buildActionMask = 2147483647;
			files = (
				D6BF64DF2AECBF5D0042A3E9 /* Preview Assets.xcassets in Resources */,
				D6BF64DC2AECBF5D0042A3E9 /* Assets.xcassets in Resources */,
			);
			runOnlyForDeploymentPostprocessing = 0;
		};
		D6BF64F72AECD1710042A3E9 /* Resources */ = {
			isa = PBXResourcesBuildPhase;
			buildActionMask = 2147483647;
			files = (
			);
			runOnlyForDeploymentPostprocessing = 0;
		};
/* End PBXResourcesBuildPhase section */

/* Begin PBXSourcesBuildPhase section */
		D6BF64D02AECBF5A0042A3E9 /* Sources */ = {
			isa = PBXSourcesBuildPhase;
			buildActionMask = 2147483647;
			files = (
				D6BF65052AECD60A0042A3E9 /* ContactDetailFeature.swift in Sources */,
				D6BF64DA2AECBF5A0042A3E9 /* ContentView.swift in Sources */,
				D6BF64D82AECBF5A0042A3E9 /* TCANavigationPracticeApp.swift in Sources */,
				D6BF64E62AECBF750042A3E9 /* ContactsFeature.swift in Sources */,
				D6BF64EF2AECC2FA0042A3E9 /* AddContactView.swift in Sources */,
				D6BF64ED2AECC2F00042A3E9 /* ContactsView.swift in Sources */,
				D6BF650B2AECD7630042A3E9 /* Alert+.swift in Sources */,
				D6BF65072AECD6320042A3E9 /* ContactDetailView.swift in Sources */,
				D6BF64EB2AECC0310042A3E9 /* AddContactFeature.swift in Sources */,
				D6BF64F12AECCAD70042A3E9 /* ContactsFeature+.swift in Sources */,
			);
			runOnlyForDeploymentPostprocessing = 0;
		};
		D6BF64F52AECD1710042A3E9 /* Sources */ = {
			isa = PBXSourcesBuildPhase;
			buildActionMask = 2147483647;
			files = (
				D6BF65032AECD3870042A3E9 /* ContactsdFeatureTests.swift in Sources */,
				D6BF64FC2AECD1710042A3E9 /* TCANavigationPracticeTests.swift in Sources */,
			);
			runOnlyForDeploymentPostprocessing = 0;
		};
/* End PBXSourcesBuildPhase section */

/* Begin PBXTargetDependency section */
		D6BF64FE2AECD1710042A3E9 /* PBXTargetDependency */ = {
			isa = PBXTargetDependency;
			target = D6BF64D32AECBF5A0042A3E9 /* TCANavigationPractice */;
			targetProxy = D6BF64FD2AECD1710042A3E9 /* PBXContainerItemProxy */;
		};
/* End PBXTargetDependency section */

/* Begin XCBuildConfiguration section */
		D6BF64E02AECBF5D0042A3E9 /* Debug */ = {
			isa = XCBuildConfiguration;
			buildSettings = {
				ALWAYS_SEARCH_USER_PATHS = NO;
				ASSETCATALOG_COMPILER_GENERATE_SWIFT_ASSET_SYMBOL_EXTENSIONS = YES;
				CLANG_ANALYZER_NONNULL = YES;
				CLANG_ANALYZER_NUMBER_OBJECT_CONVERSION = YES_AGGRESSIVE;
				CLANG_CXX_LANGUAGE_STANDARD = "gnu++20";
				CLANG_ENABLE_MODULES = YES;
				CLANG_ENABLE_OBJC_ARC = YES;
				CLANG_ENABLE_OBJC_WEAK = YES;
				CLANG_WARN_BLOCK_CAPTURE_AUTORELEASING = YES;
				CLANG_WARN_BOOL_CONVERSION = YES;
				CLANG_WARN_COMMA = YES;
				CLANG_WARN_CONSTANT_CONVERSION = YES;
				CLANG_WARN_DEPRECATED_OBJC_IMPLEMENTATIONS = YES;
				CLANG_WARN_DIRECT_OBJC_ISA_USAGE = YES_ERROR;
				CLANG_WARN_DOCUMENTATION_COMMENTS = YES;
				CLANG_WARN_EMPTY_BODY = YES;
				CLANG_WARN_ENUM_CONVERSION = YES;
				CLANG_WARN_INFINITE_RECURSION = YES;
				CLANG_WARN_INT_CONVERSION = YES;
				CLANG_WARN_NON_LITERAL_NULL_CONVERSION = YES;
				CLANG_WARN_OBJC_IMPLICIT_RETAIN_SELF = YES;
				CLANG_WARN_OBJC_LITERAL_CONVERSION = YES;
				CLANG_WARN_OBJC_ROOT_CLASS = YES_ERROR;
				CLANG_WARN_QUOTED_INCLUDE_IN_FRAMEWORK_HEADER = YES;
				CLANG_WARN_RANGE_LOOP_ANALYSIS = YES;
				CLANG_WARN_STRICT_PROTOTYPES = YES;
				CLANG_WARN_SUSPICIOUS_MOVE = YES;
				CLANG_WARN_UNGUARDED_AVAILABILITY = YES_AGGRESSIVE;
				CLANG_WARN_UNREACHABLE_CODE = YES;
				CLANG_WARN__DUPLICATE_METHOD_MATCH = YES;
				COPY_PHASE_STRIP = NO;
				DEBUG_INFORMATION_FORMAT = dwarf;
				ENABLE_STRICT_OBJC_MSGSEND = YES;
				ENABLE_TESTABILITY = YES;
				ENABLE_USER_SCRIPT_SANDBOXING = YES;
				GCC_C_LANGUAGE_STANDARD = gnu17;
				GCC_DYNAMIC_NO_PIC = NO;
				GCC_NO_COMMON_BLOCKS = YES;
				GCC_OPTIMIZATION_LEVEL = 0;
				GCC_PREPROCESSOR_DEFINITIONS = (
					"DEBUG=1",
					"$(inherited)",
				);
				GCC_WARN_64_TO_32_BIT_CONVERSION = YES;
				GCC_WARN_ABOUT_RETURN_TYPE = YES_ERROR;
				GCC_WARN_UNDECLARED_SELECTOR = YES;
				GCC_WARN_UNINITIALIZED_AUTOS = YES_AGGRESSIVE;
				GCC_WARN_UNUSED_FUNCTION = YES;
				GCC_WARN_UNUSED_VARIABLE = YES;
				IPHONEOS_DEPLOYMENT_TARGET = 17.0;
				LOCALIZATION_PREFERS_STRING_CATALOGS = YES;
				MTL_ENABLE_DEBUG_INFO = INCLUDE_SOURCE;
				MTL_FAST_MATH = YES;
				ONLY_ACTIVE_ARCH = YES;
				SDKROOT = iphoneos;
				SWIFT_ACTIVE_COMPILATION_CONDITIONS = "DEBUG $(inherited)";
				SWIFT_OPTIMIZATION_LEVEL = "-Onone";
			};
			name = Debug;
		};
		D6BF64E12AECBF5D0042A3E9 /* Release */ = {
			isa = XCBuildConfiguration;
			buildSettings = {
				ALWAYS_SEARCH_USER_PATHS = NO;
				ASSETCATALOG_COMPILER_GENERATE_SWIFT_ASSET_SYMBOL_EXTENSIONS = YES;
				CLANG_ANALYZER_NONNULL = YES;
				CLANG_ANALYZER_NUMBER_OBJECT_CONVERSION = YES_AGGRESSIVE;
				CLANG_CXX_LANGUAGE_STANDARD = "gnu++20";
				CLANG_ENABLE_MODULES = YES;
				CLANG_ENABLE_OBJC_ARC = YES;
				CLANG_ENABLE_OBJC_WEAK = YES;
				CLANG_WARN_BLOCK_CAPTURE_AUTORELEASING = YES;
				CLANG_WARN_BOOL_CONVERSION = YES;
				CLANG_WARN_COMMA = YES;
				CLANG_WARN_CONSTANT_CONVERSION = YES;
				CLANG_WARN_DEPRECATED_OBJC_IMPLEMENTATIONS = YES;
				CLANG_WARN_DIRECT_OBJC_ISA_USAGE = YES_ERROR;
				CLANG_WARN_DOCUMENTATION_COMMENTS = YES;
				CLANG_WARN_EMPTY_BODY = YES;
				CLANG_WARN_ENUM_CONVERSION = YES;
				CLANG_WARN_INFINITE_RECURSION = YES;
				CLANG_WARN_INT_CONVERSION = YES;
				CLANG_WARN_NON_LITERAL_NULL_CONVERSION = YES;
				CLANG_WARN_OBJC_IMPLICIT_RETAIN_SELF = YES;
				CLANG_WARN_OBJC_LITERAL_CONVERSION = YES;
				CLANG_WARN_OBJC_ROOT_CLASS = YES_ERROR;
				CLANG_WARN_QUOTED_INCLUDE_IN_FRAMEWORK_HEADER = YES;
				CLANG_WARN_RANGE_LOOP_ANALYSIS = YES;
				CLANG_WARN_STRICT_PROTOTYPES = YES;
				CLANG_WARN_SUSPICIOUS_MOVE = YES;
				CLANG_WARN_UNGUARDED_AVAILABILITY = YES_AGGRESSIVE;
				CLANG_WARN_UNREACHABLE_CODE = YES;
				CLANG_WARN__DUPLICATE_METHOD_MATCH = YES;
				COPY_PHASE_STRIP = NO;
				DEBUG_INFORMATION_FORMAT = "dwarf-with-dsym";
				ENABLE_NS_ASSERTIONS = NO;
				ENABLE_STRICT_OBJC_MSGSEND = YES;
				ENABLE_USER_SCRIPT_SANDBOXING = YES;
				GCC_C_LANGUAGE_STANDARD = gnu17;
				GCC_NO_COMMON_BLOCKS = YES;
				GCC_WARN_64_TO_32_BIT_CONVERSION = YES;
				GCC_WARN_ABOUT_RETURN_TYPE = YES_ERROR;
				GCC_WARN_UNDECLARED_SELECTOR = YES;
				GCC_WARN_UNINITIALIZED_AUTOS = YES_AGGRESSIVE;
				GCC_WARN_UNUSED_FUNCTION = YES;
				GCC_WARN_UNUSED_VARIABLE = YES;
				IPHONEOS_DEPLOYMENT_TARGET = 17.0;
				LOCALIZATION_PREFERS_STRING_CATALOGS = YES;
				MTL_ENABLE_DEBUG_INFO = NO;
				MTL_FAST_MATH = YES;
				SDKROOT = iphoneos;
				SWIFT_COMPILATION_MODE = wholemodule;
				VALIDATE_PRODUCT = YES;
			};
			name = Release;
		};
		D6BF64E32AECBF5D0042A3E9 /* Debug */ = {
			isa = XCBuildConfiguration;
			buildSettings = {
				ASSETCATALOG_COMPILER_APPICON_NAME = AppIcon;
				ASSETCATALOG_COMPILER_GLOBAL_ACCENT_COLOR_NAME = AccentColor;
				CODE_SIGN_STYLE = Automatic;
				CURRENT_PROJECT_VERSION = 1;
				DEVELOPMENT_ASSET_PATHS = "\"TCANavigationPractice/Preview Content\"";
				DEVELOPMENT_TEAM = 2YJXRFH75A;
				ENABLE_PREVIEWS = YES;
				GENERATE_INFOPLIST_FILE = YES;
				INFOPLIST_KEY_UIApplicationSceneManifest_Generation = YES;
				INFOPLIST_KEY_UIApplicationSupportsIndirectInputEvents = YES;
				INFOPLIST_KEY_UILaunchScreen_Generation = YES;
				INFOPLIST_KEY_UISupportedInterfaceOrientations_iPad = "UIInterfaceOrientationPortrait UIInterfaceOrientationPortraitUpsideDown UIInterfaceOrientationLandscapeLeft UIInterfaceOrientationLandscapeRight";
				INFOPLIST_KEY_UISupportedInterfaceOrientations_iPhone = "UIInterfaceOrientationPortrait UIInterfaceOrientationLandscapeLeft UIInterfaceOrientationLandscapeRight";
				LD_RUNPATH_SEARCH_PATHS = (
					"$(inherited)",
					"@executable_path/Frameworks",
				);
				MARKETING_VERSION = 1.0;
				PRODUCT_BUNDLE_IDENTIFIER = com.sunny.TCANavigationPractice;
				PRODUCT_NAME = "$(TARGET_NAME)";
				SWIFT_EMIT_LOC_STRINGS = YES;
				SWIFT_VERSION = 5.0;
				TARGETED_DEVICE_FAMILY = "1,2";
			};
			name = Debug;
		};
		D6BF64E42AECBF5D0042A3E9 /* Release */ = {
			isa = XCBuildConfiguration;
			buildSettings = {
				ASSETCATALOG_COMPILER_APPICON_NAME = AppIcon;
				ASSETCATALOG_COMPILER_GLOBAL_ACCENT_COLOR_NAME = AccentColor;
				CODE_SIGN_STYLE = Automatic;
				CURRENT_PROJECT_VERSION = 1;
				DEVELOPMENT_ASSET_PATHS = "\"TCANavigationPractice/Preview Content\"";
				DEVELOPMENT_TEAM = 2YJXRFH75A;
				ENABLE_PREVIEWS = YES;
				GENERATE_INFOPLIST_FILE = YES;
				INFOPLIST_KEY_UIApplicationSceneManifest_Generation = YES;
				INFOPLIST_KEY_UIApplicationSupportsIndirectInputEvents = YES;
				INFOPLIST_KEY_UILaunchScreen_Generation = YES;
				INFOPLIST_KEY_UISupportedInterfaceOrientations_iPad = "UIInterfaceOrientationPortrait UIInterfaceOrientationPortraitUpsideDown UIInterfaceOrientationLandscapeLeft UIInterfaceOrientationLandscapeRight";
				INFOPLIST_KEY_UISupportedInterfaceOrientations_iPhone = "UIInterfaceOrientationPortrait UIInterfaceOrientationLandscapeLeft UIInterfaceOrientationLandscapeRight";
				LD_RUNPATH_SEARCH_PATHS = (
					"$(inherited)",
					"@executable_path/Frameworks",
				);
				MARKETING_VERSION = 1.0;
				PRODUCT_BUNDLE_IDENTIFIER = com.sunny.TCANavigationPractice;
				PRODUCT_NAME = "$(TARGET_NAME)";
				SWIFT_EMIT_LOC_STRINGS = YES;
				SWIFT_VERSION = 5.0;
				TARGETED_DEVICE_FAMILY = "1,2";
			};
			name = Release;
		};
		D6BF65002AECD1710042A3E9 /* Debug */ = {
			isa = XCBuildConfiguration;
			buildSettings = {
				BUNDLE_LOADER = "$(TEST_HOST)";
				CODE_SIGN_STYLE = Automatic;
				CURRENT_PROJECT_VERSION = 1;
				DEVELOPMENT_TEAM = 2YJXRFH75A;
				GENERATE_INFOPLIST_FILE = YES;
				MARKETING_VERSION = 1.0;
				PRODUCT_BUNDLE_IDENTIFIER = com.sunny.TCANavigationPracticeTests;
				PRODUCT_NAME = "$(TARGET_NAME)";
				SWIFT_EMIT_LOC_STRINGS = NO;
				SWIFT_VERSION = 5.0;
				TARGETED_DEVICE_FAMILY = "1,2";
				TEST_HOST = "$(BUILT_PRODUCTS_DIR)/TCANavigationPractice.app/$(BUNDLE_EXECUTABLE_FOLDER_PATH)/TCANavigationPractice";
			};
			name = Debug;
		};
		D6BF65012AECD1710042A3E9 /* Release */ = {
			isa = XCBuildConfiguration;
			buildSettings = {
				BUNDLE_LOADER = "$(TEST_HOST)";
				CODE_SIGN_STYLE = Automatic;
				CURRENT_PROJECT_VERSION = 1;
				DEVELOPMENT_TEAM = 2YJXRFH75A;
				GENERATE_INFOPLIST_FILE = YES;
				MARKETING_VERSION = 1.0;
				PRODUCT_BUNDLE_IDENTIFIER = com.sunny.TCANavigationPracticeTests;
				PRODUCT_NAME = "$(TARGET_NAME)";
				SWIFT_EMIT_LOC_STRINGS = NO;
				SWIFT_VERSION = 5.0;
				TARGETED_DEVICE_FAMILY = "1,2";
				TEST_HOST = "$(BUILT_PRODUCTS_DIR)/TCANavigationPractice.app/$(BUNDLE_EXECUTABLE_FOLDER_PATH)/TCANavigationPractice";
			};
			name = Release;
		};
/* End XCBuildConfiguration section */

/* Begin XCConfigurationList section */
		D6BF64CF2AECBF5A0042A3E9 /* Build configuration list for PBXProject "TCANavigationPractice" */ = {
			isa = XCConfigurationList;
			buildConfigurations = (
				D6BF64E02AECBF5D0042A3E9 /* Debug */,
				D6BF64E12AECBF5D0042A3E9 /* Release */,
			);
			defaultConfigurationIsVisible = 0;
			defaultConfigurationName = Release;
		};
		D6BF64E22AECBF5D0042A3E9 /* Build configuration list for PBXNativeTarget "TCANavigationPractice" */ = {
			isa = XCConfigurationList;
			buildConfigurations = (
				D6BF64E32AECBF5D0042A3E9 /* Debug */,
				D6BF64E42AECBF5D0042A3E9 /* Release */,
			);
			defaultConfigurationIsVisible = 0;
			defaultConfigurationName = Release;
		};
		D6BF64FF2AECD1710042A3E9 /* Build configuration list for PBXNativeTarget "TCANavigationPracticeTests" */ = {
			isa = XCConfigurationList;
			buildConfigurations = (
				D6BF65002AECD1710042A3E9 /* Debug */,
				D6BF65012AECD1710042A3E9 /* Release */,
			);
			defaultConfigurationIsVisible = 0;
			defaultConfigurationName = Release;
		};
/* End XCConfigurationList section */

/* Begin XCRemoteSwiftPackageReference section */
		D6BF64E72AECBF9A0042A3E9 /* XCRemoteSwiftPackageReference "swift-composable-architecture" */ = {
			isa = XCRemoteSwiftPackageReference;
			repositoryURL = "https://github.com/pointfreeco/swift-composable-architecture";
			requirement = {
				kind = upToNextMajorVersion;
				minimumVersion = 1.3.0;
			};
		};
/* End XCRemoteSwiftPackageReference section */

/* Begin XCSwiftPackageProductDependency section */
		D6BF64E82AECBF9A0042A3E9 /* ComposableArchitecture */ = {
			isa = XCSwiftPackageProductDependency;
			package = D6BF64E72AECBF9A0042A3E9 /* XCRemoteSwiftPackageReference "swift-composable-architecture" */;
			productName = ComposableArchitecture;
		};
/* End XCSwiftPackageProductDependency section */
	};
	rootObject = D6BF64CC2AECBF5A0042A3E9 /* Project object */;
}
