// !$*UTF8*$!
{
	archiveVersion = 1;
	classes = {
	};
	objectVersion = 56;
	objects = {

/* Begin PBXBuildFile section */
		7F2630562AF783E100CDDF21 /* TCA_NaviagationApp.swift in Sources */ = {isa = PBXBuildFile; fileRef = 7F2630552AF783E100CDDF21 /* TCA_NaviagationApp.swift */; };
		7F2630582AF783E100CDDF21 /* ContentView.swift in Sources */ = {isa = PBXBuildFile; fileRef = 7F2630572AF783E100CDDF21 /* ContentView.swift */; };
		7F26305A2AF783E700CDDF21 /* Assets.xcassets in Resources */ = {isa = PBXBuildFile; fileRef = 7F2630592AF783E700CDDF21 /* Assets.xcassets */; };
		7F26305E2AF783E700CDDF21 /* Preview Assets.xcassets in Resources */ = {isa = PBXBuildFile; fileRef = 7F26305D2AF783E700CDDF21 /* Preview Assets.xcassets */; };
		7F2630682AF783E700CDDF21 /* TCA_NaviagationTests.swift in Sources */ = {isa = PBXBuildFile; fileRef = 7F2630672AF783E700CDDF21 /* TCA_NaviagationTests.swift */; };
		7F2630722AF783E700CDDF21 /* TCA_NaviagationUITests.swift in Sources */ = {isa = PBXBuildFile; fileRef = 7F2630712AF783E700CDDF21 /* TCA_NaviagationUITests.swift */; };
		7F2630742AF783E700CDDF21 /* TCA_NaviagationUITestsLaunchTests.swift in Sources */ = {isa = PBXBuildFile; fileRef = 7F2630732AF783E700CDDF21 /* TCA_NaviagationUITestsLaunchTests.swift */; };
		7F2630872AF7853F00CDDF21 /* ComposableArchitecture in Frameworks */ = {isa = PBXBuildFile; productRef = 7F2630862AF7853F00CDDF21 /* ComposableArchitecture */; };
		7F2630892AF7855E00CDDF21 /* ContactsFeature.swift in Sources */ = {isa = PBXBuildFile; fileRef = 7F2630882AF7855E00CDDF21 /* ContactsFeature.swift */; };
		7F26308C2AF785C600CDDF21 /* Contact.swift in Sources */ = {isa = PBXBuildFile; fileRef = 7F26308B2AF785C600CDDF21 /* Contact.swift */; };
		7F26308E2AF787CF00CDDF21 /* AddContactView.swift in Sources */ = {isa = PBXBuildFile; fileRef = 7F26308D2AF787CF00CDDF21 /* AddContactView.swift */; };
		7F2630902AF7888B00CDDF21 /* AddContactFeature.swift in Sources */ = {isa = PBXBuildFile; fileRef = 7F26308F2AF7888B00CDDF21 /* AddContactFeature.swift */; };
		7F2630922AF796E000CDDF21 /* Extension+ContactFeature.swift in Sources */ = {isa = PBXBuildFile; fileRef = 7F2630912AF796E000CDDF21 /* Extension+ContactFeature.swift */; };
		7F2630942AF7A23F00CDDF21 /* ContactDetailFeature.swift in Sources */ = {isa = PBXBuildFile; fileRef = 7F2630932AF7A23F00CDDF21 /* ContactDetailFeature.swift */; };
		7F2630962AF7A2BF00CDDF21 /* ContactDetailView.swift in Sources */ = {isa = PBXBuildFile; fileRef = 7F2630952AF7A2BF00CDDF21 /* ContactDetailView.swift */; };
/* End PBXBuildFile section */

/* Begin PBXContainerItemProxy section */
		7F2630642AF783E700CDDF21 /* PBXContainerItemProxy */ = {
			isa = PBXContainerItemProxy;
			containerPortal = 7F26304A2AF783E100CDDF21 /* Project object */;
			proxyType = 1;
			remoteGlobalIDString = 7F2630512AF783E100CDDF21;
			remoteInfo = TCA_Naviagation;
		};
		7F26306E2AF783E700CDDF21 /* PBXContainerItemProxy */ = {
			isa = PBXContainerItemProxy;
			containerPortal = 7F26304A2AF783E100CDDF21 /* Project object */;
			proxyType = 1;
			remoteGlobalIDString = 7F2630512AF783E100CDDF21;
			remoteInfo = TCA_Naviagation;
		};
/* End PBXContainerItemProxy section */

/* Begin PBXFileReference section */
		7F2630522AF783E100CDDF21 /* TCA_Naviagation.app */ = {isa = PBXFileReference; explicitFileType = wrapper.application; includeInIndex = 0; path = TCA_Naviagation.app; sourceTree = BUILT_PRODUCTS_DIR; };
		7F2630552AF783E100CDDF21 /* TCA_NaviagationApp.swift */ = {isa = PBXFileReference; lastKnownFileType = sourcecode.swift; path = TCA_NaviagationApp.swift; sourceTree = "<group>"; };
		7F2630572AF783E100CDDF21 /* ContentView.swift */ = {isa = PBXFileReference; lastKnownFileType = sourcecode.swift; path = ContentView.swift; sourceTree = "<group>"; };
		7F2630592AF783E700CDDF21 /* Assets.xcassets */ = {isa = PBXFileReference; lastKnownFileType = folder.assetcatalog; path = Assets.xcassets; sourceTree = "<group>"; };
		7F26305B2AF783E700CDDF21 /* TCA_Naviagation.entitlements */ = {isa = PBXFileReference; lastKnownFileType = text.plist.entitlements; path = TCA_Naviagation.entitlements; sourceTree = "<group>"; };
		7F26305D2AF783E700CDDF21 /* Preview Assets.xcassets */ = {isa = PBXFileReference; lastKnownFileType = folder.assetcatalog; path = "Preview Assets.xcassets"; sourceTree = "<group>"; };
		7F2630632AF783E700CDDF21 /* TCA_NaviagationTests.xctest */ = {isa = PBXFileReference; explicitFileType = wrapper.cfbundle; includeInIndex = 0; path = TCA_NaviagationTests.xctest; sourceTree = BUILT_PRODUCTS_DIR; };
		7F2630672AF783E700CDDF21 /* TCA_NaviagationTests.swift */ = {isa = PBXFileReference; lastKnownFileType = sourcecode.swift; path = TCA_NaviagationTests.swift; sourceTree = "<group>"; };
		7F26306D2AF783E700CDDF21 /* TCA_NaviagationUITests.xctest */ = {isa = PBXFileReference; explicitFileType = wrapper.cfbundle; includeInIndex = 0; path = TCA_NaviagationUITests.xctest; sourceTree = BUILT_PRODUCTS_DIR; };
		7F2630712AF783E700CDDF21 /* TCA_NaviagationUITests.swift */ = {isa = PBXFileReference; lastKnownFileType = sourcecode.swift; path = TCA_NaviagationUITests.swift; sourceTree = "<group>"; };
		7F2630732AF783E700CDDF21 /* TCA_NaviagationUITestsLaunchTests.swift */ = {isa = PBXFileReference; lastKnownFileType = sourcecode.swift; path = TCA_NaviagationUITestsLaunchTests.swift; sourceTree = "<group>"; };
		7F2630882AF7855E00CDDF21 /* ContactsFeature.swift */ = {isa = PBXFileReference; lastKnownFileType = sourcecode.swift; path = ContactsFeature.swift; sourceTree = "<group>"; };
		7F26308B2AF785C600CDDF21 /* Contact.swift */ = {isa = PBXFileReference; lastKnownFileType = sourcecode.swift; path = Contact.swift; sourceTree = "<group>"; };
		7F26308D2AF787CF00CDDF21 /* AddContactView.swift */ = {isa = PBXFileReference; lastKnownFileType = sourcecode.swift; path = AddContactView.swift; sourceTree = "<group>"; };
		7F26308F2AF7888B00CDDF21 /* AddContactFeature.swift */ = {isa = PBXFileReference; lastKnownFileType = sourcecode.swift; path = AddContactFeature.swift; sourceTree = "<group>"; };
		7F2630912AF796E000CDDF21 /* Extension+ContactFeature.swift */ = {isa = PBXFileReference; lastKnownFileType = sourcecode.swift; path = "Extension+ContactFeature.swift"; sourceTree = "<group>"; };
		7F2630932AF7A23F00CDDF21 /* ContactDetailFeature.swift */ = {isa = PBXFileReference; lastKnownFileType = sourcecode.swift; path = ContactDetailFeature.swift; sourceTree = "<group>"; };
		7F2630952AF7A2BF00CDDF21 /* ContactDetailView.swift */ = {isa = PBXFileReference; lastKnownFileType = sourcecode.swift; path = ContactDetailView.swift; sourceTree = "<group>"; };
/* End PBXFileReference section */

/* Begin PBXFrameworksBuildPhase section */
		7F26304F2AF783E100CDDF21 /* Frameworks */ = {
			isa = PBXFrameworksBuildPhase;
			buildActionMask = 2147483647;
			files = (
				7F2630872AF7853F00CDDF21 /* ComposableArchitecture in Frameworks */,
			);
			runOnlyForDeploymentPostprocessing = 0;
		};
		7F2630602AF783E700CDDF21 /* Frameworks */ = {
			isa = PBXFrameworksBuildPhase;
			buildActionMask = 2147483647;
			files = (
			);
			runOnlyForDeploymentPostprocessing = 0;
		};
		7F26306A2AF783E700CDDF21 /* Frameworks */ = {
			isa = PBXFrameworksBuildPhase;
			buildActionMask = 2147483647;
			files = (
			);
			runOnlyForDeploymentPostprocessing = 0;
		};
/* End PBXFrameworksBuildPhase section */

/* Begin PBXGroup section */
		7F2630492AF783E000CDDF21 = {
			isa = PBXGroup;
			children = (
				7F2630542AF783E100CDDF21 /* TCA_Naviagation */,
				7F2630662AF783E700CDDF21 /* TCA_NaviagationTests */,
				7F2630702AF783E700CDDF21 /* TCA_NaviagationUITests */,
				7F2630532AF783E100CDDF21 /* Products */,
			);
			sourceTree = "<group>";
		};
		7F2630532AF783E100CDDF21 /* Products */ = {
			isa = PBXGroup;
			children = (
				7F2630522AF783E100CDDF21 /* TCA_Naviagation.app */,
				7F2630632AF783E700CDDF21 /* TCA_NaviagationTests.xctest */,
				7F26306D2AF783E700CDDF21 /* TCA_NaviagationUITests.xctest */,
			);
			name = Products;
			sourceTree = "<group>";
		};
		7F2630542AF783E100CDDF21 /* TCA_Naviagation */ = {
			isa = PBXGroup;
			children = (
				7F2630822AF7847C00CDDF21 /* Applicataion */,
				7F2630812AF7840100CDDF21 /* Source */,
				7F2630802AF783F300CDDF21 /* Resource */,
			);
			path = TCA_Naviagation;
			sourceTree = "<group>";
		};
		7F26305C2AF783E700CDDF21 /* Preview Content */ = {
			isa = PBXGroup;
			children = (
				7F26305D2AF783E700CDDF21 /* Preview Assets.xcassets */,
			);
			path = "Preview Content";
			sourceTree = "<group>";
		};
		7F2630662AF783E700CDDF21 /* TCA_NaviagationTests */ = {
			isa = PBXGroup;
			children = (
				7F2630672AF783E700CDDF21 /* TCA_NaviagationTests.swift */,
			);
			path = TCA_NaviagationTests;
			sourceTree = "<group>";
		};
		7F2630702AF783E700CDDF21 /* TCA_NaviagationUITests */ = {
			isa = PBXGroup;
			children = (
				7F2630712AF783E700CDDF21 /* TCA_NaviagationUITests.swift */,
				7F2630732AF783E700CDDF21 /* TCA_NaviagationUITestsLaunchTests.swift */,
			);
			path = TCA_NaviagationUITests;
			sourceTree = "<group>";
		};
		7F2630802AF783F300CDDF21 /* Resource */ = {
			isa = PBXGroup;
			children = (
				7F26305C2AF783E700CDDF21 /* Preview Content */,
				7F26305B2AF783E700CDDF21 /* TCA_Naviagation.entitlements */,
				7F2630592AF783E700CDDF21 /* Assets.xcassets */,
			);
			path = Resource;
			sourceTree = "<group>";
		};
		7F2630812AF7840100CDDF21 /* Source */ = {
			isa = PBXGroup;
			children = (
				7F26308A2AF785B400CDDF21 /* Model */,
				7F2630842AF7849100CDDF21 /* View */,
				7F2630832AF7848900CDDF21 /* Feature */,
			);
			path = Source;
			sourceTree = "<group>";
		};
		7F2630822AF7847C00CDDF21 /* Applicataion */ = {
			isa = PBXGroup;
			children = (
				7F2630552AF783E100CDDF21 /* TCA_NaviagationApp.swift */,
			);
			path = Applicataion;
			sourceTree = "<group>";
		};
		7F2630832AF7848900CDDF21 /* Feature */ = {
			isa = PBXGroup;
			children = (
				7F2630882AF7855E00CDDF21 /* ContactsFeature.swift */,
				7F26308F2AF7888B00CDDF21 /* AddContactFeature.swift */,
				7F2630912AF796E000CDDF21 /* Extension+ContactFeature.swift */,
				7F2630932AF7A23F00CDDF21 /* ContactDetailFeature.swift */,
			);
			path = Feature;
			sourceTree = "<group>";
		};
		7F2630842AF7849100CDDF21 /* View */ = {
			isa = PBXGroup;
			children = (
				7F2630572AF783E100CDDF21 /* ContentView.swift */,
				7F26308D2AF787CF00CDDF21 /* AddContactView.swift */,
				7F2630952AF7A2BF00CDDF21 /* ContactDetailView.swift */,
			);
			path = View;
			sourceTree = "<group>";
		};
		7F26308A2AF785B400CDDF21 /* Model */ = {
			isa = PBXGroup;
			children = (
				7F26308B2AF785C600CDDF21 /* Contact.swift */,
			);
			path = Model;
			sourceTree = "<group>";
		};
/* End PBXGroup section */

/* Begin PBXNativeTarget section */
		7F2630512AF783E100CDDF21 /* TCA_Naviagation */ = {
			isa = PBXNativeTarget;
			buildConfigurationList = 7F2630772AF783E700CDDF21 /* Build configuration list for PBXNativeTarget "TCA_Naviagation" */;
			buildPhases = (
				7F26304E2AF783E100CDDF21 /* Sources */,
				7F26304F2AF783E100CDDF21 /* Frameworks */,
				7F2630502AF783E100CDDF21 /* Resources */,
			);
			buildRules = (
			);
			dependencies = (
			);
			name = TCA_Naviagation;
			packageProductDependencies = (
				7F2630862AF7853F00CDDF21 /* ComposableArchitecture */,
			);
			productName = TCA_Naviagation;
			productReference = 7F2630522AF783E100CDDF21 /* TCA_Naviagation.app */;
			productType = "com.apple.product-type.application";
		};
		7F2630622AF783E700CDDF21 /* TCA_NaviagationTests */ = {
			isa = PBXNativeTarget;
			buildConfigurationList = 7F26307A2AF783E700CDDF21 /* Build configuration list for PBXNativeTarget "TCA_NaviagationTests" */;
			buildPhases = (
				7F26305F2AF783E700CDDF21 /* Sources */,
				7F2630602AF783E700CDDF21 /* Frameworks */,
				7F2630612AF783E700CDDF21 /* Resources */,
			);
			buildRules = (
			);
			dependencies = (
				7F2630652AF783E700CDDF21 /* PBXTargetDependency */,
			);
			name = TCA_NaviagationTests;
			productName = TCA_NaviagationTests;
			productReference = 7F2630632AF783E700CDDF21 /* TCA_NaviagationTests.xctest */;
			productType = "com.apple.product-type.bundle.unit-test";
		};
		7F26306C2AF783E700CDDF21 /* TCA_NaviagationUITests */ = {
			isa = PBXNativeTarget;
			buildConfigurationList = 7F26307D2AF783E700CDDF21 /* Build configuration list for PBXNativeTarget "TCA_NaviagationUITests" */;
			buildPhases = (
				7F2630692AF783E700CDDF21 /* Sources */,
				7F26306A2AF783E700CDDF21 /* Frameworks */,
				7F26306B2AF783E700CDDF21 /* Resources */,
			);
			buildRules = (
			);
			dependencies = (
				7F26306F2AF783E700CDDF21 /* PBXTargetDependency */,
			);
			name = TCA_NaviagationUITests;
			productName = TCA_NaviagationUITests;
			productReference = 7F26306D2AF783E700CDDF21 /* TCA_NaviagationUITests.xctest */;
			productType = "com.apple.product-type.bundle.ui-testing";
		};
/* End PBXNativeTarget section */

/* Begin PBXProject section */
		7F26304A2AF783E100CDDF21 /* Project object */ = {
			isa = PBXProject;
			attributes = {
				BuildIndependentTargetsInParallel = 1;
				LastSwiftUpdateCheck = 1500;
				LastUpgradeCheck = 1500;
				TargetAttributes = {
					7F2630512AF783E100CDDF21 = {
						CreatedOnToolsVersion = 15.0.1;
					};
					7F2630622AF783E700CDDF21 = {
						CreatedOnToolsVersion = 15.0.1;
						TestTargetID = 7F2630512AF783E100CDDF21;
					};
					7F26306C2AF783E700CDDF21 = {
						CreatedOnToolsVersion = 15.0.1;
						TestTargetID = 7F2630512AF783E100CDDF21;
					};
				};
			};
			buildConfigurationList = 7F26304D2AF783E100CDDF21 /* Build configuration list for PBXProject "TCA_Naviagation" */;
			compatibilityVersion = "Xcode 14.0";
			developmentRegion = en;
			hasScannedForEncodings = 0;
			knownRegions = (
				en,
				Base,
			);
			mainGroup = 7F2630492AF783E000CDDF21;
			packageReferences = (
				7F2630852AF7853F00CDDF21 /* XCRemoteSwiftPackageReference "swift-composable-architecture" */,
			);
			productRefGroup = 7F2630532AF783E100CDDF21 /* Products */;
			projectDirPath = "";
			projectRoot = "";
			targets = (
				7F2630512AF783E100CDDF21 /* TCA_Naviagation */,
				7F2630622AF783E700CDDF21 /* TCA_NaviagationTests */,
				7F26306C2AF783E700CDDF21 /* TCA_NaviagationUITests */,
			);
		};
/* End PBXProject section */

/* Begin PBXResourcesBuildPhase section */
		7F2630502AF783E100CDDF21 /* Resources */ = {
			isa = PBXResourcesBuildPhase;
			buildActionMask = 2147483647;
			files = (
				7F26305E2AF783E700CDDF21 /* Preview Assets.xcassets in Resources */,
				7F26305A2AF783E700CDDF21 /* Assets.xcassets in Resources */,
			);
			runOnlyForDeploymentPostprocessing = 0;
		};
		7F2630612AF783E700CDDF21 /* Resources */ = {
			isa = PBXResourcesBuildPhase;
			buildActionMask = 2147483647;
			files = (
			);
			runOnlyForDeploymentPostprocessing = 0;
		};
		7F26306B2AF783E700CDDF21 /* Resources */ = {
			isa = PBXResourcesBuildPhase;
			buildActionMask = 2147483647;
			files = (
			);
			runOnlyForDeploymentPostprocessing = 0;
		};
/* End PBXResourcesBuildPhase section */

/* Begin PBXSourcesBuildPhase section */
		7F26304E2AF783E100CDDF21 /* Sources */ = {
			isa = PBXSourcesBuildPhase;
			buildActionMask = 2147483647;
			files = (
				7F2630942AF7A23F00CDDF21 /* ContactDetailFeature.swift in Sources */,
				7F26308C2AF785C600CDDF21 /* Contact.swift in Sources */,
				7F2630902AF7888B00CDDF21 /* AddContactFeature.swift in Sources */,
				7F26308E2AF787CF00CDDF21 /* AddContactView.swift in Sources */,
				7F2630582AF783E100CDDF21 /* ContentView.swift in Sources */,
				7F2630892AF7855E00CDDF21 /* ContactsFeature.swift in Sources */,
				7F2630962AF7A2BF00CDDF21 /* ContactDetailView.swift in Sources */,
				7F2630922AF796E000CDDF21 /* Extension+ContactFeature.swift in Sources */,
				7F2630562AF783E100CDDF21 /* TCA_NaviagationApp.swift in Sources */,
			);
			runOnlyForDeploymentPostprocessing = 0;
		};
		7F26305F2AF783E700CDDF21 /* Sources */ = {
			isa = PBXSourcesBuildPhase;
			buildActionMask = 2147483647;
			files = (
				7F2630682AF783E700CDDF21 /* TCA_NaviagationTests.swift in Sources */,
			);
			runOnlyForDeploymentPostprocessing = 0;
		};
		7F2630692AF783E700CDDF21 /* Sources */ = {
			isa = PBXSourcesBuildPhase;
			buildActionMask = 2147483647;
			files = (
				7F2630722AF783E700CDDF21 /* TCA_NaviagationUITests.swift in Sources */,
				7F2630742AF783E700CDDF21 /* TCA_NaviagationUITestsLaunchTests.swift in Sources */,
			);
			runOnlyForDeploymentPostprocessing = 0;
		};
/* End PBXSourcesBuildPhase section */

/* Begin PBXTargetDependency section */
		7F2630652AF783E700CDDF21 /* PBXTargetDependency */ = {
			isa = PBXTargetDependency;
			target = 7F2630512AF783E100CDDF21 /* TCA_Naviagation */;
			targetProxy = 7F2630642AF783E700CDDF21 /* PBXContainerItemProxy */;
		};
		7F26306F2AF783E700CDDF21 /* PBXTargetDependency */ = {
			isa = PBXTargetDependency;
			target = 7F2630512AF783E100CDDF21 /* TCA_Naviagation */;
			targetProxy = 7F26306E2AF783E700CDDF21 /* PBXContainerItemProxy */;
		};
/* End PBXTargetDependency section */

/* Begin XCBuildConfiguration section */
		7F2630752AF783E700CDDF21 /* Debug */ = {
			isa = XCBuildConfiguration;
			buildSettings = {
				ALWAYS_SEARCH_USER_PATHS = NO;
				ASSETCATALOG_COMPILER_GENERATE_SWIFT_ASSET_SYMBOL_EXTENSIONS = YES;
				CLANG_ANALYZER_NONNULL = YES;
				CLANG_ANALYZER_NUMBER_OBJECT_CONVERSION = YES_AGGRESSIVE;
				CLANG_CXX_LANGUAGE_STANDARD = "gnu++20";
				CLANG_ENABLE_MODULES = YES;
				CLANG_ENABLE_OBJC_ARC = YES;
				CLANG_ENABLE_OBJC_WEAK = YES;
				CLANG_WARN_BLOCK_CAPTURE_AUTORELEASING = YES;
				CLANG_WARN_BOOL_CONVERSION = YES;
				CLANG_WARN_COMMA = YES;
				CLANG_WARN_CONSTANT_CONVERSION = YES;
				CLANG_WARN_DEPRECATED_OBJC_IMPLEMENTATIONS = YES;
				CLANG_WARN_DIRECT_OBJC_ISA_USAGE = YES_ERROR;
				CLANG_WARN_DOCUMENTATION_COMMENTS = YES;
				CLANG_WARN_EMPTY_BODY = YES;
				CLANG_WARN_ENUM_CONVERSION = YES;
				CLANG_WARN_INFINITE_RECURSION = YES;
				CLANG_WARN_INT_CONVERSION = YES;
				CLANG_WARN_NON_LITERAL_NULL_CONVERSION = YES;
				CLANG_WARN_OBJC_IMPLICIT_RETAIN_SELF = YES;
				CLANG_WARN_OBJC_LITERAL_CONVERSION = YES;
				CLANG_WARN_OBJC_ROOT_CLASS = YES_ERROR;
				CLANG_WARN_QUOTED_INCLUDE_IN_FRAMEWORK_HEADER = YES;
				CLANG_WARN_RANGE_LOOP_ANALYSIS = YES;
				CLANG_WARN_STRICT_PROTOTYPES = YES;
				CLANG_WARN_SUSPICIOUS_MOVE = YES;
				CLANG_WARN_UNGUARDED_AVAILABILITY = YES_AGGRESSIVE;
				CLANG_WARN_UNREACHABLE_CODE = YES;
				CLANG_WARN__DUPLICATE_METHOD_MATCH = YES;
				COPY_PHASE_STRIP = NO;
				DEBUG_INFORMATION_FORMAT = dwarf;
				ENABLE_STRICT_OBJC_MSGSEND = YES;
				ENABLE_TESTABILITY = YES;
				ENABLE_USER_SCRIPT_SANDBOXING = YES;
				GCC_C_LANGUAGE_STANDARD = gnu17;
				GCC_DYNAMIC_NO_PIC = NO;
				GCC_NO_COMMON_BLOCKS = YES;
				GCC_OPTIMIZATION_LEVEL = 0;
				GCC_PREPROCESSOR_DEFINITIONS = (
					"DEBUG=1",
					"$(inherited)",
				);
				GCC_WARN_64_TO_32_BIT_CONVERSION = YES;
				GCC_WARN_ABOUT_RETURN_TYPE = YES_ERROR;
				GCC_WARN_UNDECLARED_SELECTOR = YES;
				GCC_WARN_UNINITIALIZED_AUTOS = YES_AGGRESSIVE;
				GCC_WARN_UNUSED_FUNCTION = YES;
				GCC_WARN_UNUSED_VARIABLE = YES;
				LOCALIZATION_PREFERS_STRING_CATALOGS = YES;
				MTL_ENABLE_DEBUG_INFO = INCLUDE_SOURCE;
				MTL_FAST_MATH = YES;
				ONLY_ACTIVE_ARCH = YES;
				SWIFT_ACTIVE_COMPILATION_CONDITIONS = "DEBUG $(inherited)";
				SWIFT_OPTIMIZATION_LEVEL = "-Onone";
			};
			name = Debug;
		};
		7F2630762AF783E700CDDF21 /* Release */ = {
			isa = XCBuildConfiguration;
			buildSettings = {
				ALWAYS_SEARCH_USER_PATHS = NO;
				ASSETCATALOG_COMPILER_GENERATE_SWIFT_ASSET_SYMBOL_EXTENSIONS = YES;
				CLANG_ANALYZER_NONNULL = YES;
				CLANG_ANALYZER_NUMBER_OBJECT_CONVERSION = YES_AGGRESSIVE;
				CLANG_CXX_LANGUAGE_STANDARD = "gnu++20";
				CLANG_ENABLE_MODULES = YES;
				CLANG_ENABLE_OBJC_ARC = YES;
				CLANG_ENABLE_OBJC_WEAK = YES;
				CLANG_WARN_BLOCK_CAPTURE_AUTORELEASING = YES;
				CLANG_WARN_BOOL_CONVERSION = YES;
				CLANG_WARN_COMMA = YES;
				CLANG_WARN_CONSTANT_CONVERSION = YES;
				CLANG_WARN_DEPRECATED_OBJC_IMPLEMENTATIONS = YES;
				CLANG_WARN_DIRECT_OBJC_ISA_USAGE = YES_ERROR;
				CLANG_WARN_DOCUMENTATION_COMMENTS = YES;
				CLANG_WARN_EMPTY_BODY = YES;
				CLANG_WARN_ENUM_CONVERSION = YES;
				CLANG_WARN_INFINITE_RECURSION = YES;
				CLANG_WARN_INT_CONVERSION = YES;
				CLANG_WARN_NON_LITERAL_NULL_CONVERSION = YES;
				CLANG_WARN_OBJC_IMPLICIT_RETAIN_SELF = YES;
				CLANG_WARN_OBJC_LITERAL_CONVERSION = YES;
				CLANG_WARN_OBJC_ROOT_CLASS = YES_ERROR;
				CLANG_WARN_QUOTED_INCLUDE_IN_FRAMEWORK_HEADER = YES;
				CLANG_WARN_RANGE_LOOP_ANALYSIS = YES;
				CLANG_WARN_STRICT_PROTOTYPES = YES;
				CLANG_WARN_SUSPICIOUS_MOVE = YES;
				CLANG_WARN_UNGUARDED_AVAILABILITY = YES_AGGRESSIVE;
				CLANG_WARN_UNREACHABLE_CODE = YES;
				CLANG_WARN__DUPLICATE_METHOD_MATCH = YES;
				COPY_PHASE_STRIP = NO;
				DEBUG_INFORMATION_FORMAT = "dwarf-with-dsym";
				ENABLE_NS_ASSERTIONS = NO;
				ENABLE_STRICT_OBJC_MSGSEND = YES;
				ENABLE_USER_SCRIPT_SANDBOXING = YES;
				GCC_C_LANGUAGE_STANDARD = gnu17;
				GCC_NO_COMMON_BLOCKS = YES;
				GCC_WARN_64_TO_32_BIT_CONVERSION = YES;
				GCC_WARN_ABOUT_RETURN_TYPE = YES_ERROR;
				GCC_WARN_UNDECLARED_SELECTOR = YES;
				GCC_WARN_UNINITIALIZED_AUTOS = YES_AGGRESSIVE;
				GCC_WARN_UNUSED_FUNCTION = YES;
				GCC_WARN_UNUSED_VARIABLE = YES;
				LOCALIZATION_PREFERS_STRING_CATALOGS = YES;
				MTL_ENABLE_DEBUG_INFO = NO;
				MTL_FAST_MATH = YES;
				SWIFT_COMPILATION_MODE = wholemodule;
			};
			name = Release;
		};
		7F2630782AF783E700CDDF21 /* Debug */ = {
			isa = XCBuildConfiguration;
			buildSettings = {
				ASSETCATALOG_COMPILER_APPICON_NAME = AppIcon;
				ASSETCATALOG_COMPILER_GLOBAL_ACCENT_COLOR_NAME = AccentColor;
				CODE_SIGN_ENTITLEMENTS = TCA_Naviagation/Resource/TCA_Naviagation.entitlements;
				CODE_SIGN_STYLE = Automatic;
				CURRENT_PROJECT_VERSION = 1;
				DEVELOPMENT_ASSET_PATHS = "\"TCA_Naviagation/Resource/Preview Content\"";
				DEVELOPMENT_TEAM = N94CS4N6VR;
				ENABLE_HARDENED_RUNTIME = YES;
				ENABLE_PREVIEWS = YES;
				GENERATE_INFOPLIST_FILE = YES;
				"INFOPLIST_KEY_UIApplicationSceneManifest_Generation[sdk=iphoneos*]" = YES;
				"INFOPLIST_KEY_UIApplicationSceneManifest_Generation[sdk=iphonesimulator*]" = YES;
				"INFOPLIST_KEY_UIApplicationSupportsIndirectInputEvents[sdk=iphoneos*]" = YES;
				"INFOPLIST_KEY_UIApplicationSupportsIndirectInputEvents[sdk=iphonesimulator*]" = YES;
				"INFOPLIST_KEY_UILaunchScreen_Generation[sdk=iphoneos*]" = YES;
				"INFOPLIST_KEY_UILaunchScreen_Generation[sdk=iphonesimulator*]" = YES;
				"INFOPLIST_KEY_UIStatusBarStyle[sdk=iphoneos*]" = UIStatusBarStyleDefault;
				"INFOPLIST_KEY_UIStatusBarStyle[sdk=iphonesimulator*]" = UIStatusBarStyleDefault;
				INFOPLIST_KEY_UISupportedInterfaceOrientations_iPad = "UIInterfaceOrientationPortrait UIInterfaceOrientationPortraitUpsideDown UIInterfaceOrientationLandscapeLeft UIInterfaceOrientationLandscapeRight";
				INFOPLIST_KEY_UISupportedInterfaceOrientations_iPhone = "UIInterfaceOrientationPortrait UIInterfaceOrientationLandscapeLeft UIInterfaceOrientationLandscapeRight";
				IPHONEOS_DEPLOYMENT_TARGET = 17.0;
				LD_RUNPATH_SEARCH_PATHS = "@executable_path/Frameworks";
				"LD_RUNPATH_SEARCH_PATHS[sdk=macosx*]" = "@executable_path/../Frameworks";
				MACOSX_DEPLOYMENT_TARGET = 14.0;
				MARKETING_VERSION = 1.0;
				PRODUCT_BUNDLE_IDENTIFIER = "com.roy.TCA-Naviagation";
				PRODUCT_NAME = "$(TARGET_NAME)";
				SDKROOT = auto;
				SUPPORTED_PLATFORMS = "iphoneos iphonesimulator macosx";
				SWIFT_EMIT_LOC_STRINGS = YES;
				SWIFT_VERSION = 5.0;
				TARGETED_DEVICE_FAMILY = "1,2";
			};
			name = Debug;
		};
		7F2630792AF783E700CDDF21 /* Release */ = {
			isa = XCBuildConfiguration;
			buildSettings = {
				ASSETCATALOG_COMPILER_APPICON_NAME = AppIcon;
				ASSETCATALOG_COMPILER_GLOBAL_ACCENT_COLOR_NAME = AccentColor;
				CODE_SIGN_ENTITLEMENTS = TCA_Naviagation/Resource/TCA_Naviagation.entitlements;
				CODE_SIGN_STYLE = Automatic;
				CURRENT_PROJECT_VERSION = 1;
				DEVELOPMENT_ASSET_PATHS = "\"TCA_Naviagation/Resource/Preview Content\"";
				DEVELOPMENT_TEAM = N94CS4N6VR;
				ENABLE_HARDENED_RUNTIME = YES;
				ENABLE_PREVIEWS = YES;
				GENERATE_INFOPLIST_FILE = YES;
				"INFOPLIST_KEY_UIApplicationSceneManifest_Generation[sdk=iphoneos*]" = YES;
				"INFOPLIST_KEY_UIApplicationSceneManifest_Generation[sdk=iphonesimulator*]" = YES;
				"INFOPLIST_KEY_UIApplicationSupportsIndirectInputEvents[sdk=iphoneos*]" = YES;
				"INFOPLIST_KEY_UIApplicationSupportsIndirectInputEvents[sdk=iphonesimulator*]" = YES;
				"INFOPLIST_KEY_UILaunchScreen_Generation[sdk=iphoneos*]" = YES;
				"INFOPLIST_KEY_UILaunchScreen_Generation[sdk=iphonesimulator*]" = YES;
				"INFOPLIST_KEY_UIStatusBarStyle[sdk=iphoneos*]" = UIStatusBarStyleDefault;
				"INFOPLIST_KEY_UIStatusBarStyle[sdk=iphonesimulator*]" = UIStatusBarStyleDefault;
				INFOPLIST_KEY_UISupportedInterfaceOrientations_iPad = "UIInterfaceOrientationPortrait UIInterfaceOrientationPortraitUpsideDown UIInterfaceOrientationLandscapeLeft UIInterfaceOrientationLandscapeRight";
				INFOPLIST_KEY_UISupportedInterfaceOrientations_iPhone = "UIInterfaceOrientationPortrait UIInterfaceOrientationLandscapeLeft UIInterfaceOrientationLandscapeRight";
				IPHONEOS_DEPLOYMENT_TARGET = 17.0;
				LD_RUNPATH_SEARCH_PATHS = "@executable_path/Frameworks";
				"LD_RUNPATH_SEARCH_PATHS[sdk=macosx*]" = "@executable_path/../Frameworks";
				MACOSX_DEPLOYMENT_TARGET = 14.0;
				MARKETING_VERSION = 1.0;
				PRODUCT_BUNDLE_IDENTIFIER = "com.roy.TCA-Naviagation";
				PRODUCT_NAME = "$(TARGET_NAME)";
				SDKROOT = auto;
				SUPPORTED_PLATFORMS = "iphoneos iphonesimulator macosx";
				SWIFT_EMIT_LOC_STRINGS = YES;
				SWIFT_VERSION = 5.0;
				TARGETED_DEVICE_FAMILY = "1,2";
			};
			name = Release;
		};
		7F26307B2AF783E700CDDF21 /* Debug */ = {
			isa = XCBuildConfiguration;
			buildSettings = {
				ALWAYS_EMBED_SWIFT_STANDARD_LIBRARIES = YES;
				BUNDLE_LOADER = "$(TEST_HOST)";
				CODE_SIGN_STYLE = Automatic;
				CURRENT_PROJECT_VERSION = 1;
				DEVELOPMENT_TEAM = N94CS4N6VR;
				GENERATE_INFOPLIST_FILE = YES;
				IPHONEOS_DEPLOYMENT_TARGET = 17.0;
				MACOSX_DEPLOYMENT_TARGET = 14.0;
				MARKETING_VERSION = 1.0;
				PRODUCT_BUNDLE_IDENTIFIER = "com.roy.TCA-NaviagationTests";
				PRODUCT_NAME = "$(TARGET_NAME)";
				SDKROOT = auto;
				SUPPORTED_PLATFORMS = "iphoneos iphonesimulator macosx";
				SWIFT_EMIT_LOC_STRINGS = NO;
				SWIFT_VERSION = 5.0;
				TARGETED_DEVICE_FAMILY = "1,2";
				TEST_HOST = "$(BUILT_PRODUCTS_DIR)/TCA_Naviagation.app/$(BUNDLE_EXECUTABLE_FOLDER_PATH)/TCA_Naviagation";
			};
			name = Debug;
		};
		7F26307C2AF783E700CDDF21 /* Release */ = {
			isa = XCBuildConfiguration;
			buildSettings = {
				ALWAYS_EMBED_SWIFT_STANDARD_LIBRARIES = YES;
				BUNDLE_LOADER = "$(TEST_HOST)";
				CODE_SIGN_STYLE = Automatic;
				CURRENT_PROJECT_VERSION = 1;
				DEVELOPMENT_TEAM = N94CS4N6VR;
				GENERATE_INFOPLIST_FILE = YES;
				IPHONEOS_DEPLOYMENT_TARGET = 17.0;
				MACOSX_DEPLOYMENT_TARGET = 14.0;
				MARKETING_VERSION = 1.0;
				PRODUCT_BUNDLE_IDENTIFIER = "com.roy.TCA-NaviagationTests";
				PRODUCT_NAME = "$(TARGET_NAME)";
				SDKROOT = auto;
				SUPPORTED_PLATFORMS = "iphoneos iphonesimulator macosx";
				SWIFT_EMIT_LOC_STRINGS = NO;
				SWIFT_VERSION = 5.0;
				TARGETED_DEVICE_FAMILY = "1,2";
				TEST_HOST = "$(BUILT_PRODUCTS_DIR)/TCA_Naviagation.app/$(BUNDLE_EXECUTABLE_FOLDER_PATH)/TCA_Naviagation";
			};
			name = Release;
		};
		7F26307E2AF783E700CDDF21 /* Debug */ = {
			isa = XCBuildConfiguration;
			buildSettings = {
				ALWAYS_EMBED_SWIFT_STANDARD_LIBRARIES = YES;
				CODE_SIGN_STYLE = Automatic;
				CURRENT_PROJECT_VERSION = 1;
				DEVELOPMENT_TEAM = N94CS4N6VR;
				GENERATE_INFOPLIST_FILE = YES;
				IPHONEOS_DEPLOYMENT_TARGET = 17.0;
				MACOSX_DEPLOYMENT_TARGET = 14.0;
				MARKETING_VERSION = 1.0;
				PRODUCT_BUNDLE_IDENTIFIER = "com.roy.TCA-NaviagationUITests";
				PRODUCT_NAME = "$(TARGET_NAME)";
				SDKROOT = auto;
				SUPPORTED_PLATFORMS = "iphoneos iphonesimulator macosx";
				SWIFT_EMIT_LOC_STRINGS = NO;
				SWIFT_VERSION = 5.0;
				TARGETED_DEVICE_FAMILY = "1,2";
				TEST_TARGET_NAME = TCA_Naviagation;
			};
			name = Debug;
		};
		7F26307F2AF783E700CDDF21 /* Release */ = {
			isa = XCBuildConfiguration;
			buildSettings = {
				ALWAYS_EMBED_SWIFT_STANDARD_LIBRARIES = YES;
				CODE_SIGN_STYLE = Automatic;
				CURRENT_PROJECT_VERSION = 1;
				DEVELOPMENT_TEAM = N94CS4N6VR;
				GENERATE_INFOPLIST_FILE = YES;
				IPHONEOS_DEPLOYMENT_TARGET = 17.0;
				MACOSX_DEPLOYMENT_TARGET = 14.0;
				MARKETING_VERSION = 1.0;
				PRODUCT_BUNDLE_IDENTIFIER = "com.roy.TCA-NaviagationUITests";
				PRODUCT_NAME = "$(TARGET_NAME)";
				SDKROOT = auto;
				SUPPORTED_PLATFORMS = "iphoneos iphonesimulator macosx";
				SWIFT_EMIT_LOC_STRINGS = NO;
				SWIFT_VERSION = 5.0;
				TARGETED_DEVICE_FAMILY = "1,2";
				TEST_TARGET_NAME = TCA_Naviagation;
			};
			name = Release;
		};
/* End XCBuildConfiguration section */

/* Begin XCConfigurationList section */
		7F26304D2AF783E100CDDF21 /* Build configuration list for PBXProject "TCA_Naviagation" */ = {
			isa = XCConfigurationList;
			buildConfigurations = (
				7F2630752AF783E700CDDF21 /* Debug */,
				7F2630762AF783E700CDDF21 /* Release */,
			);
			defaultConfigurationIsVisible = 0;
			defaultConfigurationName = Release;
		};
		7F2630772AF783E700CDDF21 /* Build configuration list for PBXNativeTarget "TCA_Naviagation" */ = {
			isa = XCConfigurationList;
			buildConfigurations = (
				7F2630782AF783E700CDDF21 /* Debug */,
				7F2630792AF783E700CDDF21 /* Release */,
			);
			defaultConfigurationIsVisible = 0;
			defaultConfigurationName = Release;
		};
		7F26307A2AF783E700CDDF21 /* Build configuration list for PBXNativeTarget "TCA_NaviagationTests" */ = {
			isa = XCConfigurationList;
			buildConfigurations = (
				7F26307B2AF783E700CDDF21 /* Debug */,
				7F26307C2AF783E700CDDF21 /* Release */,
			);
			defaultConfigurationIsVisible = 0;
			defaultConfigurationName = Release;
		};
		7F26307D2AF783E700CDDF21 /* Build configuration list for PBXNativeTarget "TCA_NaviagationUITests" */ = {
			isa = XCConfigurationList;
			buildConfigurations = (
				7F26307E2AF783E700CDDF21 /* Debug */,
				7F26307F2AF783E700CDDF21 /* Release */,
			);
			defaultConfigurationIsVisible = 0;
			defaultConfigurationName = Release;
		};
/* End XCConfigurationList section */

/* Begin XCRemoteSwiftPackageReference section */
		7F2630852AF7853F00CDDF21 /* XCRemoteSwiftPackageReference "swift-composable-architecture" */ = {
			isa = XCRemoteSwiftPackageReference;
			repositoryURL = "https://github.com/pointfreeco/swift-composable-architecture.git";
			requirement = {
				kind = upToNextMajorVersion;
				minimumVersion = 1.3.0;
			};
		};
/* End XCRemoteSwiftPackageReference section */

/* Begin XCSwiftPackageProductDependency section */
		7F2630862AF7853F00CDDF21 /* ComposableArchitecture */ = {
			isa = XCSwiftPackageProductDependency;
			package = 7F2630852AF7853F00CDDF21 /* XCRemoteSwiftPackageReference "swift-composable-architecture" */;
			productName = ComposableArchitecture;
		};
/* End XCSwiftPackageProductDependency section */
	};
	rootObject = 7F26304A2AF783E100CDDF21 /* Project object */;
}
