// !$*UTF8*$!
{
	archiveVersion = 1;
	classes = {
	};
	objectVersion = 56;
	objects = {

/* Begin PBXBuildFile section */
		7FEC1BE72AE4FE1F00A355C0 /* Your_first_featureApp.swift in Sources */ = {isa = PBXBuildFile; fileRef = 7FEC1BE62AE4FE1F00A355C0 /* Your_first_featureApp.swift */; };
		7FEC1BE92AE4FE1F00A355C0 /* ContentView.swift in Sources */ = {isa = PBXBuildFile; fileRef = 7FEC1BE82AE4FE1F00A355C0 /* ContentView.swift */; };
		7FEC1BEB2AE4FE2000A355C0 /* Assets.xcassets in Resources */ = {isa = PBXBuildFile; fileRef = 7FEC1BEA2AE4FE2000A355C0 /* Assets.xcassets */; };
		7FEC1BEF2AE4FE2000A355C0 /* Preview Assets.xcassets in Resources */ = {isa = PBXBuildFile; fileRef = 7FEC1BEE2AE4FE2000A355C0 /* Preview Assets.xcassets */; };
		7FEC1BF92AE4FE2000A355C0 /* Your_first_featureTests.swift in Sources */ = {isa = PBXBuildFile; fileRef = 7FEC1BF82AE4FE2000A355C0 /* Your_first_featureTests.swift */; };
		7FEC1C032AE4FE2000A355C0 /* Your_first_featureUITests.swift in Sources */ = {isa = PBXBuildFile; fileRef = 7FEC1C022AE4FE2000A355C0 /* Your_first_featureUITests.swift */; };
		7FEC1C052AE4FE2000A355C0 /* Your_first_featureUITestsLaunchTests.swift in Sources */ = {isa = PBXBuildFile; fileRef = 7FEC1C042AE4FE2000A355C0 /* Your_first_featureUITestsLaunchTests.swift */; };
		7FEC1C132AE4FE7100A355C0 /* ComposableArchitecture in Frameworks */ = {isa = PBXBuildFile; productRef = 7FEC1C122AE4FE7100A355C0 /* ComposableArchitecture */; };
		7FEC1C182AE4FED100A355C0 /* CounterFeature.swift in Sources */ = {isa = PBXBuildFile; fileRef = 7FEC1C172AE4FED100A355C0 /* CounterFeature.swift */; };
		7FEC1C1C2AE5045E00A355C0 /* API.swift in Sources */ = {isa = PBXBuildFile; fileRef = 7FEC1C1B2AE5045E00A355C0 /* API.swift */; };
		7FEC1C1F2AE509FB00A355C0 /* Your_first_featureTests.swift in Sources */ = {isa = PBXBuildFile; fileRef = 7FEC1BF82AE4FE2000A355C0 /* Your_first_featureTests.swift */; };
/* End PBXBuildFile section */

/* Begin PBXContainerItemProxy section */
		7FEC1BF52AE4FE2000A355C0 /* PBXContainerItemProxy */ = {
			isa = PBXContainerItemProxy;
			containerPortal = 7FEC1BDB2AE4FE1F00A355C0 /* Project object */;
			proxyType = 1;
			remoteGlobalIDString = 7FEC1BE22AE4FE1F00A355C0;
			remoteInfo = "Your first feature";
		};
		7FEC1BFF2AE4FE2000A355C0 /* PBXContainerItemProxy */ = {
			isa = PBXContainerItemProxy;
			containerPortal = 7FEC1BDB2AE4FE1F00A355C0 /* Project object */;
			proxyType = 1;
			remoteGlobalIDString = 7FEC1BE22AE4FE1F00A355C0;
			remoteInfo = "Your first feature";
		};
/* End PBXContainerItemProxy section */

/* Begin PBXFileReference section */
		7FEC1BE32AE4FE1F00A355C0 /* Your first feature.app */ = {isa = PBXFileReference; explicitFileType = wrapper.application; includeInIndex = 0; path = "Your first feature.app"; sourceTree = BUILT_PRODUCTS_DIR; };
		7FEC1BE62AE4FE1F00A355C0 /* Your_first_featureApp.swift */ = {isa = PBXFileReference; lastKnownFileType = sourcecode.swift; path = Your_first_featureApp.swift; sourceTree = "<group>"; };
		7FEC1BE82AE4FE1F00A355C0 /* ContentView.swift */ = {isa = PBXFileReference; lastKnownFileType = sourcecode.swift; path = ContentView.swift; sourceTree = "<group>"; };
		7FEC1BEA2AE4FE2000A355C0 /* Assets.xcassets */ = {isa = PBXFileReference; lastKnownFileType = folder.assetcatalog; path = Assets.xcassets; sourceTree = "<group>"; };
		7FEC1BEC2AE4FE2000A355C0 /* Your_first_feature.entitlements */ = {isa = PBXFileReference; lastKnownFileType = text.plist.entitlements; path = Your_first_feature.entitlements; sourceTree = "<group>"; };
		7FEC1BEE2AE4FE2000A355C0 /* Preview Assets.xcassets */ = {isa = PBXFileReference; lastKnownFileType = folder.assetcatalog; path = "Preview Assets.xcassets"; sourceTree = "<group>"; };
		7FEC1BF42AE4FE2000A355C0 /* Your first featureTests.xctest */ = {isa = PBXFileReference; explicitFileType = wrapper.cfbundle; includeInIndex = 0; path = "Your first featureTests.xctest"; sourceTree = BUILT_PRODUCTS_DIR; };
		7FEC1BF82AE4FE2000A355C0 /* Your_first_featureTests.swift */ = {isa = PBXFileReference; lastKnownFileType = sourcecode.swift; path = Your_first_featureTests.swift; sourceTree = "<group>"; };
		7FEC1BFE2AE4FE2000A355C0 /* Your first featureUITests.xctest */ = {isa = PBXFileReference; explicitFileType = wrapper.cfbundle; includeInIndex = 0; path = "Your first featureUITests.xctest"; sourceTree = BUILT_PRODUCTS_DIR; };
		7FEC1C022AE4FE2000A355C0 /* Your_first_featureUITests.swift */ = {isa = PBXFileReference; lastKnownFileType = sourcecode.swift; path = Your_first_featureUITests.swift; sourceTree = "<group>"; };
		7FEC1C042AE4FE2000A355C0 /* Your_first_featureUITestsLaunchTests.swift */ = {isa = PBXFileReference; lastKnownFileType = sourcecode.swift; path = Your_first_featureUITestsLaunchTests.swift; sourceTree = "<group>"; };
		7FEC1C172AE4FED100A355C0 /* CounterFeature.swift */ = {isa = PBXFileReference; lastKnownFileType = sourcecode.swift; path = CounterFeature.swift; sourceTree = "<group>"; };
		7FEC1C1B2AE5045E00A355C0 /* API.swift */ = {isa = PBXFileReference; lastKnownFileType = sourcecode.swift; path = API.swift; sourceTree = "<group>"; };
/* End PBXFileReference section */

/* Begin PBXFrameworksBuildPhase section */
		7FEC1BE02AE4FE1F00A355C0 /* Frameworks */ = {
			isa = PBXFrameworksBuildPhase;
			buildActionMask = 2147483647;
			files = (
				7FEC1C132AE4FE7100A355C0 /* ComposableArchitecture in Frameworks */,
			);
			runOnlyForDeploymentPostprocessing = 0;
		};
		7FEC1BF12AE4FE2000A355C0 /* Frameworks */ = {
			isa = PBXFrameworksBuildPhase;
			buildActionMask = 2147483647;
			files = (
			);
			runOnlyForDeploymentPostprocessing = 0;
		};
		7FEC1BFB2AE4FE2000A355C0 /* Frameworks */ = {
			isa = PBXFrameworksBuildPhase;
			buildActionMask = 2147483647;
			files = (
			);
			runOnlyForDeploymentPostprocessing = 0;
		};
/* End PBXFrameworksBuildPhase section */

/* Begin PBXGroup section */
		7FEC1BDA2AE4FE1F00A355C0 = {
			isa = PBXGroup;
			children = (
				7FEC1BE52AE4FE1F00A355C0 /* Your first feature */,
				7FEC1BF72AE4FE2000A355C0 /* Your first featureTests */,
				7FEC1C012AE4FE2000A355C0 /* Your first featureUITests */,
				7FEC1BE42AE4FE1F00A355C0 /* Products */,
			);
			sourceTree = "<group>";
		};
		7FEC1BE42AE4FE1F00A355C0 /* Products */ = {
			isa = PBXGroup;
			children = (
				7FEC1BE32AE4FE1F00A355C0 /* Your first feature.app */,
				7FEC1BF42AE4FE2000A355C0 /* Your first featureTests.xctest */,
				7FEC1BFE2AE4FE2000A355C0 /* Your first featureUITests.xctest */,
			);
			name = Products;
			sourceTree = "<group>";
		};
		7FEC1BE52AE4FE1F00A355C0 /* Your first feature */ = {
			isa = PBXGroup;
			children = (
				7FEC1C1A2AE5045200A355C0 /* Domain */,
				7FEC1C152AE4FE9900A355C0 /* Application */,
				7FEC1C192AE4FF6900A355C0 /* Resources */,
				7FEC1C162AE4FEC000A355C0 /* Feature */,
				7FEC1C142AE4FE9100A355C0 /* View */,
			);
			path = "Your first feature";
			sourceTree = "<group>";
		};
		7FEC1BED2AE4FE2000A355C0 /* Preview Content */ = {
			isa = PBXGroup;
			children = (
				7FEC1BEE2AE4FE2000A355C0 /* Preview Assets.xcassets */,
			);
			path = "Preview Content";
			sourceTree = "<group>";
		};
		7FEC1BF72AE4FE2000A355C0 /* Your first featureTests */ = {
			isa = PBXGroup;
			children = (
				7FEC1BF82AE4FE2000A355C0 /* Your_first_featureTests.swift */,
			);
			path = "Your first featureTests";
			sourceTree = "<group>";
		};
		7FEC1C012AE4FE2000A355C0 /* Your first featureUITests */ = {
			isa = PBXGroup;
			children = (
				7FEC1C022AE4FE2000A355C0 /* Your_first_featureUITests.swift */,
				7FEC1C042AE4FE2000A355C0 /* Your_first_featureUITestsLaunchTests.swift */,
			);
			path = "Your first featureUITests";
			sourceTree = "<group>";
		};
		7FEC1C142AE4FE9100A355C0 /* View */ = {
			isa = PBXGroup;
			children = (
				7FEC1BE82AE4FE1F00A355C0 /* ContentView.swift */,
			);
			path = View;
			sourceTree = "<group>";
		};
		7FEC1C152AE4FE9900A355C0 /* Application */ = {
			isa = PBXGroup;
			children = (
				7FEC1BE62AE4FE1F00A355C0 /* Your_first_featureApp.swift */,
			);
			path = Application;
			sourceTree = "<group>";
		};
		7FEC1C162AE4FEC000A355C0 /* Feature */ = {
			isa = PBXGroup;
			children = (
				7FEC1C172AE4FED100A355C0 /* CounterFeature.swift */,
			);
			path = Feature;
			sourceTree = "<group>";
		};
		7FEC1C192AE4FF6900A355C0 /* Resources */ = {
			isa = PBXGroup;
			children = (
				7FEC1BEC2AE4FE2000A355C0 /* Your_first_feature.entitlements */,
				7FEC1BEA2AE4FE2000A355C0 /* Assets.xcassets */,
				7FEC1BED2AE4FE2000A355C0 /* Preview Content */,
			);
			path = Resources;
			sourceTree = "<group>";
		};
		7FEC1C1A2AE5045200A355C0 /* Domain */ = {
			isa = PBXGroup;
			children = (
				7FEC1C1B2AE5045E00A355C0 /* API.swift */,
			);
			path = Domain;
			sourceTree = "<group>";
		};
/* End PBXGroup section */

/* Begin PBXNativeTarget section */
		7FEC1BE22AE4FE1F00A355C0 /* Your first feature */ = {
			isa = PBXNativeTarget;
			buildConfigurationList = 7FEC1C082AE4FE2000A355C0 /* Build configuration list for PBXNativeTarget "Your first feature" */;
			buildPhases = (
				7FEC1BDF2AE4FE1F00A355C0 /* Sources */,
				7FEC1BE02AE4FE1F00A355C0 /* Frameworks */,
				7FEC1BE12AE4FE1F00A355C0 /* Resources */,
			);
			buildRules = (
			);
			dependencies = (
			);
			name = "Your first feature";
			packageProductDependencies = (
				7FEC1C122AE4FE7100A355C0 /* ComposableArchitecture */,
			);
			productName = "Your first feature";
			productReference = 7FEC1BE32AE4FE1F00A355C0 /* Your first feature.app */;
			productType = "com.apple.product-type.application";
		};
		7FEC1BF32AE4FE2000A355C0 /* Your first featureTests */ = {
			isa = PBXNativeTarget;
			buildConfigurationList = 7FEC1C0B2AE4FE2000A355C0 /* Build configuration list for PBXNativeTarget "Your first featureTests" */;
			buildPhases = (
				7FEC1BF02AE4FE2000A355C0 /* Sources */,
				7FEC1BF12AE4FE2000A355C0 /* Frameworks */,
				7FEC1BF22AE4FE2000A355C0 /* Resources */,
			);
			buildRules = (
			);
			dependencies = (
				7FEC1BF62AE4FE2000A355C0 /* PBXTargetDependency */,
			);
			name = "Your first featureTests";
			productName = "Your first featureTests";
			productReference = 7FEC1BF42AE4FE2000A355C0 /* Your first featureTests.xctest */;
			productType = "com.apple.product-type.bundle.unit-test";
		};
		7FEC1BFD2AE4FE2000A355C0 /* Your first featureUITests */ = {
			isa = PBXNativeTarget;
			buildConfigurationList = 7FEC1C0E2AE4FE2000A355C0 /* Build configuration list for PBXNativeTarget "Your first featureUITests" */;
			buildPhases = (
				7FEC1BFA2AE4FE2000A355C0 /* Sources */,
				7FEC1BFB2AE4FE2000A355C0 /* Frameworks */,
				7FEC1BFC2AE4FE2000A355C0 /* Resources */,
			);
			buildRules = (
			);
			dependencies = (
				7FEC1C002AE4FE2000A355C0 /* PBXTargetDependency */,
			);
			name = "Your first featureUITests";
			productName = "Your first featureUITests";
			productReference = 7FEC1BFE2AE4FE2000A355C0 /* Your first featureUITests.xctest */;
			productType = "com.apple.product-type.bundle.ui-testing";
		};
/* End PBXNativeTarget section */

/* Begin PBXProject section */
		7FEC1BDB2AE4FE1F00A355C0 /* Project object */ = {
			isa = PBXProject;
			attributes = {
				BuildIndependentTargetsInParallel = 1;
				LastSwiftUpdateCheck = 1500;
				LastUpgradeCheck = 1500;
				TargetAttributes = {
					7FEC1BE22AE4FE1F00A355C0 = {
						CreatedOnToolsVersion = 15.0;
					};
					7FEC1BF32AE4FE2000A355C0 = {
						CreatedOnToolsVersion = 15.0;
						TestTargetID = 7FEC1BE22AE4FE1F00A355C0;
					};
					7FEC1BFD2AE4FE2000A355C0 = {
						CreatedOnToolsVersion = 15.0;
						TestTargetID = 7FEC1BE22AE4FE1F00A355C0;
					};
				};
			};
			buildConfigurationList = 7FEC1BDE2AE4FE1F00A355C0 /* Build configuration list for PBXProject "Your first feature" */;
			compatibilityVersion = "Xcode 14.0";
			developmentRegion = en;
			hasScannedForEncodings = 0;
			knownRegions = (
				en,
				Base,
			);
			mainGroup = 7FEC1BDA2AE4FE1F00A355C0;
			packageReferences = (
				7FEC1C112AE4FE7100A355C0 /* XCRemoteSwiftPackageReference "swift-composable-architecture" */,
			);
			productRefGroup = 7FEC1BE42AE4FE1F00A355C0 /* Products */;
			projectDirPath = "";
			projectRoot = "";
			targets = (
				7FEC1BE22AE4FE1F00A355C0 /* Your first feature */,
				7FEC1BF32AE4FE2000A355C0 /* Your first featureTests */,
				7FEC1BFD2AE4FE2000A355C0 /* Your first featureUITests */,
			);
		};
/* End PBXProject section */

/* Begin PBXResourcesBuildPhase section */
		7FEC1BE12AE4FE1F00A355C0 /* Resources */ = {
			isa = PBXResourcesBuildPhase;
			buildActionMask = 2147483647;
			files = (
				7FEC1BEF2AE4FE2000A355C0 /* Preview Assets.xcassets in Resources */,
				7FEC1BEB2AE4FE2000A355C0 /* Assets.xcassets in Resources */,
			);
			runOnlyForDeploymentPostprocessing = 0;
		};
		7FEC1BF22AE4FE2000A355C0 /* Resources */ = {
			isa = PBXResourcesBuildPhase;
			buildActionMask = 2147483647;
			files = (
			);
			runOnlyForDeploymentPostprocessing = 0;
		};
		7FEC1BFC2AE4FE2000A355C0 /* Resources */ = {
			isa = PBXResourcesBuildPhase;
			buildActionMask = 2147483647;
			files = (
			);
			runOnlyForDeploymentPostprocessing = 0;
		};
/* End PBXResourcesBuildPhase section */

/* Begin PBXSourcesBuildPhase section */
		7FEC1BDF2AE4FE1F00A355C0 /* Sources */ = {
			isa = PBXSourcesBuildPhase;
			buildActionMask = 2147483647;
			files = (
				7FEC1C182AE4FED100A355C0 /* CounterFeature.swift in Sources */,
				7FEC1BE92AE4FE1F00A355C0 /* ContentView.swift in Sources */,
				7FEC1C1F2AE509FB00A355C0 /* Your_first_featureTests.swift in Sources */,
				7FEC1C1C2AE5045E00A355C0 /* API.swift in Sources */,
				7FEC1BE72AE4FE1F00A355C0 /* Your_first_featureApp.swift in Sources */,
			);
			runOnlyForDeploymentPostprocessing = 0;
		};
		7FEC1BF02AE4FE2000A355C0 /* Sources */ = {
			isa = PBXSourcesBuildPhase;
			buildActionMask = 2147483647;
			files = (
				7FEC1BF92AE4FE2000A355C0 /* Your_first_featureTests.swift in Sources */,
			);
			runOnlyForDeploymentPostprocessing = 0;
		};
		7FEC1BFA2AE4FE2000A355C0 /* Sources */ = {
			isa = PBXSourcesBuildPhase;
			buildActionMask = 2147483647;
			files = (
				7FEC1C032AE4FE2000A355C0 /* Your_first_featureUITests.swift in Sources */,
				7FEC1C052AE4FE2000A355C0 /* Your_first_featureUITestsLaunchTests.swift in Sources */,
			);
			runOnlyForDeploymentPostprocessing = 0;
		};
/* End PBXSourcesBuildPhase section */

/* Begin PBXTargetDependency section */
		7FEC1BF62AE4FE2000A355C0 /* PBXTargetDependency */ = {
			isa = PBXTargetDependency;
			target = 7FEC1BE22AE4FE1F00A355C0 /* Your first feature */;
			targetProxy = 7FEC1BF52AE4FE2000A355C0 /* PBXContainerItemProxy */;
		};
		7FEC1C002AE4FE2000A355C0 /* PBXTargetDependency */ = {
			isa = PBXTargetDependency;
			target = 7FEC1BE22AE4FE1F00A355C0 /* Your first feature */;
			targetProxy = 7FEC1BFF2AE4FE2000A355C0 /* PBXContainerItemProxy */;
		};
/* End PBXTargetDependency section */

/* Begin XCBuildConfiguration section */
		7FEC1C062AE4FE2000A355C0 /* Debug */ = {
			isa = XCBuildConfiguration;
			buildSettings = {
				ALWAYS_SEARCH_USER_PATHS = NO;
				ASSETCATALOG_COMPILER_GENERATE_SWIFT_ASSET_SYMBOL_EXTENSIONS = YES;
				CLANG_ANALYZER_NONNULL = YES;
				CLANG_ANALYZER_NUMBER_OBJECT_CONVERSION = YES_AGGRESSIVE;
				CLANG_CXX_LANGUAGE_STANDARD = "gnu++20";
				CLANG_ENABLE_MODULES = YES;
				CLANG_ENABLE_OBJC_ARC = YES;
				CLANG_ENABLE_OBJC_WEAK = YES;
				CLANG_WARN_BLOCK_CAPTURE_AUTORELEASING = YES;
				CLANG_WARN_BOOL_CONVERSION = YES;
				CLANG_WARN_COMMA = YES;
				CLANG_WARN_CONSTANT_CONVERSION = YES;
				CLANG_WARN_DEPRECATED_OBJC_IMPLEMENTATIONS = YES;
				CLANG_WARN_DIRECT_OBJC_ISA_USAGE = YES_ERROR;
				CLANG_WARN_DOCUMENTATION_COMMENTS = YES;
				CLANG_WARN_EMPTY_BODY = YES;
				CLANG_WARN_ENUM_CONVERSION = YES;
				CLANG_WARN_INFINITE_RECURSION = YES;
				CLANG_WARN_INT_CONVERSION = YES;
				CLANG_WARN_NON_LITERAL_NULL_CONVERSION = YES;
				CLANG_WARN_OBJC_IMPLICIT_RETAIN_SELF = YES;
				CLANG_WARN_OBJC_LITERAL_CONVERSION = YES;
				CLANG_WARN_OBJC_ROOT_CLASS = YES_ERROR;
				CLANG_WARN_QUOTED_INCLUDE_IN_FRAMEWORK_HEADER = YES;
				CLANG_WARN_RANGE_LOOP_ANALYSIS = YES;
				CLANG_WARN_STRICT_PROTOTYPES = YES;
				CLANG_WARN_SUSPICIOUS_MOVE = YES;
				CLANG_WARN_UNGUARDED_AVAILABILITY = YES_AGGRESSIVE;
				CLANG_WARN_UNREACHABLE_CODE = YES;
				CLANG_WARN__DUPLICATE_METHOD_MATCH = YES;
				COPY_PHASE_STRIP = NO;
				DEBUG_INFORMATION_FORMAT = dwarf;
				ENABLE_STRICT_OBJC_MSGSEND = YES;
				ENABLE_TESTABILITY = YES;
				ENABLE_USER_SCRIPT_SANDBOXING = YES;
				GCC_C_LANGUAGE_STANDARD = gnu17;
				GCC_DYNAMIC_NO_PIC = NO;
				GCC_NO_COMMON_BLOCKS = YES;
				GCC_OPTIMIZATION_LEVEL = 0;
				GCC_PREPROCESSOR_DEFINITIONS = (
					"DEBUG=1",
					"$(inherited)",
				);
				GCC_WARN_64_TO_32_BIT_CONVERSION = YES;
				GCC_WARN_ABOUT_RETURN_TYPE = YES_ERROR;
				GCC_WARN_UNDECLARED_SELECTOR = YES;
				GCC_WARN_UNINITIALIZED_AUTOS = YES_AGGRESSIVE;
				GCC_WARN_UNUSED_FUNCTION = YES;
				GCC_WARN_UNUSED_VARIABLE = YES;
				LOCALIZATION_PREFERS_STRING_CATALOGS = YES;
				MTL_ENABLE_DEBUG_INFO = INCLUDE_SOURCE;
				MTL_FAST_MATH = YES;
				ONLY_ACTIVE_ARCH = YES;
				SWIFT_ACTIVE_COMPILATION_CONDITIONS = "DEBUG $(inherited)";
				SWIFT_OPTIMIZATION_LEVEL = "-Onone";
			};
			name = Debug;
		};
		7FEC1C072AE4FE2000A355C0 /* Release */ = {
			isa = XCBuildConfiguration;
			buildSettings = {
				ALWAYS_SEARCH_USER_PATHS = NO;
				ASSETCATALOG_COMPILER_GENERATE_SWIFT_ASSET_SYMBOL_EXTENSIONS = YES;
				CLANG_ANALYZER_NONNULL = YES;
				CLANG_ANALYZER_NUMBER_OBJECT_CONVERSION = YES_AGGRESSIVE;
				CLANG_CXX_LANGUAGE_STANDARD = "gnu++20";
				CLANG_ENABLE_MODULES = YES;
				CLANG_ENABLE_OBJC_ARC = YES;
				CLANG_ENABLE_OBJC_WEAK = YES;
				CLANG_WARN_BLOCK_CAPTURE_AUTORELEASING = YES;
				CLANG_WARN_BOOL_CONVERSION = YES;
				CLANG_WARN_COMMA = YES;
				CLANG_WARN_CONSTANT_CONVERSION = YES;
				CLANG_WARN_DEPRECATED_OBJC_IMPLEMENTATIONS = YES;
				CLANG_WARN_DIRECT_OBJC_ISA_USAGE = YES_ERROR;
				CLANG_WARN_DOCUMENTATION_COMMENTS = YES;
				CLANG_WARN_EMPTY_BODY = YES;
				CLANG_WARN_ENUM_CONVERSION = YES;
				CLANG_WARN_INFINITE_RECURSION = YES;
				CLANG_WARN_INT_CONVERSION = YES;
				CLANG_WARN_NON_LITERAL_NULL_CONVERSION = YES;
				CLANG_WARN_OBJC_IMPLICIT_RETAIN_SELF = YES;
				CLANG_WARN_OBJC_LITERAL_CONVERSION = YES;
				CLANG_WARN_OBJC_ROOT_CLASS = YES_ERROR;
				CLANG_WARN_QUOTED_INCLUDE_IN_FRAMEWORK_HEADER = YES;
				CLANG_WARN_RANGE_LOOP_ANALYSIS = YES;
				CLANG_WARN_STRICT_PROTOTYPES = YES;
				CLANG_WARN_SUSPICIOUS_MOVE = YES;
				CLANG_WARN_UNGUARDED_AVAILABILITY = YES_AGGRESSIVE;
				CLANG_WARN_UNREACHABLE_CODE = YES;
				CLANG_WARN__DUPLICATE_METHOD_MATCH = YES;
				COPY_PHASE_STRIP = NO;
				DEBUG_INFORMATION_FORMAT = "dwarf-with-dsym";
				ENABLE_NS_ASSERTIONS = NO;
				ENABLE_STRICT_OBJC_MSGSEND = YES;
				ENABLE_USER_SCRIPT_SANDBOXING = YES;
				GCC_C_LANGUAGE_STANDARD = gnu17;
				GCC_NO_COMMON_BLOCKS = YES;
				GCC_WARN_64_TO_32_BIT_CONVERSION = YES;
				GCC_WARN_ABOUT_RETURN_TYPE = YES_ERROR;
				GCC_WARN_UNDECLARED_SELECTOR = YES;
				GCC_WARN_UNINITIALIZED_AUTOS = YES_AGGRESSIVE;
				GCC_WARN_UNUSED_FUNCTION = YES;
				GCC_WARN_UNUSED_VARIABLE = YES;
				LOCALIZATION_PREFERS_STRING_CATALOGS = YES;
				MTL_ENABLE_DEBUG_INFO = NO;
				MTL_FAST_MATH = YES;
				SWIFT_COMPILATION_MODE = wholemodule;
			};
			name = Release;
		};
		7FEC1C092AE4FE2000A355C0 /* Debug */ = {
			isa = XCBuildConfiguration;
			buildSettings = {
				ASSETCATALOG_COMPILER_APPICON_NAME = AppIcon;
				ASSETCATALOG_COMPILER_GLOBAL_ACCENT_COLOR_NAME = AccentColor;
				CODE_SIGN_ENTITLEMENTS = "Your first feature/Resources/Your_first_feature.entitlements";
				CODE_SIGN_STYLE = Automatic;
				CURRENT_PROJECT_VERSION = 1;
				DEVELOPMENT_ASSET_PATHS = "\"Your first feature/Resources/Preview Content\"";
				DEVELOPMENT_TEAM = N94CS4N6VR;
				ENABLE_HARDENED_RUNTIME = YES;
				ENABLE_PREVIEWS = YES;
				GENERATE_INFOPLIST_FILE = YES;
				"INFOPLIST_KEY_UIApplicationSceneManifest_Generation[sdk=iphoneos*]" = YES;
				"INFOPLIST_KEY_UIApplicationSceneManifest_Generation[sdk=iphonesimulator*]" = YES;
				"INFOPLIST_KEY_UIApplicationSupportsIndirectInputEvents[sdk=iphoneos*]" = YES;
				"INFOPLIST_KEY_UIApplicationSupportsIndirectInputEvents[sdk=iphonesimulator*]" = YES;
				"INFOPLIST_KEY_UILaunchScreen_Generation[sdk=iphoneos*]" = YES;
				"INFOPLIST_KEY_UILaunchScreen_Generation[sdk=iphonesimulator*]" = YES;
				"INFOPLIST_KEY_UIStatusBarStyle[sdk=iphoneos*]" = UIStatusBarStyleDefault;
				"INFOPLIST_KEY_UIStatusBarStyle[sdk=iphonesimulator*]" = UIStatusBarStyleDefault;
				INFOPLIST_KEY_UISupportedInterfaceOrientations_iPad = "UIInterfaceOrientationPortrait UIInterfaceOrientationPortraitUpsideDown UIInterfaceOrientationLandscapeLeft UIInterfaceOrientationLandscapeRight";
				INFOPLIST_KEY_UISupportedInterfaceOrientations_iPhone = "UIInterfaceOrientationPortrait UIInterfaceOrientationLandscapeLeft UIInterfaceOrientationLandscapeRight";
				IPHONEOS_DEPLOYMENT_TARGET = 17.0;
				LD_RUNPATH_SEARCH_PATHS = "@executable_path/Frameworks";
				"LD_RUNPATH_SEARCH_PATHS[sdk=macosx*]" = "@executable_path/../Frameworks";
				MACOSX_DEPLOYMENT_TARGET = 14.0;
				MARKETING_VERSION = 1.0;
				PRODUCT_BUNDLE_IDENTIFIER = "com.studyTca.Your-first-feature";
				PRODUCT_NAME = "$(TARGET_NAME)";
				SDKROOT = auto;
				SUPPORTED_PLATFORMS = "iphoneos iphonesimulator";
				SUPPORTS_MACCATALYST = NO;
				SWIFT_EMIT_LOC_STRINGS = YES;
				SWIFT_VERSION = 5.0;
				TARGETED_DEVICE_FAMILY = 1;
			};
			name = Debug;
		};
		7FEC1C0A2AE4FE2000A355C0 /* Release */ = {
			isa = XCBuildConfiguration;
			buildSettings = {
				ASSETCATALOG_COMPILER_APPICON_NAME = AppIcon;
				ASSETCATALOG_COMPILER_GLOBAL_ACCENT_COLOR_NAME = AccentColor;
				CODE_SIGN_ENTITLEMENTS = "Your first feature/Resources/Your_first_feature.entitlements";
				CODE_SIGN_STYLE = Automatic;
				CURRENT_PROJECT_VERSION = 1;
				DEVELOPMENT_ASSET_PATHS = "\"Your first feature/Resources/Preview Content\"";
				DEVELOPMENT_TEAM = N94CS4N6VR;
				ENABLE_HARDENED_RUNTIME = YES;
				ENABLE_PREVIEWS = YES;
				GENERATE_INFOPLIST_FILE = YES;
				"INFOPLIST_KEY_UIApplicationSceneManifest_Generation[sdk=iphoneos*]" = YES;
				"INFOPLIST_KEY_UIApplicationSceneManifest_Generation[sdk=iphonesimulator*]" = YES;
				"INFOPLIST_KEY_UIApplicationSupportsIndirectInputEvents[sdk=iphoneos*]" = YES;
				"INFOPLIST_KEY_UIApplicationSupportsIndirectInputEvents[sdk=iphonesimulator*]" = YES;
				"INFOPLIST_KEY_UILaunchScreen_Generation[sdk=iphoneos*]" = YES;
				"INFOPLIST_KEY_UILaunchScreen_Generation[sdk=iphonesimulator*]" = YES;
				"INFOPLIST_KEY_UIStatusBarStyle[sdk=iphoneos*]" = UIStatusBarStyleDefault;
				"INFOPLIST_KEY_UIStatusBarStyle[sdk=iphonesimulator*]" = UIStatusBarStyleDefault;
				INFOPLIST_KEY_UISupportedInterfaceOrientations_iPad = "UIInterfaceOrientationPortrait UIInterfaceOrientationPortraitUpsideDown UIInterfaceOrientationLandscapeLeft UIInterfaceOrientationLandscapeRight";
				INFOPLIST_KEY_UISupportedInterfaceOrientations_iPhone = "UIInterfaceOrientationPortrait UIInterfaceOrientationLandscapeLeft UIInterfaceOrientationLandscapeRight";
				IPHONEOS_DEPLOYMENT_TARGET = 17.0;
				LD_RUNPATH_SEARCH_PATHS = "@executable_path/Frameworks";
				"LD_RUNPATH_SEARCH_PATHS[sdk=macosx*]" = "@executable_path/../Frameworks";
				MACOSX_DEPLOYMENT_TARGET = 14.0;
				MARKETING_VERSION = 1.0;
				PRODUCT_BUNDLE_IDENTIFIER = "com.studyTca.Your-first-feature";
				PRODUCT_NAME = "$(TARGET_NAME)";
				SDKROOT = auto;
				SUPPORTED_PLATFORMS = "iphoneos iphonesimulator";
				SUPPORTS_MACCATALYST = NO;
				SWIFT_EMIT_LOC_STRINGS = YES;
				SWIFT_VERSION = 5.0;
				TARGETED_DEVICE_FAMILY = 1;
			};
			name = Release;
		};
		7FEC1C0C2AE4FE2000A355C0 /* Debug */ = {
			isa = XCBuildConfiguration;
			buildSettings = {
				ALWAYS_EMBED_SWIFT_STANDARD_LIBRARIES = YES;
				BUNDLE_LOADER = "$(TEST_HOST)";
				CODE_SIGN_STYLE = Automatic;
				CURRENT_PROJECT_VERSION = 1;
				DEVELOPMENT_TEAM = N94CS4N6VR;
				GENERATE_INFOPLIST_FILE = YES;
				IPHONEOS_DEPLOYMENT_TARGET = 17.0;
				MACOSX_DEPLOYMENT_TARGET = 14.0;
				MARKETING_VERSION = 1.0;
				PRODUCT_BUNDLE_IDENTIFIER = "com.studyTca.Your-first-featureTests";
				PRODUCT_NAME = "$(TARGET_NAME)";
				SDKROOT = auto;
				SUPPORTED_PLATFORMS = "iphoneos iphonesimulator macosx";
				SWIFT_EMIT_LOC_STRINGS = NO;
				SWIFT_VERSION = 5.0;
				TARGETED_DEVICE_FAMILY = "1,2";
				TEST_HOST = "$(BUILT_PRODUCTS_DIR)/Your first feature.app/$(BUNDLE_EXECUTABLE_FOLDER_PATH)/Your first feature";
			};
			name = Debug;
		};
		7FEC1C0D2AE4FE2000A355C0 /* Release */ = {
			isa = XCBuildConfiguration;
			buildSettings = {
				ALWAYS_EMBED_SWIFT_STANDARD_LIBRARIES = YES;
				BUNDLE_LOADER = "$(TEST_HOST)";
				CODE_SIGN_STYLE = Automatic;
				CURRENT_PROJECT_VERSION = 1;
				DEVELOPMENT_TEAM = N94CS4N6VR;
				GENERATE_INFOPLIST_FILE = YES;
				IPHONEOS_DEPLOYMENT_TARGET = 17.0;
				MACOSX_DEPLOYMENT_TARGET = 14.0;
				MARKETING_VERSION = 1.0;
				PRODUCT_BUNDLE_IDENTIFIER = "com.studyTca.Your-first-featureTests";
				PRODUCT_NAME = "$(TARGET_NAME)";
				SDKROOT = auto;
				SUPPORTED_PLATFORMS = "iphoneos iphonesimulator macosx";
				SWIFT_EMIT_LOC_STRINGS = NO;
				SWIFT_VERSION = 5.0;
				TARGETED_DEVICE_FAMILY = "1,2";
				TEST_HOST = "$(BUILT_PRODUCTS_DIR)/Your first feature.app/$(BUNDLE_EXECUTABLE_FOLDER_PATH)/Your first feature";
			};
			name = Release;
		};
		7FEC1C0F2AE4FE2000A355C0 /* Debug */ = {
			isa = XCBuildConfiguration;
			buildSettings = {
				ALWAYS_EMBED_SWIFT_STANDARD_LIBRARIES = YES;
				CODE_SIGN_STYLE = Automatic;
				CURRENT_PROJECT_VERSION = 1;
				DEVELOPMENT_TEAM = N94CS4N6VR;
				GENERATE_INFOPLIST_FILE = YES;
				IPHONEOS_DEPLOYMENT_TARGET = 17.0;
				MACOSX_DEPLOYMENT_TARGET = 14.0;
				MARKETING_VERSION = 1.0;
				PRODUCT_BUNDLE_IDENTIFIER = "com.studyTca.Your-first-featureUITests";
				PRODUCT_NAME = "$(TARGET_NAME)";
				SDKROOT = auto;
				SUPPORTED_PLATFORMS = "iphoneos iphonesimulator macosx";
				SWIFT_EMIT_LOC_STRINGS = NO;
				SWIFT_VERSION = 5.0;
				TARGETED_DEVICE_FAMILY = "1,2";
				TEST_TARGET_NAME = "Your first feature";
			};
			name = Debug;
		};
		7FEC1C102AE4FE2000A355C0 /* Release */ = {
			isa = XCBuildConfiguration;
			buildSettings = {
				ALWAYS_EMBED_SWIFT_STANDARD_LIBRARIES = YES;
				CODE_SIGN_STYLE = Automatic;
				CURRENT_PROJECT_VERSION = 1;
				DEVELOPMENT_TEAM = N94CS4N6VR;
				GENERATE_INFOPLIST_FILE = YES;
				IPHONEOS_DEPLOYMENT_TARGET = 17.0;
				MACOSX_DEPLOYMENT_TARGET = 14.0;
				MARKETING_VERSION = 1.0;
				PRODUCT_BUNDLE_IDENTIFIER = "com.studyTca.Your-first-featureUITests";
				PRODUCT_NAME = "$(TARGET_NAME)";
				SDKROOT = auto;
				SUPPORTED_PLATFORMS = "iphoneos iphonesimulator macosx";
				SWIFT_EMIT_LOC_STRINGS = NO;
				SWIFT_VERSION = 5.0;
				TARGETED_DEVICE_FAMILY = "1,2";
				TEST_TARGET_NAME = "Your first feature";
			};
			name = Release;
		};
/* End XCBuildConfiguration section */

/* Begin XCConfigurationList section */
		7FEC1BDE2AE4FE1F00A355C0 /* Build configuration list for PBXProject "Your first feature" */ = {
			isa = XCConfigurationList;
			buildConfigurations = (
				7FEC1C062AE4FE2000A355C0 /* Debug */,
				7FEC1C072AE4FE2000A355C0 /* Release */,
			);
			defaultConfigurationIsVisible = 0;
			defaultConfigurationName = Release;
		};
		7FEC1C082AE4FE2000A355C0 /* Build configuration list for PBXNativeTarget "Your first feature" */ = {
			isa = XCConfigurationList;
			buildConfigurations = (
				7FEC1C092AE4FE2000A355C0 /* Debug */,
				7FEC1C0A2AE4FE2000A355C0 /* Release */,
			);
			defaultConfigurationIsVisible = 0;
			defaultConfigurationName = Release;
		};
		7FEC1C0B2AE4FE2000A355C0 /* Build configuration list for PBXNativeTarget "Your first featureTests" */ = {
			isa = XCConfigurationList;
			buildConfigurations = (
				7FEC1C0C2AE4FE2000A355C0 /* Debug */,
				7FEC1C0D2AE4FE2000A355C0 /* Release */,
			);
			defaultConfigurationIsVisible = 0;
			defaultConfigurationName = Release;
		};
		7FEC1C0E2AE4FE2000A355C0 /* Build configuration list for PBXNativeTarget "Your first featureUITests" */ = {
			isa = XCConfigurationList;
			buildConfigurations = (
				7FEC1C0F2AE4FE2000A355C0 /* Debug */,
				7FEC1C102AE4FE2000A355C0 /* Release */,
			);
			defaultConfigurationIsVisible = 0;
			defaultConfigurationName = Release;
		};
/* End XCConfigurationList section */

/* Begin XCRemoteSwiftPackageReference section */
		7FEC1C112AE4FE7100A355C0 /* XCRemoteSwiftPackageReference "swift-composable-architecture" */ = {
			isa = XCRemoteSwiftPackageReference;
			repositoryURL = "http://github.com/pointfreeco/swift-composable-architecture#Installation";
			requirement = {
				kind = upToNextMajorVersion;
				minimumVersion = 1.2.0;
			};
		};
/* End XCRemoteSwiftPackageReference section */

/* Begin XCSwiftPackageProductDependency section */
		7FEC1C122AE4FE7100A355C0 /* ComposableArchitecture */ = {
			isa = XCSwiftPackageProductDependency;
			package = 7FEC1C112AE4FE7100A355C0 /* XCRemoteSwiftPackageReference "swift-composable-architecture" */;
			productName = ComposableArchitecture;
		};
/* End XCSwiftPackageProductDependency section */
	};
	rootObject = 7FEC1BDB2AE4FE1F00A355C0 /* Project object */;
}
